{
  "version": 4,
  "terraform_version": "1.4.6",
  "serial": 821,
  "lineage": "8bd64afe-6c26-5e1c-d1fe-b965f6573938",
  "outputs": {},
  "resources": [
    {
      "mode": "data",
      "type": "aws_caller_identity",
      "name": "current",
      "provider": "provider[\"registry.terraform.io/hashicorp/aws\"]",
      "instances": [
        {
          "schema_version": 0,
          "attributes": {
            "account_id": "324005994172",
            "arn": "arn:aws:sts::324005994172:assumed-role/AWSReservedSSO_infra-admin_256addbf79cfacd1/acaternberg@cloudbees.com",
            "id": "324005994172",
            "user_id": "AROAUW4CDD26C3TLU25MA:acaternberg@cloudbees.com"
          },
          "sensitive_attributes": []
        }
      ]
    },
    {
      "mode": "managed",
      "type": "null_resource",
      "name": "update_kubeconfig",
      "provider": "provider[\"registry.terraform.io/hashicorp/null\"]",
      "instances": [
        {
          "status": "tainted",
          "schema_version": 0,
          "attributes": {
            "id": "3436502531849676402",
            "triggers": null
          },
          "sensitive_attributes": [],
          "dependencies": [
            "module.base.aws_autoscaling_policy.eks_autoscaling_policy",
            "module.base.aws_eip.nat_gw_elastic_ip",
            "module.base.aws_iam_instance_profile.managed_ng",
            "module.base.aws_iam_role.managed_ng",
            "module.base.aws_security_group.alb",
            "module.base.data.aws_availability_zones.available_azs",
            "module.base.data.aws_iam_policy_document.managed_ng_assume_role_policy",
            "module.base.module.cluster.aws_cloudwatch_log_group.this",
            "module.base.module.cluster.aws_ec2_tag.cluster_primary_security_group",
            "module.base.module.cluster.aws_eks_addon.before_compute",
            "module.base.module.cluster.aws_eks_addon.this",
            "module.base.module.cluster.aws_eks_cluster.this",
            "module.base.module.cluster.aws_eks_identity_provider_config.this",
            "module.base.module.cluster.aws_iam_openid_connect_provider.oidc_provider",
            "module.base.module.cluster.aws_iam_policy.cluster_encryption",
            "module.base.module.cluster.aws_iam_policy.cni_ipv6_policy",
            "module.base.module.cluster.aws_iam_role.this",
            "module.base.module.cluster.aws_iam_role_policy_attachment.additional",
            "module.base.module.cluster.aws_iam_role_policy_attachment.cluster_encryption",
            "module.base.module.cluster.aws_iam_role_policy_attachment.this",
            "module.base.module.cluster.aws_security_group.cluster",
            "module.base.module.cluster.aws_security_group.node",
            "module.base.module.cluster.aws_security_group_rule.cluster",
            "module.base.module.cluster.aws_security_group_rule.node",
            "module.base.module.cluster.data.aws_caller_identity.current",
            "module.base.module.cluster.data.aws_eks_addon_version.this",
            "module.base.module.cluster.data.aws_iam_policy_document.assume_role_policy",
            "module.base.module.cluster.data.aws_iam_policy_document.cni_ipv6_policy",
            "module.base.module.cluster.data.aws_iam_session_context.current",
            "module.base.module.cluster.data.aws_partition.current",
            "module.base.module.cluster.data.tls_certificate.this",
            "module.base.module.cluster.kubernetes_config_map.aws_auth",
            "module.base.module.cluster.kubernetes_config_map_v1_data.aws_auth",
            "module.base.module.cluster.module.eks_managed_node_group.aws_autoscaling_schedule.this",
            "module.base.module.cluster.module.eks_managed_node_group.aws_eks_node_group.this",
            "module.base.module.cluster.module.eks_managed_node_group.aws_iam_role.this",
            "module.base.module.cluster.module.eks_managed_node_group.aws_iam_role_policy_attachment.additional",
            "module.base.module.cluster.module.eks_managed_node_group.aws_iam_role_policy_attachment.this",
            "module.base.module.cluster.module.eks_managed_node_group.aws_launch_template.this",
            "module.base.module.cluster.module.eks_managed_node_group.data.aws_caller_identity.current",
            "module.base.module.cluster.module.eks_managed_node_group.data.aws_iam_policy_document.assume_role_policy",
            "module.base.module.cluster.module.eks_managed_node_group.data.aws_partition.current",
            "module.base.module.cluster.module.eks_managed_node_group.module.user_data.data.cloudinit_config.linux_eks_managed_node_group",
            "module.base.module.cluster.module.fargate_profile.aws_eks_fargate_profile.this",
            "module.base.module.cluster.module.fargate_profile.aws_iam_role.this",
            "module.base.module.cluster.module.fargate_profile.aws_iam_role_policy_attachment.additional",
            "module.base.module.cluster.module.fargate_profile.aws_iam_role_policy_attachment.this",
            "module.base.module.cluster.module.fargate_profile.data.aws_caller_identity.current",
            "module.base.module.cluster.module.fargate_profile.data.aws_iam_policy_document.assume_role_policy",
            "module.base.module.cluster.module.fargate_profile.data.aws_partition.current",
            "module.base.module.cluster.module.kms.aws_kms_alias.this",
            "module.base.module.cluster.module.kms.aws_kms_external_key.this",
            "module.base.module.cluster.module.kms.aws_kms_grant.this",
            "module.base.module.cluster.module.kms.aws_kms_key.this",
            "module.base.module.cluster.module.kms.data.aws_caller_identity.current",
            "module.base.module.cluster.module.kms.data.aws_iam_policy_document.this",
            "module.base.module.cluster.module.kms.data.aws_partition.current",
            "module.base.module.cluster.module.self_managed_node_group.aws_autoscaling_group.this",
            "module.base.module.cluster.module.self_managed_node_group.aws_autoscaling_schedule.this",
            "module.base.module.cluster.module.self_managed_node_group.aws_iam_instance_profile.this",
            "module.base.module.cluster.module.self_managed_node_group.aws_iam_role.this",
            "module.base.module.cluster.module.self_managed_node_group.aws_iam_role_policy_attachment.additional",
            "module.base.module.cluster.module.self_managed_node_group.aws_iam_role_policy_attachment.this",
            "module.base.module.cluster.module.self_managed_node_group.aws_launch_template.this",
            "module.base.module.cluster.module.self_managed_node_group.data.aws_ami.eks_default",
            "module.base.module.cluster.module.self_managed_node_group.data.aws_caller_identity.current",
            "module.base.module.cluster.module.self_managed_node_group.data.aws_iam_policy_document.assume_role_policy",
            "module.base.module.cluster.module.self_managed_node_group.data.aws_partition.current",
            "module.base.module.cluster.module.self_managed_node_group.module.user_data.data.cloudinit_config.linux_eks_managed_node_group",
            "module.base.module.cluster.time_sleep.this",
            "module.base.module.eks_external_dns_iam.aws_iam_policy.amazon_managed_service_prometheus",
            "module.base.module.eks_external_dns_iam.aws_iam_policy.appmesh_controller",
            "module.base.module.eks_external_dns_iam.aws_iam_policy.appmesh_envoy_proxy",
            "module.base.module.eks_external_dns_iam.aws_iam_policy.cert_manager",
            "module.base.module.eks_external_dns_iam.aws_iam_policy.cluster_autoscaler",
            "module.base.module.eks_external_dns_iam.aws_iam_policy.ebs_csi",
            "module.base.module.eks_external_dns_iam.aws_iam_policy.efs_csi",
            "module.base.module.eks_external_dns_iam.aws_iam_policy.external_dns",
            "module.base.module.eks_external_dns_iam.aws_iam_policy.external_secrets",
            "module.base.module.eks_external_dns_iam.aws_iam_policy.fsx_lustre_csi",
            "module.base.module.eks_external_dns_iam.aws_iam_policy.karpenter_controller",
            "module.base.module.eks_external_dns_iam.aws_iam_policy.load_balancer_controller",
            "module.base.module.eks_external_dns_iam.aws_iam_policy.load_balancer_controller_targetgroup_only",
            "module.base.module.eks_external_dns_iam.aws_iam_policy.node_termination_handler",
            "module.base.module.eks_external_dns_iam.aws_iam_policy.velero",
            "module.base.module.eks_external_dns_iam.aws_iam_policy.vpc_cni",
            "module.base.module.eks_external_dns_iam.aws_iam_role.this",
            "module.base.module.eks_external_dns_iam.aws_iam_role_policy_attachment.amazon_managed_service_prometheus",
            "module.base.module.eks_external_dns_iam.aws_iam_role_policy_attachment.appmesh_controller",
            "module.base.module.eks_external_dns_iam.aws_iam_role_policy_attachment.appmesh_envoy_proxy",
            "module.base.module.eks_external_dns_iam.aws_iam_role_policy_attachment.cert_manager",
            "module.base.module.eks_external_dns_iam.aws_iam_role_policy_attachment.cluster_autoscaler",
            "module.base.module.eks_external_dns_iam.aws_iam_role_policy_attachment.ebs_csi",
            "module.base.module.eks_external_dns_iam.aws_iam_role_policy_attachment.efs_csi",
            "module.base.module.eks_external_dns_iam.aws_iam_role_policy_attachment.external_dns",
            "module.base.module.eks_external_dns_iam.aws_iam_role_policy_attachment.external_secrets",
            "module.base.module.eks_external_dns_iam.aws_iam_role_policy_attachment.fsx_lustre_csi",
            "module.base.module.eks_external_dns_iam.aws_iam_role_policy_attachment.karpenter_controller",
            "module.base.module.eks_external_dns_iam.aws_iam_role_policy_attachment.load_balancer_controller",
            "module.base.module.eks_external_dns_iam.aws_iam_role_policy_attachment.load_balancer_controller_targetgroup_only",
            "module.base.module.eks_external_dns_iam.aws_iam_role_policy_attachment.node_termination_handler",
            "module.base.module.eks_external_dns_iam.aws_iam_role_policy_attachment.this",
            "module.base.module.eks_external_dns_iam.aws_iam_role_policy_attachment.velero",
            "module.base.module.eks_external_dns_iam.aws_iam_role_policy_attachment.vpc_cni",
            "module.base.module.eks_external_dns_iam.data.aws_caller_identity.current",
            "module.base.module.eks_external_dns_iam.data.aws_iam_policy_document.amazon_managed_service_prometheus",
            "module.base.module.eks_external_dns_iam.data.aws_iam_policy_document.appmesh_controller",
            "module.base.module.eks_external_dns_iam.data.aws_iam_policy_document.appmesh_envoy_proxy",
            "module.base.module.eks_external_dns_iam.data.aws_iam_policy_document.cert_manager",
            "module.base.module.eks_external_dns_iam.data.aws_iam_policy_document.cluster_autoscaler",
            "module.base.module.eks_external_dns_iam.data.aws_iam_policy_document.ebs_csi",
            "module.base.module.eks_external_dns_iam.data.aws_iam_policy_document.efs_csi",
            "module.base.module.eks_external_dns_iam.data.aws_iam_policy_document.external_dns",
            "module.base.module.eks_external_dns_iam.data.aws_iam_policy_document.external_secrets",
            "module.base.module.eks_external_dns_iam.data.aws_iam_policy_document.fsx_lustre_csi",
            "module.base.module.eks_external_dns_iam.data.aws_iam_policy_document.karpenter_controller",
            "module.base.module.eks_external_dns_iam.data.aws_iam_policy_document.load_balancer_controller",
            "module.base.module.eks_external_dns_iam.data.aws_iam_policy_document.load_balancer_controller_targetgroup_only",
            "module.base.module.eks_external_dns_iam.data.aws_iam_policy_document.node_termination_handler",
            "module.base.module.eks_external_dns_iam.data.aws_iam_policy_document.this",
            "module.base.module.eks_external_dns_iam.data.aws_iam_policy_document.velero",
            "module.base.module.eks_external_dns_iam.data.aws_iam_policy_document.vpc_cni",
            "module.base.module.eks_external_dns_iam.data.aws_partition.current",
            "module.base.module.eks_external_dns_iam.data.aws_region.current",
            "module.base.module.eks_ingress_iam.aws_iam_policy.amazon_managed_service_prometheus",
            "module.base.module.eks_ingress_iam.aws_iam_policy.appmesh_controller",
            "module.base.module.eks_ingress_iam.aws_iam_policy.appmesh_envoy_proxy",
            "module.base.module.eks_ingress_iam.aws_iam_policy.cert_manager",
            "module.base.module.eks_ingress_iam.aws_iam_policy.cluster_autoscaler",
            "module.base.module.eks_ingress_iam.aws_iam_policy.ebs_csi",
            "module.base.module.eks_ingress_iam.aws_iam_policy.efs_csi",
            "module.base.module.eks_ingress_iam.aws_iam_policy.external_dns",
            "module.base.module.eks_ingress_iam.aws_iam_policy.external_secrets",
            "module.base.module.eks_ingress_iam.aws_iam_policy.fsx_lustre_csi",
            "module.base.module.eks_ingress_iam.aws_iam_policy.karpenter_controller",
            "module.base.module.eks_ingress_iam.aws_iam_policy.load_balancer_controller",
            "module.base.module.eks_ingress_iam.aws_iam_policy.load_balancer_controller_targetgroup_only",
            "module.base.module.eks_ingress_iam.aws_iam_policy.node_termination_handler",
            "module.base.module.eks_ingress_iam.aws_iam_policy.velero",
            "module.base.module.eks_ingress_iam.aws_iam_policy.vpc_cni",
            "module.base.module.eks_ingress_iam.aws_iam_role.this",
            "module.base.module.eks_ingress_iam.aws_iam_role_policy_attachment.amazon_managed_service_prometheus",
            "module.base.module.eks_ingress_iam.aws_iam_role_policy_attachment.appmesh_controller",
            "module.base.module.eks_ingress_iam.aws_iam_role_policy_attachment.appmesh_envoy_proxy",
            "module.base.module.eks_ingress_iam.aws_iam_role_policy_attachment.cert_manager",
            "module.base.module.eks_ingress_iam.aws_iam_role_policy_attachment.cluster_autoscaler",
            "module.base.module.eks_ingress_iam.aws_iam_role_policy_attachment.ebs_csi",
            "module.base.module.eks_ingress_iam.aws_iam_role_policy_attachment.efs_csi",
            "module.base.module.eks_ingress_iam.aws_iam_role_policy_attachment.external_dns",
            "module.base.module.eks_ingress_iam.aws_iam_role_policy_attachment.external_secrets",
            "module.base.module.eks_ingress_iam.aws_iam_role_policy_attachment.fsx_lustre_csi",
            "module.base.module.eks_ingress_iam.aws_iam_role_policy_attachment.karpenter_controller",
            "module.base.module.eks_ingress_iam.aws_iam_role_policy_attachment.load_balancer_controller",
            "module.base.module.eks_ingress_iam.aws_iam_role_policy_attachment.load_balancer_controller_targetgroup_only",
            "module.base.module.eks_ingress_iam.aws_iam_role_policy_attachment.node_termination_handler",
            "module.base.module.eks_ingress_iam.aws_iam_role_policy_attachment.this",
            "module.base.module.eks_ingress_iam.aws_iam_role_policy_attachment.velero",
            "module.base.module.eks_ingress_iam.aws_iam_role_policy_attachment.vpc_cni",
            "module.base.module.eks_ingress_iam.data.aws_caller_identity.current",
            "module.base.module.eks_ingress_iam.data.aws_iam_policy_document.amazon_managed_service_prometheus",
            "module.base.module.eks_ingress_iam.data.aws_iam_policy_document.appmesh_controller",
            "module.base.module.eks_ingress_iam.data.aws_iam_policy_document.appmesh_envoy_proxy",
            "module.base.module.eks_ingress_iam.data.aws_iam_policy_document.cert_manager",
            "module.base.module.eks_ingress_iam.data.aws_iam_policy_document.cluster_autoscaler",
            "module.base.module.eks_ingress_iam.data.aws_iam_policy_document.ebs_csi",
            "module.base.module.eks_ingress_iam.data.aws_iam_policy_document.efs_csi",
            "module.base.module.eks_ingress_iam.data.aws_iam_policy_document.external_dns",
            "module.base.module.eks_ingress_iam.data.aws_iam_policy_document.external_secrets",
            "module.base.module.eks_ingress_iam.data.aws_iam_policy_document.fsx_lustre_csi",
            "module.base.module.eks_ingress_iam.data.aws_iam_policy_document.karpenter_controller",
            "module.base.module.eks_ingress_iam.data.aws_iam_policy_document.load_balancer_controller",
            "module.base.module.eks_ingress_iam.data.aws_iam_policy_document.load_balancer_controller_targetgroup_only",
            "module.base.module.eks_ingress_iam.data.aws_iam_policy_document.node_termination_handler",
            "module.base.module.eks_ingress_iam.data.aws_iam_policy_document.this",
            "module.base.module.eks_ingress_iam.data.aws_iam_policy_document.velero",
            "module.base.module.eks_ingress_iam.data.aws_iam_policy_document.vpc_cni",
            "module.base.module.eks_ingress_iam.data.aws_partition.current",
            "module.base.module.eks_ingress_iam.data.aws_region.current",
            "module.base.module.vpc.aws_cloudwatch_log_group.flow_log",
            "module.base.module.vpc.aws_customer_gateway.this",
            "module.base.module.vpc.aws_db_subnet_group.database",
            "module.base.module.vpc.aws_default_network_acl.this",
            "module.base.module.vpc.aws_default_route_table.default",
            "module.base.module.vpc.aws_default_security_group.this",
            "module.base.module.vpc.aws_default_vpc.this",
            "module.base.module.vpc.aws_egress_only_internet_gateway.this",
            "module.base.module.vpc.aws_eip.nat",
            "module.base.module.vpc.aws_elasticache_subnet_group.elasticache",
            "module.base.module.vpc.aws_flow_log.this",
            "module.base.module.vpc.aws_iam_policy.vpc_flow_log_cloudwatch",
            "module.base.module.vpc.aws_iam_role.vpc_flow_log_cloudwatch",
            "module.base.module.vpc.aws_iam_role_policy_attachment.vpc_flow_log_cloudwatch",
            "module.base.module.vpc.aws_internet_gateway.this",
            "module.base.module.vpc.aws_nat_gateway.this",
            "module.base.module.vpc.aws_network_acl.database",
            "module.base.module.vpc.aws_network_acl.elasticache",
            "module.base.module.vpc.aws_network_acl.intra",
            "module.base.module.vpc.aws_network_acl.outpost",
            "module.base.module.vpc.aws_network_acl.private",
            "module.base.module.vpc.aws_network_acl.public",
            "module.base.module.vpc.aws_network_acl.redshift",
            "module.base.module.vpc.aws_network_acl_rule.database_inbound",
            "module.base.module.vpc.aws_network_acl_rule.database_outbound",
            "module.base.module.vpc.aws_network_acl_rule.elasticache_inbound",
            "module.base.module.vpc.aws_network_acl_rule.elasticache_outbound",
            "module.base.module.vpc.aws_network_acl_rule.intra_inbound",
            "module.base.module.vpc.aws_network_acl_rule.intra_outbound",
            "module.base.module.vpc.aws_network_acl_rule.outpost_inbound",
            "module.base.module.vpc.aws_network_acl_rule.outpost_outbound",
            "module.base.module.vpc.aws_network_acl_rule.private_inbound",
            "module.base.module.vpc.aws_network_acl_rule.private_outbound",
            "module.base.module.vpc.aws_network_acl_rule.public_inbound",
            "module.base.module.vpc.aws_network_acl_rule.public_outbound",
            "module.base.module.vpc.aws_network_acl_rule.redshift_inbound",
            "module.base.module.vpc.aws_network_acl_rule.redshift_outbound",
            "module.base.module.vpc.aws_redshift_subnet_group.redshift",
            "module.base.module.vpc.aws_route.database_internet_gateway",
            "module.base.module.vpc.aws_route.database_ipv6_egress",
            "module.base.module.vpc.aws_route.database_nat_gateway",
            "module.base.module.vpc.aws_route.private_ipv6_egress",
            "module.base.module.vpc.aws_route.private_nat_gateway",
            "module.base.module.vpc.aws_route.public_internet_gateway",
            "module.base.module.vpc.aws_route.public_internet_gateway_ipv6",
            "module.base.module.vpc.aws_route_table.database",
            "module.base.module.vpc.aws_route_table.elasticache",
            "module.base.module.vpc.aws_route_table.intra",
            "module.base.module.vpc.aws_route_table.private",
            "module.base.module.vpc.aws_route_table.public",
            "module.base.module.vpc.aws_route_table.redshift",
            "module.base.module.vpc.aws_route_table_association.database",
            "module.base.module.vpc.aws_route_table_association.elasticache",
            "module.base.module.vpc.aws_route_table_association.intra",
            "module.base.module.vpc.aws_route_table_association.outpost",
            "module.base.module.vpc.aws_route_table_association.private",
            "module.base.module.vpc.aws_route_table_association.public",
            "module.base.module.vpc.aws_route_table_association.redshift",
            "module.base.module.vpc.aws_route_table_association.redshift_public",
            "module.base.module.vpc.aws_subnet.database",
            "module.base.module.vpc.aws_subnet.elasticache",
            "module.base.module.vpc.aws_subnet.intra",
            "module.base.module.vpc.aws_subnet.outpost",
            "module.base.module.vpc.aws_subnet.private",
            "module.base.module.vpc.aws_subnet.public",
            "module.base.module.vpc.aws_subnet.redshift",
            "module.base.module.vpc.aws_vpc.this",
            "module.base.module.vpc.aws_vpc_dhcp_options.this",
            "module.base.module.vpc.aws_vpc_dhcp_options_association.this",
            "module.base.module.vpc.aws_vpc_ipv4_cidr_block_association.this",
            "module.base.module.vpc.aws_vpn_gateway.this",
            "module.base.module.vpc.aws_vpn_gateway_attachment.this",
            "module.base.module.vpc.aws_vpn_gateway_route_propagation.intra",
            "module.base.module.vpc.aws_vpn_gateway_route_propagation.private",
            "module.base.module.vpc.aws_vpn_gateway_route_propagation.public",
            "module.base.module.vpc.data.aws_iam_policy_document.flow_log_cloudwatch_assume_role",
            "module.base.module.vpc.data.aws_iam_policy_document.vpc_flow_log_cloudwatch"
          ]
        }
      ]
    },
    {
      "module": "module.base",
      "mode": "data",
      "type": "aws_availability_zones",
      "name": "available_azs",
      "provider": "provider[\"registry.terraform.io/hashicorp/aws\"]",
      "instances": [
        {
          "schema_version": 0,
          "attributes": {
            "all_availability_zones": null,
            "exclude_names": null,
            "exclude_zone_ids": null,
            "filter": [
              {
                "name": "zone-name",
                "values": [
                  "us-east-1a",
                  "us-east-1b",
                  "us-east-1c"
                ]
              }
            ],
            "group_names": [
              "us-east-1"
            ],
            "id": "us-east-1",
            "names": [
              "us-east-1a",
              "us-east-1b",
              "us-east-1c"
            ],
            "state": "available",
            "timeouts": null,
            "zone_ids": [
              "use1-az6",
              "use1-az1",
              "use1-az2"
            ]
          },
          "sensitive_attributes": []
        }
      ]
    },
    {
      "module": "module.base",
      "mode": "data",
      "type": "aws_iam_policy_document",
      "name": "managed_ng_assume_role_policy",
      "provider": "provider[\"registry.terraform.io/hashicorp/aws\"]",
      "instances": [
        {
          "schema_version": 0,
          "attributes": {
            "id": "3778018924",
            "json": "{\n  \"Version\": \"2012-10-17\",\n  \"Statement\": [\n    {\n      \"Sid\": \"EKSWorkerAssumeRole\",\n      \"Effect\": \"Allow\",\n      \"Action\": \"sts:AssumeRole\",\n      \"Principal\": {\n        \"Service\": \"ec2.amazonaws.com\"\n      }\n    }\n  ]\n}",
            "override_json": null,
            "override_policy_documents": null,
            "policy_id": null,
            "source_json": null,
            "source_policy_documents": null,
            "statement": [
              {
                "actions": [
                  "sts:AssumeRole"
                ],
                "condition": [],
                "effect": "Allow",
                "not_actions": [],
                "not_principals": [],
                "not_resources": [],
                "principals": [
                  {
                    "identifiers": [
                      "ec2.amazonaws.com"
                    ],
                    "type": "Service"
                  }
                ],
                "resources": [],
                "sid": "EKSWorkerAssumeRole"
              }
            ],
            "version": "2012-10-17"
          },
          "sensitive_attributes": []
        }
      ]
    },
    {
      "module": "module.base",
      "mode": "managed",
      "type": "aws_autoscaling_policy",
      "name": "eks_autoscaling_policy",
      "provider": "provider[\"registry.terraform.io/hashicorp/aws\"]",
      "instances": [
        {
          "index_key": 0,
          "schema_version": 0,
          "attributes": {
            "adjustment_type": "",
            "arn": "arn:aws:autoscaling:us-east-1:324005994172:scalingPolicy:c25ecdbd-b528-430e-ae7c-f2f912994d7c:autoScalingGroupName/eks-ci-agents-20230703115455218200000020-a8c48dcd-8a17-ca3a-929d-891b4cc5887c:policyName/eks-ci-agents-20230703115455218200000020-a8c48dcd-8a17-ca3a-929d-891b4cc5887c-autoscaling-policy",
            "autoscaling_group_name": "eks-ci-agents-20230703115455218200000020-a8c48dcd-8a17-ca3a-929d-891b4cc5887c",
            "cooldown": 0,
            "enabled": true,
            "estimated_instance_warmup": 0,
            "id": "eks-ci-agents-20230703115455218200000020-a8c48dcd-8a17-ca3a-929d-891b4cc5887c-autoscaling-policy",
            "metric_aggregation_type": "",
            "min_adjustment_magnitude": 0,
            "name": "eks-ci-agents-20230703115455218200000020-a8c48dcd-8a17-ca3a-929d-891b4cc5887c-autoscaling-policy",
            "policy_type": "TargetTrackingScaling",
            "predictive_scaling_configuration": [],
            "scaling_adjustment": 0,
            "step_adjustment": [],
            "target_tracking_configuration": [
              {
                "customized_metric_specification": [],
                "disable_scale_in": false,
                "predefined_metric_specification": [
                  {
                    "predefined_metric_type": "ASGAverageCPUUtilization",
                    "resource_label": ""
                  }
                ],
                "target_value": 30
              }
            ]
          },
          "sensitive_attributes": [],
          "private": "bnVsbA==",
          "dependencies": [
            "module.base.aws_security_group.alb",
            "module.base.data.aws_availability_zones.available_azs",
            "module.base.module.cluster.aws_cloudwatch_log_group.this",
            "module.base.module.cluster.aws_eks_cluster.this",
            "module.base.module.cluster.aws_iam_policy.cni_ipv6_policy",
            "module.base.module.cluster.aws_iam_role.this",
            "module.base.module.cluster.aws_iam_role_policy_attachment.this",
            "module.base.module.cluster.aws_security_group.cluster",
            "module.base.module.cluster.aws_security_group.node",
            "module.base.module.cluster.aws_security_group_rule.cluster",
            "module.base.module.cluster.aws_security_group_rule.node",
            "module.base.module.cluster.data.aws_iam_policy_document.assume_role_policy",
            "module.base.module.cluster.data.aws_iam_session_context.current",
            "module.base.module.cluster.data.aws_partition.current",
            "module.base.module.cluster.module.eks_managed_node_group.aws_autoscaling_schedule.this",
            "module.base.module.cluster.module.eks_managed_node_group.aws_eks_node_group.this",
            "module.base.module.cluster.module.eks_managed_node_group.aws_iam_role.this",
            "module.base.module.cluster.module.eks_managed_node_group.aws_iam_role_policy_attachment.additional",
            "module.base.module.cluster.module.eks_managed_node_group.aws_iam_role_policy_attachment.this",
            "module.base.module.cluster.module.eks_managed_node_group.aws_launch_template.this",
            "module.base.module.cluster.module.eks_managed_node_group.data.aws_caller_identity.current",
            "module.base.module.cluster.module.eks_managed_node_group.data.aws_iam_policy_document.assume_role_policy",
            "module.base.module.cluster.module.eks_managed_node_group.data.aws_partition.current",
            "module.base.module.cluster.module.eks_managed_node_group.module.user_data.data.cloudinit_config.linux_eks_managed_node_group",
            "module.base.module.cluster.module.kms.aws_kms_external_key.this",
            "module.base.module.cluster.module.kms.aws_kms_key.this",
            "module.base.module.cluster.module.kms.data.aws_caller_identity.current",
            "module.base.module.cluster.module.kms.data.aws_iam_policy_document.this",
            "module.base.module.cluster.module.kms.data.aws_partition.current",
            "module.base.module.cluster.time_sleep.this",
            "module.base.module.vpc.aws_subnet.private",
            "module.base.module.vpc.aws_vpc.this",
            "module.base.module.vpc.aws_vpc_ipv4_cidr_block_association.this"
          ]
        },
        {
          "index_key": 1,
          "schema_version": 0,
          "attributes": {
            "adjustment_type": "",
            "arn": "arn:aws:autoscaling:us-east-1:324005994172:scalingPolicy:c05b2dd2-d913-4b5f-9950-548266b04f2f:autoScalingGroupName/eks-ci-controllers-20230703115455218300000024-5cc48dcd-8a0a-6f92-b9cc-93e005ef935d:policyName/eks-ci-controllers-20230703115455218300000024-5cc48dcd-8a0a-6f92-b9cc-93e005ef935d-autoscaling-policy",
            "autoscaling_group_name": "eks-ci-controllers-20230703115455218300000024-5cc48dcd-8a0a-6f92-b9cc-93e005ef935d",
            "cooldown": 0,
            "enabled": true,
            "estimated_instance_warmup": 0,
            "id": "eks-ci-controllers-20230703115455218300000024-5cc48dcd-8a0a-6f92-b9cc-93e005ef935d-autoscaling-policy",
            "metric_aggregation_type": "",
            "min_adjustment_magnitude": 0,
            "name": "eks-ci-controllers-20230703115455218300000024-5cc48dcd-8a0a-6f92-b9cc-93e005ef935d-autoscaling-policy",
            "policy_type": "TargetTrackingScaling",
            "predictive_scaling_configuration": [],
            "scaling_adjustment": 0,
            "step_adjustment": [],
            "target_tracking_configuration": [
              {
                "customized_metric_specification": [],
                "disable_scale_in": false,
                "predefined_metric_specification": [
                  {
                    "predefined_metric_type": "ASGAverageCPUUtilization",
                    "resource_label": ""
                  }
                ],
                "target_value": 30
              }
            ]
          },
          "sensitive_attributes": [],
          "private": "bnVsbA==",
          "dependencies": [
            "module.base.aws_security_group.alb",
            "module.base.data.aws_availability_zones.available_azs",
            "module.base.module.cluster.aws_cloudwatch_log_group.this",
            "module.base.module.cluster.aws_eks_cluster.this",
            "module.base.module.cluster.aws_iam_policy.cni_ipv6_policy",
            "module.base.module.cluster.aws_iam_role.this",
            "module.base.module.cluster.aws_iam_role_policy_attachment.this",
            "module.base.module.cluster.aws_security_group.cluster",
            "module.base.module.cluster.aws_security_group.node",
            "module.base.module.cluster.aws_security_group_rule.cluster",
            "module.base.module.cluster.aws_security_group_rule.node",
            "module.base.module.cluster.data.aws_iam_policy_document.assume_role_policy",
            "module.base.module.cluster.data.aws_iam_session_context.current",
            "module.base.module.cluster.data.aws_partition.current",
            "module.base.module.cluster.module.eks_managed_node_group.aws_autoscaling_schedule.this",
            "module.base.module.cluster.module.eks_managed_node_group.aws_eks_node_group.this",
            "module.base.module.cluster.module.eks_managed_node_group.aws_iam_role.this",
            "module.base.module.cluster.module.eks_managed_node_group.aws_iam_role_policy_attachment.additional",
            "module.base.module.cluster.module.eks_managed_node_group.aws_iam_role_policy_attachment.this",
            "module.base.module.cluster.module.eks_managed_node_group.aws_launch_template.this",
            "module.base.module.cluster.module.eks_managed_node_group.data.aws_caller_identity.current",
            "module.base.module.cluster.module.eks_managed_node_group.data.aws_iam_policy_document.assume_role_policy",
            "module.base.module.cluster.module.eks_managed_node_group.data.aws_partition.current",
            "module.base.module.cluster.module.eks_managed_node_group.module.user_data.data.cloudinit_config.linux_eks_managed_node_group",
            "module.base.module.cluster.module.kms.aws_kms_external_key.this",
            "module.base.module.cluster.module.kms.aws_kms_key.this",
            "module.base.module.cluster.module.kms.data.aws_caller_identity.current",
            "module.base.module.cluster.module.kms.data.aws_iam_policy_document.this",
            "module.base.module.cluster.module.kms.data.aws_partition.current",
            "module.base.module.cluster.time_sleep.this",
            "module.base.module.vpc.aws_subnet.private",
            "module.base.module.vpc.aws_vpc.this",
            "module.base.module.vpc.aws_vpc_ipv4_cidr_block_association.this"
          ]
        },
        {
          "index_key": 2,
          "schema_version": 0,
          "attributes": {
            "adjustment_type": "",
            "arn": "arn:aws:autoscaling:us-east-1:324005994172:scalingPolicy:8e5221b1-d187-48e9-8fcd-a0dda5eb4823:autoScalingGroupName/eks-ci-mg_k8sApps-20230703115455218300000022-38c48dcd-8a0c-72d6-77dc-f5b3da719522:policyName/eks-ci-mg_k8sApps-20230703115455218300000022-38c48dcd-8a0c-72d6-77dc-f5b3da719522-autoscaling-policy",
            "autoscaling_group_name": "eks-ci-mg_k8sApps-20230703115455218300000022-38c48dcd-8a0c-72d6-77dc-f5b3da719522",
            "cooldown": 0,
            "enabled": true,
            "estimated_instance_warmup": 0,
            "id": "eks-ci-mg_k8sApps-20230703115455218300000022-38c48dcd-8a0c-72d6-77dc-f5b3da719522-autoscaling-policy",
            "metric_aggregation_type": "",
            "min_adjustment_magnitude": 0,
            "name": "eks-ci-mg_k8sApps-20230703115455218300000022-38c48dcd-8a0c-72d6-77dc-f5b3da719522-autoscaling-policy",
            "policy_type": "TargetTrackingScaling",
            "predictive_scaling_configuration": [],
            "scaling_adjustment": 0,
            "step_adjustment": [],
            "target_tracking_configuration": [
              {
                "customized_metric_specification": [],
                "disable_scale_in": false,
                "predefined_metric_specification": [
                  {
                    "predefined_metric_type": "ASGAverageCPUUtilization",
                    "resource_label": ""
                  }
                ],
                "target_value": 30
              }
            ]
          },
          "sensitive_attributes": [],
          "private": "bnVsbA==",
          "dependencies": [
            "module.base.aws_security_group.alb",
            "module.base.data.aws_availability_zones.available_azs",
            "module.base.module.cluster.aws_cloudwatch_log_group.this",
            "module.base.module.cluster.aws_eks_cluster.this",
            "module.base.module.cluster.aws_iam_policy.cni_ipv6_policy",
            "module.base.module.cluster.aws_iam_role.this",
            "module.base.module.cluster.aws_iam_role_policy_attachment.this",
            "module.base.module.cluster.aws_security_group.cluster",
            "module.base.module.cluster.aws_security_group.node",
            "module.base.module.cluster.aws_security_group_rule.cluster",
            "module.base.module.cluster.aws_security_group_rule.node",
            "module.base.module.cluster.data.aws_iam_policy_document.assume_role_policy",
            "module.base.module.cluster.data.aws_iam_session_context.current",
            "module.base.module.cluster.data.aws_partition.current",
            "module.base.module.cluster.module.eks_managed_node_group.aws_autoscaling_schedule.this",
            "module.base.module.cluster.module.eks_managed_node_group.aws_eks_node_group.this",
            "module.base.module.cluster.module.eks_managed_node_group.aws_iam_role.this",
            "module.base.module.cluster.module.eks_managed_node_group.aws_iam_role_policy_attachment.additional",
            "module.base.module.cluster.module.eks_managed_node_group.aws_iam_role_policy_attachment.this",
            "module.base.module.cluster.module.eks_managed_node_group.aws_launch_template.this",
            "module.base.module.cluster.module.eks_managed_node_group.data.aws_caller_identity.current",
            "module.base.module.cluster.module.eks_managed_node_group.data.aws_iam_policy_document.assume_role_policy",
            "module.base.module.cluster.module.eks_managed_node_group.data.aws_partition.current",
            "module.base.module.cluster.module.eks_managed_node_group.module.user_data.data.cloudinit_config.linux_eks_managed_node_group",
            "module.base.module.cluster.module.kms.aws_kms_external_key.this",
            "module.base.module.cluster.module.kms.aws_kms_key.this",
            "module.base.module.cluster.module.kms.data.aws_caller_identity.current",
            "module.base.module.cluster.module.kms.data.aws_iam_policy_document.this",
            "module.base.module.cluster.module.kms.data.aws_partition.current",
            "module.base.module.cluster.time_sleep.this",
            "module.base.module.vpc.aws_subnet.private",
            "module.base.module.vpc.aws_vpc.this",
            "module.base.module.vpc.aws_vpc_ipv4_cidr_block_association.this"
          ]
        }
      ]
    },
    {
      "module": "module.base",
      "mode": "managed",
      "type": "aws_eip",
      "name": "nat_gw_elastic_ip",
      "provider": "provider[\"registry.terraform.io/hashicorp/aws\"]",
      "instances": [
        {
          "schema_version": 0,
          "attributes": {
            "address": null,
            "allocation_id": "eipalloc-005b91d50772d1269",
            "associate_with_private_ip": null,
            "association_id": "",
            "carrier_ip": "",
            "customer_owned_ip": "",
            "customer_owned_ipv4_pool": "",
            "domain": "vpc",
            "id": "eipalloc-005b91d50772d1269",
            "instance": "",
            "network_border_group": "us-east-1",
            "network_interface": "",
            "private_dns": null,
            "private_ip": "",
            "public_dns": "ec2-3-210-66-110.compute-1.amazonaws.com",
            "public_ip": "3.210.66.110",
            "public_ipv4_pool": "amazon",
            "tags": {
              "Name": "acaternberg-tf-nat-eip"
            },
            "tags_all": {
              "Name": "acaternberg-tf-nat-eip",
              "cb:environment": "ps-dev",
              "cb:owner": "professional-services",
              "cb:user": "acaternberg",
              "kubernetes.io/cluster/acaternberg-tf": "owned",
              "ps-genetes/cluster": "acaternberg-tf",
              "ps-genetes/stack": "eks-tf"
            },
            "timeouts": null,
            "vpc": true
          },
          "sensitive_attributes": [],
          "private": "eyJlMmJmYjczMC1lY2FhLTExZTYtOGY4OC0zNDM2M2JjN2M0YzAiOnsiZGVsZXRlIjoxODAwMDAwMDAwMDAsInJlYWQiOjkwMDAwMDAwMDAwMCwidXBkYXRlIjozMDAwMDAwMDAwMDB9fQ=="
        }
      ]
    },
    {
      "module": "module.base",
      "mode": "managed",
      "type": "aws_iam_instance_profile",
      "name": "managed_ng",
      "provider": "provider[\"registry.terraform.io/hashicorp/aws\"]",
      "instances": [
        {
          "schema_version": 0,
          "attributes": {
            "arn": "arn:aws:iam::324005994172:instance-profile/managed-node-instance-profile-ci",
            "create_date": "2023-07-03T11:43:58Z",
            "id": "managed-node-instance-profile-ci",
            "name": "managed-node-instance-profile-ci",
            "name_prefix": "",
            "path": "/",
            "role": "managed-node-role",
            "tags": null,
            "tags_all": {
              "cb:environment": "ps-dev",
              "cb:owner": "professional-services",
              "cb:user": "acaternberg",
              "kubernetes.io/cluster/acaternberg-tf": "owned",
              "ps-genetes/cluster": "acaternberg-tf",
              "ps-genetes/stack": "eks-tf"
            },
            "unique_id": "AIPAUW4CDD26GZLZDODJX"
          },
          "sensitive_attributes": [],
          "private": "bnVsbA==",
          "dependencies": [
            "module.base.aws_iam_role.managed_ng",
            "module.base.data.aws_iam_policy_document.managed_ng_assume_role_policy"
          ]
        }
      ]
    },
    {
      "module": "module.base",
      "mode": "managed",
      "type": "aws_iam_role",
      "name": "managed_ng",
      "provider": "provider[\"registry.terraform.io/hashicorp/aws\"]",
      "instances": [
        {
          "schema_version": 0,
          "attributes": {
            "arn": "arn:aws:iam::324005994172:role/managed-node-role",
            "assume_role_policy": "{\"Statement\":[{\"Action\":\"sts:AssumeRole\",\"Effect\":\"Allow\",\"Principal\":{\"Service\":\"ec2.amazonaws.com\"},\"Sid\":\"EKSWorkerAssumeRole\"}],\"Version\":\"2012-10-17\"}",
            "create_date": "2023-07-03T11:43:56Z",
            "description": "EKS Managed Node group IAM Role",
            "force_detach_policies": true,
            "id": "managed-node-role",
            "inline_policy": [
              {
                "name": "CloudBees_CI",
                "policy": "{\"Version\":\"2012-10-17\",\"Statement\":[{\"Action\":[\"s3:PutObject\",\"s3:GetObject\",\"s3:DeleteObject\"],\"Effect\":\"Allow\",\"Resource\":\"arn:aws:s3:::acaternberg-tf-backups/cbci/*\",\"Sid\":\"CBCIBackupPolicy1\"},{\"Action\":\"s3:ListBucket\",\"Effect\":\"Allow\",\"Resource\":\"arn:aws:s3:::acaternberg-tf-backups\",\"Sid\":\"CBCIBackupPolicy2\"}]}"
              }
            ],
            "managed_policy_arns": [
              "arn:aws:iam::aws:policy/AmazonEC2ContainerRegistryReadOnly",
              "arn:aws:iam::aws:policy/AmazonEKSWorkerNodePolicy",
              "arn:aws:iam::aws:policy/AmazonEKS_CNI_Policy",
              "arn:aws:iam::aws:policy/AmazonSSMManagedInstanceCore"
            ],
            "max_session_duration": 3600,
            "name": "managed-node-role",
            "name_prefix": "",
            "path": "/",
            "permissions_boundary": null,
            "role_last_used": [
              {
                "last_used_date": "",
                "region": ""
              }
            ],
            "tags": null,
            "tags_all": {
              "cb:environment": "ps-dev",
              "cb:owner": "professional-services",
              "cb:user": "acaternberg",
              "kubernetes.io/cluster/acaternberg-tf": "owned",
              "ps-genetes/cluster": "acaternberg-tf",
              "ps-genetes/stack": "eks-tf"
            },
            "unique_id": "AROAUW4CDD26ET7Z5YCGZ"
          },
          "sensitive_attributes": [],
          "private": "bnVsbA==",
          "dependencies": [
            "module.base.data.aws_iam_policy_document.managed_ng_assume_role_policy"
          ]
        }
      ]
    },
    {
      "module": "module.base",
      "mode": "managed",
      "type": "aws_security_group",
      "name": "alb",
      "provider": "provider[\"registry.terraform.io/hashicorp/aws\"]",
      "instances": [
        {
          "schema_version": 1,
          "attributes": {
            "arn": "arn:aws:ec2:us-east-1:324005994172:security-group/sg-0766d19c21687aab6",
            "description": "Managed by Terraform",
            "egress": [
              {
                "cidr_blocks": [
                  "0.0.0.0/0"
                ],
                "description": "",
                "from_port": 0,
                "ipv6_cidr_blocks": [
                  "::/0"
                ],
                "prefix_list_ids": [],
                "protocol": "-1",
                "security_groups": [],
                "self": false,
                "to_port": 0
              }
            ],
            "id": "sg-0766d19c21687aab6",
            "ingress": [
              {
                "cidr_blocks": [
                  "0.0.0.0/0"
                ],
                "description": "http",
                "from_port": 80,
                "ipv6_cidr_blocks": [
                  "::/0"
                ],
                "prefix_list_ids": [],
                "protocol": "tcp",
                "security_groups": [],
                "self": false,
                "to_port": 80
              },
              {
                "cidr_blocks": [
                  "0.0.0.0/0"
                ],
                "description": "https",
                "from_port": 443,
                "ipv6_cidr_blocks": [
                  "::/0"
                ],
                "prefix_list_ids": [],
                "protocol": "tcp",
                "security_groups": [],
                "self": false,
                "to_port": 443
              }
            ],
            "name": "caternebrg-alb",
            "name_prefix": "",
            "owner_id": "324005994172",
            "revoke_rules_on_delete": false,
            "tags": {
              "Name": "caternebrg-alb"
            },
            "tags_all": {
              "Name": "caternebrg-alb",
              "cb:environment": "ps-dev",
              "cb:owner": "professional-services",
              "cb:user": "acaternberg",
              "kubernetes.io/cluster/acaternberg-tf": "owned",
              "ps-genetes/cluster": "acaternberg-tf",
              "ps-genetes/stack": "eks-tf"
            },
            "timeouts": null,
            "vpc_id": "vpc-0e868d3a3e43bec75"
          },
          "sensitive_attributes": [],
          "private": "eyJlMmJmYjczMC1lY2FhLTExZTYtOGY4OC0zNDM2M2JjN2M0YzAiOnsiY3JlYXRlIjo2MDAwMDAwMDAwMDAsImRlbGV0ZSI6OTAwMDAwMDAwMDAwfSwic2NoZW1hX3ZlcnNpb24iOiIxIn0=",
          "dependencies": [
            "module.base.module.vpc.aws_vpc.this"
          ],
          "create_before_destroy": true
        }
      ]
    },
    {
      "module": "module.base.module.cluster",
      "mode": "data",
      "type": "aws_caller_identity",
      "name": "current",
      "provider": "provider[\"registry.terraform.io/hashicorp/aws\"]",
      "instances": [
        {
          "schema_version": 0,
          "attributes": {
            "account_id": "324005994172",
            "arn": "arn:aws:sts::324005994172:assumed-role/AWSReservedSSO_infra-admin_256addbf79cfacd1/acaternberg@cloudbees.com",
            "id": "324005994172",
            "user_id": "AROAUW4CDD26C3TLU25MA:acaternberg@cloudbees.com"
          },
          "sensitive_attributes": []
        }
      ]
    },
    {
      "module": "module.base.module.cluster",
      "mode": "data",
      "type": "aws_iam_policy_document",
      "name": "assume_role_policy",
      "provider": "provider[\"registry.terraform.io/hashicorp/aws\"]",
      "instances": [
        {
          "index_key": 0,
          "schema_version": 0,
          "attributes": {
            "id": "2764486067",
            "json": "{\n  \"Version\": \"2012-10-17\",\n  \"Statement\": [\n    {\n      \"Sid\": \"EKSClusterAssumeRole\",\n      \"Effect\": \"Allow\",\n      \"Action\": \"sts:AssumeRole\",\n      \"Principal\": {\n        \"Service\": \"eks.amazonaws.com\"\n      }\n    }\n  ]\n}",
            "override_json": null,
            "override_policy_documents": null,
            "policy_id": null,
            "source_json": null,
            "source_policy_documents": null,
            "statement": [
              {
                "actions": [
                  "sts:AssumeRole"
                ],
                "condition": [],
                "effect": "Allow",
                "not_actions": [],
                "not_principals": [],
                "not_resources": [],
                "principals": [
                  {
                    "identifiers": [
                      "eks.amazonaws.com"
                    ],
                    "type": "Service"
                  }
                ],
                "resources": [],
                "sid": "EKSClusterAssumeRole"
              }
            ],
            "version": "2012-10-17"
          },
          "sensitive_attributes": []
        }
      ]
    },
    {
      "module": "module.base.module.cluster",
      "mode": "data",
      "type": "aws_iam_session_context",
      "name": "current",
      "provider": "provider[\"registry.terraform.io/hashicorp/aws\"]",
      "instances": [
        {
          "schema_version": 0,
          "attributes": {
            "arn": "arn:aws:sts::324005994172:assumed-role/AWSReservedSSO_infra-admin_256addbf79cfacd1/acaternberg@cloudbees.com",
            "id": "arn:aws:sts::324005994172:assumed-role/AWSReservedSSO_infra-admin_256addbf79cfacd1/acaternberg@cloudbees.com",
            "issuer_arn": "arn:aws:iam::324005994172:role/aws-reserved/sso.amazonaws.com/AWSReservedSSO_infra-admin_256addbf79cfacd1",
            "issuer_id": "AROAUW4CDD26C3TLU25MA",
            "issuer_name": "AWSReservedSSO_infra-admin_256addbf79cfacd1",
            "session_name": "acaternberg@cloudbees.com"
          },
          "sensitive_attributes": []
        }
      ]
    },
    {
      "module": "module.base.module.cluster",
      "mode": "data",
      "type": "aws_partition",
      "name": "current",
      "provider": "provider[\"registry.terraform.io/hashicorp/aws\"]",
      "instances": [
        {
          "schema_version": 0,
          "attributes": {
            "dns_suffix": "amazonaws.com",
            "id": "aws",
            "partition": "aws",
            "reverse_dns_prefix": "com.amazonaws"
          },
          "sensitive_attributes": []
        }
      ]
    },
    {
      "module": "module.base.module.cluster",
      "mode": "data",
      "type": "tls_certificate",
      "name": "this",
      "provider": "provider[\"registry.terraform.io/hashicorp/tls\"]",
      "instances": [
        {
          "index_key": 0,
          "schema_version": 0,
          "attributes": {
            "certificates": [
              {
                "cert_pem": "-----BEGIN CERTIFICATE-----\nMIIEdTCCA12gAwIBAgIJAKcOSkw0grd/MA0GCSqGSIb3DQEBCwUAMGgxCzAJBgNV\nBAYTAlVTMSUwIwYDVQQKExxTdGFyZmllbGQgVGVjaG5vbG9naWVzLCBJbmMuMTIw\nMAYDVQQLEylTdGFyZmllbGQgQ2xhc3MgMiBDZXJ0aWZpY2F0aW9uIEF1dGhvcml0\neTAeFw0wOTA5MDIwMDAwMDBaFw0zNDA2MjgxNzM5MTZaMIGYMQswCQYDVQQGEwJV\nUzEQMA4GA1UECBMHQXJpem9uYTETMBEGA1UEBxMKU2NvdHRzZGFsZTElMCMGA1UE\nChMcU3RhcmZpZWxkIFRlY2hub2xvZ2llcywgSW5jLjE7MDkGA1UEAxMyU3RhcmZp\nZWxkIFNlcnZpY2VzIFJvb3QgQ2VydGlmaWNhdGUgQXV0aG9yaXR5IC0gRzIwggEi\nMA0GCSqGSIb3DQEBAQUAA4IBDwAwggEKAoIBAQDVDDrEKvlO4vW+GZdfjohTsR8/\ny8+fIBNtKTrID30892t2OGPZNmCom15cAICyL1l/9of5JUOG52kbUpqQ4XHj2C0N\nTm/2yEnZtvMaVq4rtnQU68/7JuMauh2WLmo7WJSJR1b/JaCTcFOD2oR0FMNnngRo\nOt+OQFodSk7PQ5E751bWAHDLUu57fa4657wx+UX2wmDPE1kCK4DMNEffud6QZW0C\nzyyRpqbn3oUYSXxmTqM6bam17jQuug0DuDPfR+uxa40l2ZvOgdFFRjKWcIfeAg5J\nQ4W2bHO7ZOphQazJ1FTfhy/HIrImzJ9ZVGif/L4qL8RVHHVAYBeFAlU5i38FAgMB\nAAGjgfAwge0wDwYDVR0TAQH/BAUwAwEB/zAOBgNVHQ8BAf8EBAMCAYYwHQYDVR0O\nBBYEFJxfAN+qAdcwKziIorhtSpzyEZGDMB8GA1UdIwQYMBaAFL9ft9HO3R+G9FtV\nrNzXEMIOqYjnME8GCCsGAQUFBwEBBEMwQTAcBggrBgEFBQcwAYYQaHR0cDovL28u\nc3MyLnVzLzAhBggrBgEFBQcwAoYVaHR0cDovL3guc3MyLnVzL3guY2VyMCYGA1Ud\nHwQfMB0wG6AZoBeGFWh0dHA6Ly9zLnNzMi51cy9yLmNybDARBgNVHSAECjAIMAYG\nBFUdIAAwDQYJKoZIhvcNAQELBQADggEBACMd44pXyn3pF3lM8R5V/cxTbj5HD9/G\nVfKyBDbtgB9TxF00KGu+x1X8Z+rLP3+QsjPNG1gQggL4+C/1E2DUBc7xgQjB3ad1\nl08YuW3e95ORCLp+QCztweq7dp4zBncdDQh/U90bZKuCJ/Fp1U1ervShw3WnWEQt\n8jxwmKy6abaVd38PMV4s/KCHOkdp8Hlf9BRUpJVeEXgSYCfOn8J3/yNTd126/+pZ\n59vPr5KW7ySaNRB6nJHGDn2Z9j8Z3/VyVOEVqQdZe4O/Ui5GjLIAZHYcSNPYeehu\nVsyuLAOQ1xk4meTKCRlb/weWsKh/NEnfVqn3sF/tM+2MR7cwA130A4w=\n-----END CERTIFICATE-----\n",
                "is_ca": true,
                "issuer": "OU=Starfield Class 2 Certification Authority,O=Starfield Technologies\\, Inc.,C=US",
                "not_after": "2034-06-28T17:39:16Z",
                "not_before": "2009-09-02T00:00:00Z",
                "public_key_algorithm": "RSA",
                "serial_number": "12037640545166866303",
                "sha1_fingerprint": "9e99a48a9960b14926bb7f3b02e22da2b0ab7280",
                "signature_algorithm": "SHA256-RSA",
                "subject": "CN=Starfield Services Root Certificate Authority - G2,O=Starfield Technologies\\, Inc.,L=Scottsdale,ST=Arizona,C=US",
                "version": 3
              },
              {
                "cert_pem": "-----BEGIN CERTIFICATE-----\nMIIEkjCCA3qgAwIBAgITBn+USionzfP6wq4rAfkI7rnExjANBgkqhkiG9w0BAQsF\nADCBmDELMAkGA1UEBhMCVVMxEDAOBgNVBAgTB0FyaXpvbmExEzARBgNVBAcTClNj\nb3R0c2RhbGUxJTAjBgNVBAoTHFN0YXJmaWVsZCBUZWNobm9sb2dpZXMsIEluYy4x\nOzA5BgNVBAMTMlN0YXJmaWVsZCBTZXJ2aWNlcyBSb290IENlcnRpZmljYXRlIEF1\ndGhvcml0eSAtIEcyMB4XDTE1MDUyNTEyMDAwMFoXDTM3MTIzMTAxMDAwMFowOTEL\nMAkGA1UEBhMCVVMxDzANBgNVBAoTBkFtYXpvbjEZMBcGA1UEAxMQQW1hem9uIFJv\nb3QgQ0EgMTCCASIwDQYJKoZIhvcNAQEBBQADggEPADCCAQoCggEBALJ4gHHKeNXj\nca9HgFB0fW7Y14h29Jlo91ghYPl0hAEvrAIthtOgQ3pOsqTQNroBvo3bSMgHFzZM\n9O6II8c+6zf1tRn4SWiw3te5djgdYZ6k/oI2peVKVuRF4fn9tBb6dNqcmzU5L/qw\nIFAGbHrQgLKm+a/sRxmPUDgH3KKHOVj4utWp+UhnMJbulHheb4mjUcAwhmahRWa6\nVOujw5H5SNz/0egwLX0tdHA114gk957EWW67c4cX8jJGKLhD+rcdqsq08p8kDi1L\n93FcXmn/6pUCyziKrlA4b9v7LWIbxcceVOF34GfID5yHI9Y/QCB/IIDEgEw+OyQm\njgSubJrIqg0CAwEAAaOCATEwggEtMA8GA1UdEwEB/wQFMAMBAf8wDgYDVR0PAQH/\nBAQDAgGGMB0GA1UdDgQWBBSEGMyFNOy8DJSULghZnMeyEE4KCDAfBgNVHSMEGDAW\ngBScXwDfqgHXMCs4iKK4bUqc8hGRgzB4BggrBgEFBQcBAQRsMGowLgYIKwYBBQUH\nMAGGImh0dHA6Ly9vY3NwLnJvb3RnMi5hbWF6b250cnVzdC5jb20wOAYIKwYBBQUH\nMAKGLGh0dHA6Ly9jcnQucm9vdGcyLmFtYXpvbnRydXN0LmNvbS9yb290ZzIuY2Vy\nMD0GA1UdHwQ2MDQwMqAwoC6GLGh0dHA6Ly9jcmwucm9vdGcyLmFtYXpvbnRydXN0\nLmNvbS9yb290ZzIuY3JsMBEGA1UdIAQKMAgwBgYEVR0gADANBgkqhkiG9w0BAQsF\nAAOCAQEAYjdCXLwQtT6LLOkMm2xF4gcAevnFWAu5CIw+7bMlPLVvUOTNNWqnkzSW\nMiGpSESrnO09tKpzbeR/FoCJbM8oAxiDR3mjEH4wW6w7sGDgd9QIpuEdfF7Au/ma\neyKdpwAJfqxGF4PcnCZXmTA5YpaP7dreqsXMGz7KQ2hsVxa81Q4gLv7/wmpdLqBK\nbRRYh5TmOTFffHPLkIhqhBGWJ6bt2YFGpn6jcgAKUj6DiAdjd4lpFw85hdKrCEVN\n0FE6/V1dN2RMfjCyVSRCnTawXZwXgWHxyvkQAiSr6w10kY17RSlQOYiypok1JR4U\nakcjMS9cmvqtmg5iUaQqqcT5NJ0hGA==\n-----END CERTIFICATE-----\n",
                "is_ca": true,
                "issuer": "CN=Starfield Services Root Certificate Authority - G2,O=Starfield Technologies\\, Inc.,L=Scottsdale,ST=Arizona,C=US",
                "not_after": "2037-12-31T01:00:00Z",
                "not_before": "2015-05-25T12:00:00Z",
                "public_key_algorithm": "RSA",
                "serial_number": "144918191876577076464031512351042010504348870",
                "sha1_fingerprint": "06b25927c42a721631c1efd9431e648fa62e1e39",
                "signature_algorithm": "SHA256-RSA",
                "subject": "CN=Amazon Root CA 1,O=Amazon,C=US",
                "version": 3
              },
              {
                "cert_pem": "-----BEGIN CERTIFICATE-----\nMIIEXjCCA0agAwIBAgITB3MSSkvL1E7HtTvq8ZSELToPoTANBgkqhkiG9w0BAQsF\nADA5MQswCQYDVQQGEwJVUzEPMA0GA1UEChMGQW1hem9uMRkwFwYDVQQDExBBbWF6\nb24gUm9vdCBDQSAxMB4XDTIyMDgyMzIyMjUzMFoXDTMwMDgyMzIyMjUzMFowPDEL\nMAkGA1UEBhMCVVMxDzANBgNVBAoTBkFtYXpvbjEcMBoGA1UEAxMTQW1hem9uIFJT\nQSAyMDQ4IE0wMjCCASIwDQYJKoZIhvcNAQEBBQADggEPADCCAQoCggEBALtDGMZa\nqHneKei1by6+pUPPLljTB143Si6VpEWPc6mSkFhZb/6qrkZyoHlQLbDYnI2D7hD0\nsdzEqfnuAjIsuXQLG3A8TvX6V3oFNBFVe8NlLJHvBseKY88saLwufxkZVwk74g4n\nWlNMXzla9Y5F3wwRHwMVH443xGz6UtGSZSqQ94eFx5X7Tlqt8whi8qCaKdZ5rNak\n+r9nUThOeClqFd4oXych//Rc7Y0eX1KNWHYSI1Nk31mYgiK3JvH063g+K9tHA63Z\neTgKgndlh+WI+zv7i44HepRZjA1FYwYZ9Vv/9UkC5Yz8/yU65fgjaE+wVHM4e/Yy\nC2osrPWE7gJ+dXMCAwEAAaOCAVowggFWMBIGA1UdEwEB/wQIMAYBAf8CAQAwDgYD\nVR0PAQH/BAQDAgGGMB0GA1UdJQQWMBQGCCsGAQUFBwMBBggrBgEFBQcDAjAdBgNV\nHQ4EFgQUwDFSzVpQw4J8dHHOy+mc+XrrguIwHwYDVR0jBBgwFoAUhBjMhTTsvAyU\nlC4IWZzHshBOCggwewYIKwYBBQUHAQEEbzBtMC8GCCsGAQUFBzABhiNodHRwOi8v\nb2NzcC5yb290Y2ExLmFtYXpvbnRydXN0LmNvbTA6BggrBgEFBQcwAoYuaHR0cDov\nL2NydC5yb290Y2ExLmFtYXpvbnRydXN0LmNvbS9yb290Y2ExLmNlcjA/BgNVHR8E\nODA2MDSgMqAwhi5odHRwOi8vY3JsLnJvb3RjYTEuYW1hem9udHJ1c3QuY29tL3Jv\nb3RjYTEuY3JsMBMGA1UdIAQMMAowCAYGZ4EMAQIBMA0GCSqGSIb3DQEBCwUAA4IB\nAQAtTi6Fs0Azfi+iwm7jrz+CSxHH+uHl7Law3MQSXVtR8RV53PtR6r/6gNpqlzdo\nZq4FKbADi1v9Bun8RY8D51uedRfjsbeodizeBB8nXmeyD33Ep7VATj4ozcd31YFV\nfgRhvTSxNrrTlNpWkUk0m3BMPv8sg381HhA6uEYokE5q9uws/3YkKqRiEz3TsaWm\nJqIRZhMbgAfp7O7FUwFIb7UIspogZSKxPIWJpxiPo3TcBambbVtQOcNRWz5qCQdD\nslI2yayq0n2TXoHyNCLEH8rpsJRVILFsg0jc7BaFrMnF462+ajSehgj12IidNeRN\n4zl+EoNaWdpnWndvSpAEkq2P\n-----END CERTIFICATE-----\n",
                "is_ca": true,
                "issuer": "CN=Amazon Root CA 1,O=Amazon,C=US",
                "not_after": "2030-08-23T22:25:30Z",
                "not_before": "2022-08-23T22:25:30Z",
                "public_key_algorithm": "RSA",
                "serial_number": "166129353110899469622597955040406457904926625",
                "sha1_fingerprint": "414a2060b738c635cc7fc243e052615592830c53",
                "signature_algorithm": "SHA256-RSA",
                "subject": "CN=Amazon RSA 2048 M02,O=Amazon,C=US",
                "version": 3
              },
              {
                "cert_pem": "-----BEGIN CERTIFICATE-----\nMIIF7DCCBNSgAwIBAgIQByOkjeOvl//8xMrhlZkruzANBgkqhkiG9w0BAQsFADA8\nMQswCQYDVQQGEwJVUzEPMA0GA1UEChMGQW1hem9uMRwwGgYDVQQDExNBbWF6b24g\nUlNBIDIwNDggTTAyMB4XDTIzMDUxMzAwMDAwMFoXDTI0MDYxMDIzNTk1OVowKzEp\nMCcGA1UEAxMgb2lkYy5la3MudXMtZWFzdC0xLmFtYXpvbmF3cy5jb20wggEiMA0G\nCSqGSIb3DQEBAQUAA4IBDwAwggEKAoIBAQClT+mO1HZk/Gp/3sS6BO8QDhG0yK53\nE11wkdlUn9HEomcqZ2VVhbEG4ahOZY5MLUqIQViMswUueYFov57zyGnPSnH0IrMu\nmL3/dqxEwP96VPm5ZgbjCfartRfJcuYmmMCoWxocMdTq09ECEjawt47i4FmOLJmH\n+UUnisQgHMvPHtCrfL1WYAgdN3ls4meIFkS1CVHLmoCG9MuponJu3+uqw9UHxPZz\nvGLezHUUSzLE0+b+1Wd6DAPJBZmCa+PBweaRfrlqhhgW+QHcCK7XxlfwMxvzwmdv\nicOBHF7SJM/o3opUvrUf/XJCtCDHuv0GQNxyCcpJImQJ4Ae0MtEihY/rAgMBAAGj\nggL5MIIC9TAfBgNVHSMEGDAWgBTAMVLNWlDDgnx0cc7L6Zz5euuC4jAdBgNVHQ4E\nFgQUeamiamg4o8YroTJziJnlxHJnDdEwKwYDVR0RBCQwIoIgb2lkYy5la3MudXMt\nZWFzdC0xLmFtYXpvbmF3cy5jb20wDgYDVR0PAQH/BAQDAgWgMB0GA1UdJQQWMBQG\nCCsGAQUFBwMBBggrBgEFBQcDAjA7BgNVHR8ENDAyMDCgLqAshipodHRwOi8vY3Js\nLnIybTAyLmFtYXpvbnRydXN0LmNvbS9yMm0wMi5jcmwwEwYDVR0gBAwwCjAIBgZn\ngQwBAgEwdQYIKwYBBQUHAQEEaTBnMC0GCCsGAQUFBzABhiFodHRwOi8vb2NzcC5y\nMm0wMi5hbWF6b250cnVzdC5jb20wNgYIKwYBBQUHMAKGKmh0dHA6Ly9jcnQucjJt\nMDIuYW1hem9udHJ1c3QuY29tL3IybTAyLmNlcjAMBgNVHRMBAf8EAjAAMIIBfgYK\nKwYBBAHWeQIEAgSCAW4EggFqAWgAdgDuzdBk1dsazsVct520zROiModGfLzs3sNR\nSFlGcR+1mwAAAYgTgMKgAAAEAwBHMEUCIHtTzRueHJdgA2Wq32YkXNXRJ1ZRD2uC\nQCn025Jin2hCAiEAlV/lCQaMq1JoBRlULDV7n9f/VS8+xyJSVgMFRFwFtzsAdgBI\nsONr2qZHNA/lagL6nTDrHFIBy1bdLIHZu7+rOdiEcwAAAYgTgMLXAAAEAwBHMEUC\nIAKsJE1jj4gpyaa2VgkbHFszMoco2rABil1iy2YvVzmTAiEAsuzpO1atz7WIx1CM\nMU9iMqq58yDpLhjQFktRuWamDlsAdgDatr9rP7W2Ip+bwrtca+hwkXFsu1GEhTS9\npD0wSNf7qwAAAYgTgMKjAAAEAwBHMEUCIHuwITeM92ncsbOvXgXPQjLHDLgReknJ\nTUoo4uIlPetJAiEApQ3W+NHlj6/RhckoAxGn4zE1alq+Y3Bk3JUFAvDrR78wDQYJ\nKoZIhvcNAQELBQADggEBAFNUUzuzuuDQMUvefHzllQPg/zbGNeDRZeOomSl1FrxS\nFJ0CA2vznfoTXAJLS2/aWlQT9mR3h6WlxI5XSUaLrzcZi94F+l6Ixn8DJUhfgf+O\nZUxtmBX91AEQ1ccU+Odj2ILrWdSs28J82ODoPlkJ6OqIYo+kEXrUwy8SM2N9iFJw\nHgZNOwzPQ2Ox/ozlRh6/6OUgYZ84j343BoDnNbTQijLBe6HL4pVw4nPKWrUQnTot\nxMymAcBknnb4X4TcmEoJ0CrB1H6FKfe8yASCLjwSC72Os9ADyADMZqTUSOH1V8Vh\nR3Zv4DlLItu8BHaE59teueLM9AW1PBFMci5JiYrgLEM=\n-----END CERTIFICATE-----\n",
                "is_ca": false,
                "issuer": "CN=Amazon RSA 2048 M02,O=Amazon,C=US",
                "not_after": "2024-06-10T23:59:59Z",
                "not_before": "2023-05-13T00:00:00Z",
                "public_key_algorithm": "RSA",
                "serial_number": "9489663917354420509896793514074254267",
                "sha1_fingerprint": "aaa68bb211d468db8a8a19561ccba2e4043dcc80",
                "signature_algorithm": "SHA256-RSA",
                "subject": "CN=oidc.eks.us-east-1.amazonaws.com",
                "version": 3
              }
            ],
            "content": null,
            "id": "5933588ce34e24e9fb40c3565fb0b5993639df67",
            "url": "https://oidc.eks.us-east-1.amazonaws.com/id/8DAF3A8C157CFB6B785FC79B58795859",
            "verify_chain": true
          },
          "sensitive_attributes": []
        }
      ]
    },
    {
      "module": "module.base.module.cluster",
      "mode": "managed",
      "type": "aws_cloudwatch_log_group",
      "name": "this",
      "provider": "provider[\"registry.terraform.io/hashicorp/aws\"]",
      "instances": [
        {
          "index_key": 0,
          "schema_version": 0,
          "attributes": {
            "arn": "arn:aws:logs:us-east-1:324005994172:log-group:/aws/eks/acaternberg-tf/cluster",
            "id": "/aws/eks/acaternberg-tf/cluster",
            "kms_key_id": "",
            "name": "/aws/eks/acaternberg-tf/cluster",
            "name_prefix": "",
            "retention_in_days": 90,
            "skip_destroy": false,
            "tags": {
              "Name": "/aws/eks/acaternberg-tf/cluster"
            },
            "tags_all": {
              "Name": "/aws/eks/acaternberg-tf/cluster",
              "cb:environment": "ps-dev",
              "cb:owner": "professional-services",
              "cb:user": "acaternberg",
              "kubernetes.io/cluster/acaternberg-tf": "owned",
              "ps-genetes/cluster": "acaternberg-tf",
              "ps-genetes/stack": "eks-tf"
            }
          },
          "sensitive_attributes": [],
          "private": "bnVsbA==",
          "create_before_destroy": true
        }
      ]
    },
    {
      "module": "module.base.module.cluster",
      "mode": "managed",
      "type": "aws_ec2_tag",
      "name": "cluster_primary_security_group",
      "provider": "provider[\"registry.terraform.io/hashicorp/aws\"]",
      "instances": [
        {
          "index_key": "owner",
          "schema_version": 0,
          "attributes": {
            "id": "sg-05a300cb9673871b0,owner",
            "key": "owner",
            "resource_id": "sg-05a300cb9673871b0",
            "value": "acaternberg"
          },
          "sensitive_attributes": [],
          "private": "bnVsbA==",
          "dependencies": [
            "module.base.aws_security_group.alb",
            "module.base.data.aws_availability_zones.available_azs",
            "module.base.module.cluster.aws_cloudwatch_log_group.this",
            "module.base.module.cluster.aws_eks_cluster.this",
            "module.base.module.cluster.aws_iam_policy.cni_ipv6_policy",
            "module.base.module.cluster.aws_iam_role.this",
            "module.base.module.cluster.aws_iam_role_policy_attachment.this",
            "module.base.module.cluster.aws_security_group.cluster",
            "module.base.module.cluster.aws_security_group.node",
            "module.base.module.cluster.aws_security_group_rule.cluster",
            "module.base.module.cluster.aws_security_group_rule.node",
            "module.base.module.cluster.data.aws_iam_policy_document.assume_role_policy",
            "module.base.module.cluster.data.aws_iam_session_context.current",
            "module.base.module.cluster.data.aws_partition.current",
            "module.base.module.cluster.module.kms.aws_kms_external_key.this",
            "module.base.module.cluster.module.kms.aws_kms_key.this",
            "module.base.module.cluster.module.kms.data.aws_caller_identity.current",
            "module.base.module.cluster.module.kms.data.aws_iam_policy_document.this",
            "module.base.module.cluster.module.kms.data.aws_partition.current",
            "module.base.module.vpc.aws_subnet.private",
            "module.base.module.vpc.aws_vpc.this",
            "module.base.module.vpc.aws_vpc_ipv4_cidr_block_association.this"
          ]
        }
      ]
    },
    {
      "module": "module.base.module.cluster",
      "mode": "managed",
      "type": "aws_eks_cluster",
      "name": "this",
      "provider": "provider[\"registry.terraform.io/hashicorp/aws\"]",
      "instances": [
        {
          "index_key": 0,
          "schema_version": 0,
          "attributes": {
            "arn": "arn:aws:eks:us-east-1:324005994172:cluster/acaternberg-tf",
            "certificate_authority": [
              {
                "data": "LS0tLS1CRUdJTiBDRVJUSUZJQ0FURS0tLS0tCk1JSUMvakNDQWVhZ0F3SUJBZ0lCQURBTkJna3Foa2lHOXcwQkFRc0ZBREFWTVJNd0VRWURWUVFERXdwcmRXSmwKY201bGRHVnpNQjRYRFRJek1EY3dNekV4TkRreU5sb1hEVE16TURZek1ERXhORGt5Tmxvd0ZURVRNQkVHQTFVRQpBeE1LYTNWaVpYSnVaWFJsY3pDQ0FTSXdEUVlKS29aSWh2Y05BUUVCQlFBRGdnRVBBRENDQVFvQ2dnRUJBSjBSCmoxMDJpM2tLcGNEMVdjQUNpOVFsU1U0cU83MVN1ejEyK3YzK0I1RENjTFZzRDZEQ3hST2RjalpaRmJIQ3VsSHcKQkx6ZkdVelhLUytrZ1FocDdvcWIyU1BRQVkzUEsxY1hlVjVUTHhyT1JtSklCaDJQaGo1OFVIRXJjRFBMNERCeAphUU4wTGJFSEpreWJ3Wkd6Ty9yRG1yWlQxNXJlWi9od0VRNk82WTZUcDVUUnhTcUw0UXQvY1R4QUR3eG9FbDNXCnlrK0lNVHo3bytMTzEwUnhzYVVEdUYzRHZTb0RoU01IT3lkaEQ4Q3V3dlB0MEQ3U1VBVzRmNzFwZlA5bG5jczMKdkg4eVJMNkhOVUJMditnM29rbFhJUzEvQ3N2enBCLy9BQkh6NU0yL3dmekI2MkJpWVBleFlWUEVOaHQ4aWFMcwpEOE93OUhpaUZKaUtSa1d2RUQ4Q0F3RUFBYU5aTUZjd0RnWURWUjBQQVFIL0JBUURBZ0trTUE4R0ExVWRFd0VCCi93UUZNQU1CQWY4d0hRWURWUjBPQkJZRUZFdHoxei9nWWh2UG9PVkdpbGt2THlzb015TWxNQlVHQTFVZEVRUU8KTUF5Q0NtdDFZbVZ5Ym1WMFpYTXdEUVlKS29aSWh2Y05BUUVMQlFBRGdnRUJBSWVLN3FvNWtCd0swRFhBbGQ1cwowTVM2ZGZWaUgxejNZOE9VUGR2Z254eUJsNUpiRld0S2NaTVlBVEx3N1BmQjdDSlNGOUJPQ3RVckpIQW91aXBFCjNnbUtDK0xHalIvUXJPYTFjc1dlZjBaeGt3TmhrUm5aVE9RNm50ZFJIWmZQd3BHeUI3TlIzd1hsT0NkS2s5QkYKaytKV3JEZmMvOS9lZ3ptbElNU2g2NjNYNTZDOG0zaUt5N0k0T2grYTJUL0ZJNExCNXJTU1hFeDB4KzNQMzNaZQpSQXFkNXJKSTNNWlBKdzYyUTBPU2hRV3crQWFKdk5qcEJud2pya0xjcWJVbHVqak92b0t2Yno5VzBSbWloUjE1CnBnZldFaVFaVjVKZUZDS0xja29HUVE1OWMxaGt5ZGtVY3Y2Vnl2a0FXOWJTZGdCSWZxeWdYMElGRzhWcExaYWgKREJjPQotLS0tLUVORCBDRVJUSUZJQ0FURS0tLS0tCg=="
              }
            ],
            "cluster_id": null,
            "created_at": "2023-07-03 11:44:26.986 +0000 UTC",
            "enabled_cluster_log_types": [
              "api",
              "audit",
              "authenticator"
            ],
            "encryption_config": [
              {
                "provider": [
                  {
                    "key_arn": "arn:aws:kms:us-east-1:324005994172:key/e78aee11-3327-4c1e-8555-583030f24ec4"
                  }
                ],
                "resources": [
                  "secrets"
                ]
              }
            ],
            "endpoint": "https://8DAF3A8C157CFB6B785FC79B58795859.gr7.us-east-1.eks.amazonaws.com",
            "id": "acaternberg-tf",
            "identity": [
              {
                "oidc": [
                  {
                    "issuer": "https://oidc.eks.us-east-1.amazonaws.com/id/8DAF3A8C157CFB6B785FC79B58795859"
                  }
                ]
              }
            ],
            "kubernetes_network_config": [
              {
                "ip_family": "ipv4",
                "service_ipv4_cidr": "172.20.0.0/16",
                "service_ipv6_cidr": ""
              }
            ],
            "name": "acaternberg-tf",
            "outpost_config": [],
            "platform_version": "eks.4",
            "role_arn": "arn:aws:iam::324005994172:role/acaternberg-tf-cluster-20230703114355862300000005",
            "status": "ACTIVE",
            "tags": {
              "owner": "acaternberg"
            },
            "tags_all": {
              "cb:environment": "ps-dev",
              "cb:owner": "professional-services",
              "cb:user": "acaternberg",
              "kubernetes.io/cluster/acaternberg-tf": "owned",
              "owner": "acaternberg",
              "ps-genetes/cluster": "acaternberg-tf",
              "ps-genetes/stack": "eks-tf"
            },
            "timeouts": {
              "create": null,
              "delete": null,
              "update": null
            },
            "version": "1.26",
            "vpc_config": [
              {
                "cluster_security_group_id": "sg-05a300cb9673871b0",
                "endpoint_private_access": true,
                "endpoint_public_access": true,
                "public_access_cidrs": [
                  "0.0.0.0/0"
                ],
                "security_group_ids": [
                  "sg-0a003664bc712d515"
                ],
                "subnet_ids": [
                  "subnet-00626b1456b149e78",
                  "subnet-0aac35b2ca131ddaf",
                  "subnet-0c102bf5213c356ec"
                ],
                "vpc_id": "vpc-0e868d3a3e43bec75"
              }
            ]
          },
          "sensitive_attributes": [],
          "private": "eyJlMmJmYjczMC1lY2FhLTExZTYtOGY4OC0zNDM2M2JjN2M0YzAiOnsiY3JlYXRlIjoxODAwMDAwMDAwMDAwLCJkZWxldGUiOjkwMDAwMDAwMDAwMCwidXBkYXRlIjozNjAwMDAwMDAwMDAwfX0=",
          "dependencies": [
            "module.base.aws_security_group.alb",
            "module.base.data.aws_availability_zones.available_azs",
            "module.base.module.cluster.aws_cloudwatch_log_group.this",
            "module.base.module.cluster.aws_iam_policy.cni_ipv6_policy",
            "module.base.module.cluster.aws_iam_role.this",
            "module.base.module.cluster.aws_iam_role_policy_attachment.this",
            "module.base.module.cluster.aws_security_group.cluster",
            "module.base.module.cluster.aws_security_group.node",
            "module.base.module.cluster.aws_security_group_rule.cluster",
            "module.base.module.cluster.aws_security_group_rule.node",
            "module.base.module.cluster.data.aws_iam_policy_document.assume_role_policy",
            "module.base.module.cluster.data.aws_iam_session_context.current",
            "module.base.module.cluster.data.aws_partition.current",
            "module.base.module.cluster.module.kms.aws_kms_external_key.this",
            "module.base.module.cluster.module.kms.aws_kms_key.this",
            "module.base.module.cluster.module.kms.data.aws_caller_identity.current",
            "module.base.module.cluster.module.kms.data.aws_iam_policy_document.this",
            "module.base.module.cluster.module.kms.data.aws_partition.current",
            "module.base.module.vpc.aws_subnet.private",
            "module.base.module.vpc.aws_vpc.this",
            "module.base.module.vpc.aws_vpc_ipv4_cidr_block_association.this"
          ],
          "create_before_destroy": true
        }
      ]
    },
    {
      "module": "module.base.module.cluster",
      "mode": "managed",
      "type": "aws_iam_openid_connect_provider",
      "name": "oidc_provider",
      "provider": "provider[\"registry.terraform.io/hashicorp/aws\"]",
      "instances": [
        {
          "index_key": 0,
          "schema_version": 0,
          "attributes": {
            "arn": "arn:aws:iam::324005994172:oidc-provider/oidc.eks.us-east-1.amazonaws.com/id/8DAF3A8C157CFB6B785FC79B58795859",
            "client_id_list": [
              "sts.amazonaws.com"
            ],
            "id": "arn:aws:iam::324005994172:oidc-provider/oidc.eks.us-east-1.amazonaws.com/id/8DAF3A8C157CFB6B785FC79B58795859",
            "tags": {
              "Name": "acaternberg-tf-eks-irsa"
            },
            "tags_all": {
              "Name": "acaternberg-tf-eks-irsa",
              "cb:environment": "ps-dev",
              "cb:owner": "professional-services",
              "cb:user": "acaternberg",
              "kubernetes.io/cluster/acaternberg-tf": "owned",
              "ps-genetes/cluster": "acaternberg-tf",
              "ps-genetes/stack": "eks-tf"
            },
            "thumbprint_list": [
              "9e99a48a9960b14926bb7f3b02e22da2b0ab7280",
              "06b25927c42a721631c1efd9431e648fa62e1e39",
              "414a2060b738c635cc7fc243e052615592830c53",
              "aaa68bb211d468db8a8a19561ccba2e4043dcc80"
            ],
            "url": "oidc.eks.us-east-1.amazonaws.com/id/8DAF3A8C157CFB6B785FC79B58795859"
          },
          "sensitive_attributes": [],
          "private": "bnVsbA==",
          "dependencies": [
            "module.base.aws_security_group.alb",
            "module.base.data.aws_availability_zones.available_azs",
            "module.base.module.cluster.aws_cloudwatch_log_group.this",
            "module.base.module.cluster.aws_eks_cluster.this",
            "module.base.module.cluster.aws_iam_policy.cni_ipv6_policy",
            "module.base.module.cluster.aws_iam_role.this",
            "module.base.module.cluster.aws_iam_role_policy_attachment.this",
            "module.base.module.cluster.aws_security_group.cluster",
            "module.base.module.cluster.aws_security_group.node",
            "module.base.module.cluster.aws_security_group_rule.cluster",
            "module.base.module.cluster.aws_security_group_rule.node",
            "module.base.module.cluster.data.aws_iam_policy_document.assume_role_policy",
            "module.base.module.cluster.data.aws_iam_session_context.current",
            "module.base.module.cluster.data.aws_partition.current",
            "module.base.module.cluster.data.tls_certificate.this",
            "module.base.module.cluster.module.kms.aws_kms_external_key.this",
            "module.base.module.cluster.module.kms.aws_kms_key.this",
            "module.base.module.cluster.module.kms.data.aws_caller_identity.current",
            "module.base.module.cluster.module.kms.data.aws_iam_policy_document.this",
            "module.base.module.cluster.module.kms.data.aws_partition.current",
            "module.base.module.vpc.aws_subnet.private",
            "module.base.module.vpc.aws_vpc.this",
            "module.base.module.vpc.aws_vpc_ipv4_cidr_block_association.this"
          ]
        }
      ]
    },
    {
      "module": "module.base.module.cluster",
      "mode": "managed",
      "type": "aws_iam_policy",
      "name": "cluster_encryption",
      "provider": "provider[\"registry.terraform.io/hashicorp/aws\"]",
      "instances": [
        {
          "index_key": 0,
          "schema_version": 0,
          "attributes": {
            "arn": "arn:aws:iam::324005994172:policy/acaternberg-tf-cluster-ClusterEncryption20230703114420761100000016",
            "description": "Cluster encryption policy to allow cluster role to utilize CMK provided",
            "id": "arn:aws:iam::324005994172:policy/acaternberg-tf-cluster-ClusterEncryption20230703114420761100000016",
            "name": "acaternberg-tf-cluster-ClusterEncryption20230703114420761100000016",
            "name_prefix": "acaternberg-tf-cluster-ClusterEncryption",
            "path": "/",
            "policy": "{\"Statement\":[{\"Action\":[\"kms:Encrypt\",\"kms:Decrypt\",\"kms:ListGrants\",\"kms:DescribeKey\"],\"Effect\":\"Allow\",\"Resource\":\"arn:aws:kms:us-east-1:324005994172:key/e78aee11-3327-4c1e-8555-583030f24ec4\"}],\"Version\":\"2012-10-17\"}",
            "policy_id": "ANPAUW4CDD26DOI4PVDUB",
            "tags": null,
            "tags_all": {
              "cb:environment": "ps-dev",
              "cb:owner": "professional-services",
              "cb:user": "acaternberg",
              "kubernetes.io/cluster/acaternberg-tf": "owned",
              "ps-genetes/cluster": "acaternberg-tf",
              "ps-genetes/stack": "eks-tf"
            }
          },
          "sensitive_attributes": [],
          "private": "bnVsbA==",
          "dependencies": [
            "module.base.module.cluster.aws_iam_role.this",
            "module.base.module.cluster.data.aws_iam_policy_document.assume_role_policy",
            "module.base.module.cluster.data.aws_iam_session_context.current",
            "module.base.module.cluster.module.kms.aws_kms_external_key.this",
            "module.base.module.cluster.module.kms.aws_kms_key.this",
            "module.base.module.cluster.module.kms.data.aws_caller_identity.current",
            "module.base.module.cluster.module.kms.data.aws_iam_policy_document.this",
            "module.base.module.cluster.module.kms.data.aws_partition.current"
          ]
        }
      ]
    },
    {
      "module": "module.base.module.cluster",
      "mode": "managed",
      "type": "aws_iam_policy",
      "name": "cni_ipv6_policy",
      "provider": "provider[\"registry.terraform.io/hashicorp/aws\"]",
      "instances": []
    },
    {
      "module": "module.base.module.cluster",
      "mode": "managed",
      "type": "aws_iam_role",
      "name": "this",
      "provider": "provider[\"registry.terraform.io/hashicorp/aws\"]",
      "instances": [
        {
          "index_key": 0,
          "schema_version": 0,
          "attributes": {
            "arn": "arn:aws:iam::324005994172:role/acaternberg-tf-cluster-20230703114355862300000005",
            "assume_role_policy": "{\"Statement\":[{\"Action\":\"sts:AssumeRole\",\"Effect\":\"Allow\",\"Principal\":{\"Service\":\"eks.amazonaws.com\"},\"Sid\":\"EKSClusterAssumeRole\"}],\"Version\":\"2012-10-17\"}",
            "create_date": "2023-07-03T11:43:56Z",
            "description": "",
            "force_detach_policies": true,
            "id": "acaternberg-tf-cluster-20230703114355862300000005",
            "inline_policy": [
              {
                "name": "acaternberg-tf-cluster",
                "policy": "{\"Version\":\"2012-10-17\",\"Statement\":[{\"Action\":[\"logs:CreateLogGroup\"],\"Effect\":\"Deny\",\"Resource\":\"*\"}]}"
              }
            ],
            "managed_policy_arns": [],
            "max_session_duration": 3600,
            "name": "acaternberg-tf-cluster-20230703114355862300000005",
            "name_prefix": "acaternberg-tf-cluster-",
            "path": "/",
            "permissions_boundary": null,
            "role_last_used": [
              {
                "last_used_date": "",
                "region": ""
              }
            ],
            "tags": null,
            "tags_all": {
              "cb:environment": "ps-dev",
              "cb:owner": "professional-services",
              "cb:user": "acaternberg",
              "kubernetes.io/cluster/acaternberg-tf": "owned",
              "ps-genetes/cluster": "acaternberg-tf",
              "ps-genetes/stack": "eks-tf"
            },
            "unique_id": "AROAUW4CDD26BA7X2K56U"
          },
          "sensitive_attributes": [],
          "private": "bnVsbA==",
          "dependencies": [
            "module.base.module.cluster.data.aws_iam_policy_document.assume_role_policy"
          ],
          "create_before_destroy": true
        }
      ]
    },
    {
      "module": "module.base.module.cluster",
      "mode": "managed",
      "type": "aws_iam_role_policy_attachment",
      "name": "cluster_encryption",
      "provider": "provider[\"registry.terraform.io/hashicorp/aws\"]",
      "instances": [
        {
          "index_key": 0,
          "schema_version": 0,
          "attributes": {
            "id": "acaternberg-tf-cluster-20230703114355862300000005-20230703114421468900000017",
            "policy_arn": "arn:aws:iam::324005994172:policy/acaternberg-tf-cluster-ClusterEncryption20230703114420761100000016",
            "role": "acaternberg-tf-cluster-20230703114355862300000005"
          },
          "sensitive_attributes": [],
          "private": "bnVsbA==",
          "dependencies": [
            "module.base.module.cluster.aws_iam_policy.cluster_encryption",
            "module.base.module.cluster.aws_iam_role.this",
            "module.base.module.cluster.data.aws_iam_policy_document.assume_role_policy",
            "module.base.module.cluster.data.aws_iam_session_context.current",
            "module.base.module.cluster.module.kms.aws_kms_external_key.this",
            "module.base.module.cluster.module.kms.aws_kms_key.this",
            "module.base.module.cluster.module.kms.data.aws_caller_identity.current",
            "module.base.module.cluster.module.kms.data.aws_iam_policy_document.this",
            "module.base.module.cluster.module.kms.data.aws_partition.current"
          ]
        }
      ]
    },
    {
      "module": "module.base.module.cluster",
      "mode": "managed",
      "type": "aws_iam_role_policy_attachment",
      "name": "this",
      "provider": "provider[\"registry.terraform.io/hashicorp/aws\"]",
      "instances": [
        {
          "index_key": "AmazonEKSClusterPolicy",
          "schema_version": 0,
          "attributes": {
            "id": "acaternberg-tf-cluster-20230703114355862300000005-2023070311435750220000000e",
            "policy_arn": "arn:aws:iam::aws:policy/AmazonEKSClusterPolicy",
            "role": "acaternberg-tf-cluster-20230703114355862300000005"
          },
          "sensitive_attributes": [],
          "private": "bnVsbA==",
          "dependencies": [
            "module.base.module.cluster.aws_iam_role.this",
            "module.base.module.cluster.data.aws_iam_policy_document.assume_role_policy",
            "module.base.module.cluster.data.aws_partition.current"
          ],
          "create_before_destroy": true
        },
        {
          "index_key": "AmazonEKSVPCResourceController",
          "schema_version": 0,
          "attributes": {
            "id": "acaternberg-tf-cluster-20230703114355862300000005-2023070311435752590000000f",
            "policy_arn": "arn:aws:iam::aws:policy/AmazonEKSVPCResourceController",
            "role": "acaternberg-tf-cluster-20230703114355862300000005"
          },
          "sensitive_attributes": [],
          "private": "bnVsbA==",
          "dependencies": [
            "module.base.module.cluster.aws_iam_role.this",
            "module.base.module.cluster.data.aws_iam_policy_document.assume_role_policy",
            "module.base.module.cluster.data.aws_partition.current"
          ],
          "create_before_destroy": true
        }
      ]
    },
    {
      "module": "module.base.module.cluster",
      "mode": "managed",
      "type": "aws_security_group",
      "name": "cluster",
      "provider": "provider[\"registry.terraform.io/hashicorp/aws\"]",
      "instances": [
        {
          "index_key": 0,
          "schema_version": 1,
          "attributes": {
            "arn": "arn:aws:ec2:us-east-1:324005994172:security-group/sg-0a003664bc712d515",
            "description": "EKS cluster security group",
            "egress": [],
            "id": "sg-0a003664bc712d515",
            "ingress": [],
            "name": "acaternberg-tf-cluster-20230703114411653700000014",
            "name_prefix": "acaternberg-tf-cluster-",
            "owner_id": "324005994172",
            "revoke_rules_on_delete": false,
            "tags": {
              "Name": "acaternberg-tf-cluster"
            },
            "tags_all": {
              "Name": "acaternberg-tf-cluster",
              "cb:environment": "ps-dev",
              "cb:owner": "professional-services",
              "cb:user": "acaternberg",
              "kubernetes.io/cluster/acaternberg-tf": "owned",
              "ps-genetes/cluster": "acaternberg-tf",
              "ps-genetes/stack": "eks-tf"
            },
            "timeouts": null,
            "vpc_id": "vpc-0e868d3a3e43bec75"
          },
          "sensitive_attributes": [],
          "private": "eyJlMmJmYjczMC1lY2FhLTExZTYtOGY4OC0zNDM2M2JjN2M0YzAiOnsiY3JlYXRlIjo2MDAwMDAwMDAwMDAsImRlbGV0ZSI6OTAwMDAwMDAwMDAwfSwic2NoZW1hX3ZlcnNpb24iOiIxIn0=",
          "dependencies": [
            "module.base.module.vpc.aws_vpc.this"
          ],
          "create_before_destroy": true
        }
      ]
    },
    {
      "module": "module.base.module.cluster",
      "mode": "managed",
      "type": "aws_security_group",
      "name": "node",
      "provider": "provider[\"registry.terraform.io/hashicorp/aws\"]",
      "instances": [
        {
          "index_key": 0,
          "schema_version": 1,
          "attributes": {
            "arn": "arn:aws:ec2:us-east-1:324005994172:security-group/sg-0d2ee80233d30b923",
            "description": "EKS node shared security group",
            "egress": [],
            "id": "sg-0d2ee80233d30b923",
            "ingress": [],
            "name": "acaternberg-tf-node-20230703114411653700000013",
            "name_prefix": "acaternberg-tf-node-",
            "owner_id": "324005994172",
            "revoke_rules_on_delete": false,
            "tags": {
              "Name": "acaternberg-tf-node"
            },
            "tags_all": {
              "Name": "acaternberg-tf-node",
              "cb:environment": "ps-dev",
              "cb:owner": "professional-services",
              "cb:user": "acaternberg",
              "kubernetes.io/cluster/acaternberg-tf": "owned",
              "ps-genetes/cluster": "acaternberg-tf",
              "ps-genetes/stack": "eks-tf"
            },
            "timeouts": null,
            "vpc_id": "vpc-0e868d3a3e43bec75"
          },
          "sensitive_attributes": [],
          "private": "eyJlMmJmYjczMC1lY2FhLTExZTYtOGY4OC0zNDM2M2JjN2M0YzAiOnsiY3JlYXRlIjo2MDAwMDAwMDAwMDAsImRlbGV0ZSI6OTAwMDAwMDAwMDAwfSwic2NoZW1hX3ZlcnNpb24iOiIxIn0=",
          "dependencies": [
            "module.base.module.vpc.aws_vpc.this"
          ],
          "create_before_destroy": true
        }
      ]
    },
    {
      "module": "module.base.module.cluster",
      "mode": "managed",
      "type": "aws_security_group_rule",
      "name": "cluster",
      "provider": "provider[\"registry.terraform.io/hashicorp/aws\"]",
      "instances": [
        {
          "index_key": "ingress_nodes_443",
          "schema_version": 2,
          "attributes": {
            "cidr_blocks": null,
            "description": "Node groups to cluster API",
            "from_port": 443,
            "id": "sgrule-3454224541",
            "ipv6_cidr_blocks": null,
            "prefix_list_ids": null,
            "protocol": "tcp",
            "security_group_id": "sg-0a003664bc712d515",
            "security_group_rule_id": "sgr-0c212033fae57aa2c",
            "self": false,
            "source_security_group_id": "sg-0d2ee80233d30b923",
            "timeouts": null,
            "to_port": 443,
            "type": "ingress"
          },
          "sensitive_attributes": [],
          "private": "eyJlMmJmYjczMC1lY2FhLTExZTYtOGY4OC0zNDM2M2JjN2M0YzAiOnsiY3JlYXRlIjozMDAwMDAwMDAwMDB9LCJzY2hlbWFfdmVyc2lvbiI6IjIifQ==",
          "dependencies": [
            "module.base.module.cluster.aws_security_group.cluster",
            "module.base.module.cluster.aws_security_group.node",
            "module.base.module.vpc.aws_vpc.this"
          ],
          "create_before_destroy": true
        }
      ]
    },
    {
      "module": "module.base.module.cluster",
      "mode": "managed",
      "type": "aws_security_group_rule",
      "name": "node",
      "provider": "provider[\"registry.terraform.io/hashicorp/aws\"]",
      "instances": [
        {
          "index_key": "egress_all",
          "schema_version": 2,
          "attributes": {
            "cidr_blocks": [
              "0.0.0.0/0"
            ],
            "description": null,
            "from_port": 0,
            "id": "sgrule-2030202216",
            "ipv6_cidr_blocks": [
              "::/0"
            ],
            "prefix_list_ids": [],
            "protocol": "-1",
            "security_group_id": "sg-0d2ee80233d30b923",
            "security_group_rule_id": "",
            "self": false,
            "source_security_group_id": null,
            "timeouts": null,
            "to_port": 0,
            "type": "egress"
          },
          "sensitive_attributes": [],
          "private": "eyJlMmJmYjczMC1lY2FhLTExZTYtOGY4OC0zNDM2M2JjN2M0YzAiOnsiY3JlYXRlIjozMDAwMDAwMDAwMDB9LCJzY2hlbWFfdmVyc2lvbiI6IjIifQ==",
          "dependencies": [
            "module.base.aws_security_group.alb",
            "module.base.module.cluster.aws_security_group.cluster",
            "module.base.module.cluster.aws_security_group.node",
            "module.base.module.vpc.aws_vpc.this"
          ],
          "create_before_destroy": true
        },
        {
          "index_key": "ingress_allow_access_from_alb_sg",
          "schema_version": 2,
          "attributes": {
            "cidr_blocks": null,
            "description": null,
            "from_port": 0,
            "id": "sgrule-1330590455",
            "ipv6_cidr_blocks": null,
            "prefix_list_ids": [],
            "protocol": "-1",
            "security_group_id": "sg-0d2ee80233d30b923",
            "security_group_rule_id": "sgr-0582120497d8c5465",
            "self": false,
            "source_security_group_id": "sg-0766d19c21687aab6",
            "timeouts": null,
            "to_port": 0,
            "type": "ingress"
          },
          "sensitive_attributes": [],
          "private": "eyJlMmJmYjczMC1lY2FhLTExZTYtOGY4OC0zNDM2M2JjN2M0YzAiOnsiY3JlYXRlIjozMDAwMDAwMDAwMDB9LCJzY2hlbWFfdmVyc2lvbiI6IjIifQ==",
          "dependencies": [
            "module.base.aws_security_group.alb",
            "module.base.module.cluster.aws_security_group.cluster",
            "module.base.module.cluster.aws_security_group.node",
            "module.base.module.vpc.aws_vpc.this"
          ],
          "create_before_destroy": true
        },
        {
          "index_key": "ingress_cluster_443",
          "schema_version": 2,
          "attributes": {
            "cidr_blocks": null,
            "description": "Cluster API to node groups",
            "from_port": 443,
            "id": "sgrule-2240579872",
            "ipv6_cidr_blocks": null,
            "prefix_list_ids": [],
            "protocol": "tcp",
            "security_group_id": "sg-0d2ee80233d30b923",
            "security_group_rule_id": "sgr-0163da03e9e4c685f",
            "self": false,
            "source_security_group_id": "sg-0a003664bc712d515",
            "timeouts": null,
            "to_port": 443,
            "type": "ingress"
          },
          "sensitive_attributes": [],
          "private": "eyJlMmJmYjczMC1lY2FhLTExZTYtOGY4OC0zNDM2M2JjN2M0YzAiOnsiY3JlYXRlIjozMDAwMDAwMDAwMDB9LCJzY2hlbWFfdmVyc2lvbiI6IjIifQ==",
          "dependencies": [
            "module.base.aws_security_group.alb",
            "module.base.module.cluster.aws_security_group.cluster",
            "module.base.module.cluster.aws_security_group.node",
            "module.base.module.vpc.aws_vpc.this"
          ],
          "create_before_destroy": true
        },
        {
          "index_key": "ingress_cluster_4443_webhook",
          "schema_version": 2,
          "attributes": {
            "cidr_blocks": null,
            "description": "Cluster API to node 4443/tcp webhook",
            "from_port": 4443,
            "id": "sgrule-687396725",
            "ipv6_cidr_blocks": null,
            "prefix_list_ids": [],
            "protocol": "tcp",
            "security_group_id": "sg-0d2ee80233d30b923",
            "security_group_rule_id": "sgr-0da2098c81f3c7798",
            "self": false,
            "source_security_group_id": "sg-0a003664bc712d515",
            "timeouts": null,
            "to_port": 4443,
            "type": "ingress"
          },
          "sensitive_attributes": [],
          "private": "eyJlMmJmYjczMC1lY2FhLTExZTYtOGY4OC0zNDM2M2JjN2M0YzAiOnsiY3JlYXRlIjozMDAwMDAwMDAwMDB9LCJzY2hlbWFfdmVyc2lvbiI6IjIifQ==",
          "dependencies": [
            "module.base.aws_security_group.alb",
            "module.base.module.cluster.aws_security_group.cluster",
            "module.base.module.cluster.aws_security_group.node",
            "module.base.module.vpc.aws_vpc.this"
          ],
          "create_before_destroy": true
        },
        {
          "index_key": "ingress_cluster_6443_webhook",
          "schema_version": 2,
          "attributes": {
            "cidr_blocks": null,
            "description": "Cluster API to node 6443/tcp webhook",
            "from_port": 6443,
            "id": "sgrule-3787108579",
            "ipv6_cidr_blocks": null,
            "prefix_list_ids": [],
            "protocol": "tcp",
            "security_group_id": "sg-0d2ee80233d30b923",
            "security_group_rule_id": "sgr-095ade30f8f2b260e",
            "self": false,
            "source_security_group_id": "sg-0a003664bc712d515",
            "timeouts": null,
            "to_port": 6443,
            "type": "ingress"
          },
          "sensitive_attributes": [],
          "private": "eyJlMmJmYjczMC1lY2FhLTExZTYtOGY4OC0zNDM2M2JjN2M0YzAiOnsiY3JlYXRlIjozMDAwMDAwMDAwMDB9LCJzY2hlbWFfdmVyc2lvbiI6IjIifQ==",
          "dependencies": [
            "module.base.aws_security_group.alb",
            "module.base.module.cluster.aws_security_group.cluster",
            "module.base.module.cluster.aws_security_group.node",
            "module.base.module.vpc.aws_vpc.this"
          ],
          "create_before_destroy": true
        },
        {
          "index_key": "ingress_cluster_8443_webhook",
          "schema_version": 2,
          "attributes": {
            "cidr_blocks": null,
            "description": "Cluster API to node 8443/tcp webhook",
            "from_port": 8443,
            "id": "sgrule-4075195586",
            "ipv6_cidr_blocks": null,
            "prefix_list_ids": [],
            "protocol": "tcp",
            "security_group_id": "sg-0d2ee80233d30b923",
            "security_group_rule_id": "sgr-043ac6d25fa3cc1f8",
            "self": false,
            "source_security_group_id": "sg-0a003664bc712d515",
            "timeouts": null,
            "to_port": 8443,
            "type": "ingress"
          },
          "sensitive_attributes": [],
          "private": "eyJlMmJmYjczMC1lY2FhLTExZTYtOGY4OC0zNDM2M2JjN2M0YzAiOnsiY3JlYXRlIjozMDAwMDAwMDAwMDB9LCJzY2hlbWFfdmVyc2lvbiI6IjIifQ==",
          "dependencies": [
            "module.base.aws_security_group.alb",
            "module.base.module.cluster.aws_security_group.cluster",
            "module.base.module.cluster.aws_security_group.node",
            "module.base.module.vpc.aws_vpc.this"
          ],
          "create_before_destroy": true
        },
        {
          "index_key": "ingress_cluster_9443_webhook",
          "schema_version": 2,
          "attributes": {
            "cidr_blocks": null,
            "description": "Cluster API to node 9443/tcp webhook",
            "from_port": 9443,
            "id": "sgrule-2521284361",
            "ipv6_cidr_blocks": null,
            "prefix_list_ids": [],
            "protocol": "tcp",
            "security_group_id": "sg-0d2ee80233d30b923",
            "security_group_rule_id": "sgr-0d48bb587fd18a334",
            "self": false,
            "source_security_group_id": "sg-0a003664bc712d515",
            "timeouts": null,
            "to_port": 9443,
            "type": "ingress"
          },
          "sensitive_attributes": [],
          "private": "eyJlMmJmYjczMC1lY2FhLTExZTYtOGY4OC0zNDM2M2JjN2M0YzAiOnsiY3JlYXRlIjozMDAwMDAwMDAwMDB9LCJzY2hlbWFfdmVyc2lvbiI6IjIifQ==",
          "dependencies": [
            "module.base.aws_security_group.alb",
            "module.base.module.cluster.aws_security_group.cluster",
            "module.base.module.cluster.aws_security_group.node",
            "module.base.module.vpc.aws_vpc.this"
          ],
          "create_before_destroy": true
        },
        {
          "index_key": "ingress_cluster_kubelet",
          "schema_version": 2,
          "attributes": {
            "cidr_blocks": null,
            "description": "Cluster API to node kubelets",
            "from_port": 10250,
            "id": "sgrule-3632363629",
            "ipv6_cidr_blocks": null,
            "prefix_list_ids": [],
            "protocol": "tcp",
            "security_group_id": "sg-0d2ee80233d30b923",
            "security_group_rule_id": "sgr-0d3809e28b47fc5e2",
            "self": false,
            "source_security_group_id": "sg-0a003664bc712d515",
            "timeouts": null,
            "to_port": 10250,
            "type": "ingress"
          },
          "sensitive_attributes": [],
          "private": "eyJlMmJmYjczMC1lY2FhLTExZTYtOGY4OC0zNDM2M2JjN2M0YzAiOnsiY3JlYXRlIjozMDAwMDAwMDAwMDB9LCJzY2hlbWFfdmVyc2lvbiI6IjIifQ==",
          "dependencies": [
            "module.base.aws_security_group.alb",
            "module.base.module.cluster.aws_security_group.cluster",
            "module.base.module.cluster.aws_security_group.node",
            "module.base.module.vpc.aws_vpc.this"
          ],
          "create_before_destroy": true
        },
        {
          "index_key": "ingress_nodes_ephemeral",
          "schema_version": 2,
          "attributes": {
            "cidr_blocks": null,
            "description": "Node to node ingress on ephemeral ports",
            "from_port": 1025,
            "id": "sgrule-1213359352",
            "ipv6_cidr_blocks": null,
            "prefix_list_ids": [],
            "protocol": "tcp",
            "security_group_id": "sg-0d2ee80233d30b923",
            "security_group_rule_id": "sgr-0a16d32aa50967b4d",
            "self": true,
            "source_security_group_id": null,
            "timeouts": null,
            "to_port": 65535,
            "type": "ingress"
          },
          "sensitive_attributes": [],
          "private": "eyJlMmJmYjczMC1lY2FhLTExZTYtOGY4OC0zNDM2M2JjN2M0YzAiOnsiY3JlYXRlIjozMDAwMDAwMDAwMDB9LCJzY2hlbWFfdmVyc2lvbiI6IjIifQ==",
          "dependencies": [
            "module.base.aws_security_group.alb",
            "module.base.module.cluster.aws_security_group.cluster",
            "module.base.module.cluster.aws_security_group.node",
            "module.base.module.vpc.aws_vpc.this"
          ],
          "create_before_destroy": true
        },
        {
          "index_key": "ingress_self_all",
          "schema_version": 2,
          "attributes": {
            "cidr_blocks": null,
            "description": null,
            "from_port": 0,
            "id": "sgrule-3602636719",
            "ipv6_cidr_blocks": null,
            "prefix_list_ids": [],
            "protocol": "-1",
            "security_group_id": "sg-0d2ee80233d30b923",
            "security_group_rule_id": "sgr-0de2167fe088a5525",
            "self": true,
            "source_security_group_id": null,
            "timeouts": null,
            "to_port": 0,
            "type": "ingress"
          },
          "sensitive_attributes": [],
          "private": "eyJlMmJmYjczMC1lY2FhLTExZTYtOGY4OC0zNDM2M2JjN2M0YzAiOnsiY3JlYXRlIjozMDAwMDAwMDAwMDB9LCJzY2hlbWFfdmVyc2lvbiI6IjIifQ==",
          "dependencies": [
            "module.base.aws_security_group.alb",
            "module.base.module.cluster.aws_security_group.cluster",
            "module.base.module.cluster.aws_security_group.node",
            "module.base.module.vpc.aws_vpc.this"
          ],
          "create_before_destroy": true
        },
        {
          "index_key": "ingress_self_coredns_tcp",
          "schema_version": 2,
          "attributes": {
            "cidr_blocks": null,
            "description": "Node to node CoreDNS",
            "from_port": 53,
            "id": "sgrule-2540626647",
            "ipv6_cidr_blocks": null,
            "prefix_list_ids": [],
            "protocol": "tcp",
            "security_group_id": "sg-0d2ee80233d30b923",
            "security_group_rule_id": "sgr-0689dab1dc9bd7a40",
            "self": true,
            "source_security_group_id": null,
            "timeouts": null,
            "to_port": 53,
            "type": "ingress"
          },
          "sensitive_attributes": [],
          "private": "eyJlMmJmYjczMC1lY2FhLTExZTYtOGY4OC0zNDM2M2JjN2M0YzAiOnsiY3JlYXRlIjozMDAwMDAwMDAwMDB9LCJzY2hlbWFfdmVyc2lvbiI6IjIifQ==",
          "dependencies": [
            "module.base.aws_security_group.alb",
            "module.base.module.cluster.aws_security_group.cluster",
            "module.base.module.cluster.aws_security_group.node",
            "module.base.module.vpc.aws_vpc.this"
          ],
          "create_before_destroy": true
        },
        {
          "index_key": "ingress_self_coredns_udp",
          "schema_version": 2,
          "attributes": {
            "cidr_blocks": null,
            "description": "Node to node CoreDNS UDP",
            "from_port": 53,
            "id": "sgrule-858865976",
            "ipv6_cidr_blocks": null,
            "prefix_list_ids": [],
            "protocol": "udp",
            "security_group_id": "sg-0d2ee80233d30b923",
            "security_group_rule_id": "sgr-0197ba75e73064642",
            "self": true,
            "source_security_group_id": null,
            "timeouts": null,
            "to_port": 53,
            "type": "ingress"
          },
          "sensitive_attributes": [],
          "private": "eyJlMmJmYjczMC1lY2FhLTExZTYtOGY4OC0zNDM2M2JjN2M0YzAiOnsiY3JlYXRlIjozMDAwMDAwMDAwMDB9LCJzY2hlbWFfdmVyc2lvbiI6IjIifQ==",
          "dependencies": [
            "module.base.aws_security_group.alb",
            "module.base.module.cluster.aws_security_group.cluster",
            "module.base.module.cluster.aws_security_group.node",
            "module.base.module.vpc.aws_vpc.this"
          ],
          "create_before_destroy": true
        }
      ]
    },
    {
      "module": "module.base.module.cluster",
      "mode": "managed",
      "type": "time_sleep",
      "name": "this",
      "provider": "provider[\"registry.terraform.io/hashicorp/time\"]",
      "instances": [
        {
          "index_key": 0,
          "schema_version": 0,
          "attributes": {
            "create_duration": "30s",
            "destroy_duration": null,
            "id": "2023-07-03T11:54:54Z",
            "triggers": {
              "cluster_certificate_authority_data": "LS0tLS1CRUdJTiBDRVJUSUZJQ0FURS0tLS0tCk1JSUMvakNDQWVhZ0F3SUJBZ0lCQURBTkJna3Foa2lHOXcwQkFRc0ZBREFWTVJNd0VRWURWUVFERXdwcmRXSmwKY201bGRHVnpNQjRYRFRJek1EY3dNekV4TkRreU5sb1hEVE16TURZek1ERXhORGt5Tmxvd0ZURVRNQkVHQTFVRQpBeE1LYTNWaVpYSnVaWFJsY3pDQ0FTSXdEUVlKS29aSWh2Y05BUUVCQlFBRGdnRVBBRENDQVFvQ2dnRUJBSjBSCmoxMDJpM2tLcGNEMVdjQUNpOVFsU1U0cU83MVN1ejEyK3YzK0I1RENjTFZzRDZEQ3hST2RjalpaRmJIQ3VsSHcKQkx6ZkdVelhLUytrZ1FocDdvcWIyU1BRQVkzUEsxY1hlVjVUTHhyT1JtSklCaDJQaGo1OFVIRXJjRFBMNERCeAphUU4wTGJFSEpreWJ3Wkd6Ty9yRG1yWlQxNXJlWi9od0VRNk82WTZUcDVUUnhTcUw0UXQvY1R4QUR3eG9FbDNXCnlrK0lNVHo3bytMTzEwUnhzYVVEdUYzRHZTb0RoU01IT3lkaEQ4Q3V3dlB0MEQ3U1VBVzRmNzFwZlA5bG5jczMKdkg4eVJMNkhOVUJMditnM29rbFhJUzEvQ3N2enBCLy9BQkh6NU0yL3dmekI2MkJpWVBleFlWUEVOaHQ4aWFMcwpEOE93OUhpaUZKaUtSa1d2RUQ4Q0F3RUFBYU5aTUZjd0RnWURWUjBQQVFIL0JBUURBZ0trTUE4R0ExVWRFd0VCCi93UUZNQU1CQWY4d0hRWURWUjBPQkJZRUZFdHoxei9nWWh2UG9PVkdpbGt2THlzb015TWxNQlVHQTFVZEVRUU8KTUF5Q0NtdDFZbVZ5Ym1WMFpYTXdEUVlKS29aSWh2Y05BUUVMQlFBRGdnRUJBSWVLN3FvNWtCd0swRFhBbGQ1cwowTVM2ZGZWaUgxejNZOE9VUGR2Z254eUJsNUpiRld0S2NaTVlBVEx3N1BmQjdDSlNGOUJPQ3RVckpIQW91aXBFCjNnbUtDK0xHalIvUXJPYTFjc1dlZjBaeGt3TmhrUm5aVE9RNm50ZFJIWmZQd3BHeUI3TlIzd1hsT0NkS2s5QkYKaytKV3JEZmMvOS9lZ3ptbElNU2g2NjNYNTZDOG0zaUt5N0k0T2grYTJUL0ZJNExCNXJTU1hFeDB4KzNQMzNaZQpSQXFkNXJKSTNNWlBKdzYyUTBPU2hRV3crQWFKdk5qcEJud2pya0xjcWJVbHVqak92b0t2Yno5VzBSbWloUjE1CnBnZldFaVFaVjVKZUZDS0xja29HUVE1OWMxaGt5ZGtVY3Y2Vnl2a0FXOWJTZGdCSWZxeWdYMElGRzhWcExaYWgKREJjPQotLS0tLUVORCBDRVJUSUZJQ0FURS0tLS0tCg==",
              "cluster_endpoint": "https://8DAF3A8C157CFB6B785FC79B58795859.gr7.us-east-1.eks.amazonaws.com",
              "cluster_name": "acaternberg-tf",
              "cluster_version": "1.26"
            }
          },
          "sensitive_attributes": [],
          "dependencies": [
            "module.base.aws_security_group.alb",
            "module.base.data.aws_availability_zones.available_azs",
            "module.base.module.cluster.aws_cloudwatch_log_group.this",
            "module.base.module.cluster.aws_eks_cluster.this",
            "module.base.module.cluster.aws_iam_policy.cni_ipv6_policy",
            "module.base.module.cluster.aws_iam_role.this",
            "module.base.module.cluster.aws_iam_role_policy_attachment.this",
            "module.base.module.cluster.aws_security_group.cluster",
            "module.base.module.cluster.aws_security_group.node",
            "module.base.module.cluster.aws_security_group_rule.cluster",
            "module.base.module.cluster.aws_security_group_rule.node",
            "module.base.module.cluster.data.aws_iam_policy_document.assume_role_policy",
            "module.base.module.cluster.data.aws_iam_session_context.current",
            "module.base.module.cluster.data.aws_partition.current",
            "module.base.module.cluster.module.kms.aws_kms_external_key.this",
            "module.base.module.cluster.module.kms.aws_kms_key.this",
            "module.base.module.cluster.module.kms.data.aws_caller_identity.current",
            "module.base.module.cluster.module.kms.data.aws_iam_policy_document.this",
            "module.base.module.cluster.module.kms.data.aws_partition.current",
            "module.base.module.vpc.aws_subnet.private",
            "module.base.module.vpc.aws_vpc.this",
            "module.base.module.vpc.aws_vpc_ipv4_cidr_block_association.this"
          ],
          "create_before_destroy": true
        }
      ]
    },
    {
      "module": "module.base.module.cluster.module.eks_managed_node_group[\"ci-agents\"]",
      "mode": "data",
      "type": "aws_caller_identity",
      "name": "current",
      "provider": "provider[\"registry.terraform.io/hashicorp/aws\"]",
      "instances": [
        {
          "schema_version": 0,
          "attributes": {
            "account_id": "324005994172",
            "arn": "arn:aws:sts::324005994172:assumed-role/AWSReservedSSO_infra-admin_256addbf79cfacd1/acaternberg@cloudbees.com",
            "id": "324005994172",
            "user_id": "AROAUW4CDD26C3TLU25MA:acaternberg@cloudbees.com"
          },
          "sensitive_attributes": []
        }
      ]
    },
    {
      "module": "module.base.module.cluster.module.eks_managed_node_group[\"ci-agents\"]",
      "mode": "data",
      "type": "aws_iam_policy_document",
      "name": "assume_role_policy",
      "provider": "provider[\"registry.terraform.io/hashicorp/aws\"]",
      "instances": [
        {
          "index_key": 0,
          "schema_version": 0,
          "attributes": {
            "id": "2560088296",
            "json": "{\n  \"Version\": \"2012-10-17\",\n  \"Statement\": [\n    {\n      \"Sid\": \"EKSNodeAssumeRole\",\n      \"Effect\": \"Allow\",\n      \"Action\": \"sts:AssumeRole\",\n      \"Principal\": {\n        \"Service\": \"ec2.amazonaws.com\"\n      }\n    }\n  ]\n}",
            "override_json": null,
            "override_policy_documents": null,
            "policy_id": null,
            "source_json": null,
            "source_policy_documents": null,
            "statement": [
              {
                "actions": [
                  "sts:AssumeRole"
                ],
                "condition": [],
                "effect": "Allow",
                "not_actions": [],
                "not_principals": [],
                "not_resources": [],
                "principals": [
                  {
                    "identifiers": [
                      "ec2.amazonaws.com"
                    ],
                    "type": "Service"
                  }
                ],
                "resources": [],
                "sid": "EKSNodeAssumeRole"
              }
            ],
            "version": "2012-10-17"
          },
          "sensitive_attributes": []
        }
      ]
    },
    {
      "module": "module.base.module.cluster.module.eks_managed_node_group[\"ci-agents\"]",
      "mode": "data",
      "type": "aws_partition",
      "name": "current",
      "provider": "provider[\"registry.terraform.io/hashicorp/aws\"]",
      "instances": [
        {
          "schema_version": 0,
          "attributes": {
            "dns_suffix": "amazonaws.com",
            "id": "aws",
            "partition": "aws",
            "reverse_dns_prefix": "com.amazonaws"
          },
          "sensitive_attributes": []
        }
      ]
    },
    {
      "module": "module.base.module.cluster.module.eks_managed_node_group[\"ci-agents\"]",
      "mode": "managed",
      "type": "aws_autoscaling_schedule",
      "name": "this",
      "provider": "provider[\"registry.terraform.io/hashicorp/aws\"]",
      "instances": []
    },
    {
      "module": "module.base.module.cluster.module.eks_managed_node_group[\"ci-agents\"]",
      "mode": "managed",
      "type": "aws_eks_node_group",
      "name": "this",
      "provider": "provider[\"registry.terraform.io/hashicorp/aws\"]",
      "instances": [
        {
          "index_key": 0,
          "schema_version": 0,
          "attributes": {
            "ami_type": "AL2_x86_64",
            "arn": "arn:aws:eks:us-east-1:324005994172:nodegroup/acaternberg-tf/ci-agents-20230703115455218200000020/a8c48dcd-8a17-ca3a-929d-891b4cc5887c",
            "capacity_type": "ON_DEMAND",
            "cluster_name": "acaternberg-tf",
            "disk_size": 0,
            "force_update_version": null,
            "id": "acaternberg-tf:ci-agents-20230703115455218200000020",
            "instance_types": [
              "t3.large"
            ],
            "labels": null,
            "launch_template": [
              {
                "id": "lt-049adbee914fe8278",
                "name": "ci-agents-2023070311545423400000001e",
                "version": "1"
              }
            ],
            "node_group_name": "ci-agents-20230703115455218200000020",
            "node_group_name_prefix": "ci-agents-",
            "node_role_arn": "arn:aws:iam::324005994172:role/ci-agents-eks-node-group-20230703114355861500000003",
            "release_version": "1.26.4-20230607",
            "remote_access": [],
            "resources": [
              {
                "autoscaling_groups": [
                  {
                    "name": "eks-ci-agents-20230703115455218200000020-a8c48dcd-8a17-ca3a-929d-891b4cc5887c"
                  }
                ],
                "remote_access_security_group_id": ""
              }
            ],
            "scaling_config": [
              {
                "desired_size": 1,
                "max_size": 3,
                "min_size": 1
              }
            ],
            "status": "ACTIVE",
            "subnet_ids": [
              "subnet-00626b1456b149e78",
              "subnet-0aac35b2ca131ddaf",
              "subnet-0c102bf5213c356ec"
            ],
            "tags": {
              "Name": "ci-agents"
            },
            "tags_all": {
              "Name": "ci-agents",
              "cb:environment": "ps-dev",
              "cb:owner": "professional-services",
              "cb:user": "acaternberg",
              "kubernetes.io/cluster/acaternberg-tf": "owned",
              "ps-genetes/cluster": "acaternberg-tf",
              "ps-genetes/stack": "eks-tf"
            },
            "taint": [],
            "timeouts": {
              "create": null,
              "delete": null,
              "update": null
            },
            "update_config": [
              {
                "max_unavailable": 0,
                "max_unavailable_percentage": 33
              }
            ],
            "version": "1.26"
          },
          "sensitive_attributes": [],
          "private": "eyJlMmJmYjczMC1lY2FhLTExZTYtOGY4OC0zNDM2M2JjN2M0YzAiOnsiY3JlYXRlIjozNjAwMDAwMDAwMDAwLCJkZWxldGUiOjM2MDAwMDAwMDAwMDAsInVwZGF0ZSI6MzYwMDAwMDAwMDAwMH19",
          "dependencies": [
            "module.base.aws_security_group.alb",
            "module.base.data.aws_availability_zones.available_azs",
            "module.base.module.cluster.aws_cloudwatch_log_group.this",
            "module.base.module.cluster.aws_eks_cluster.this",
            "module.base.module.cluster.aws_iam_policy.cni_ipv6_policy",
            "module.base.module.cluster.aws_iam_role.this",
            "module.base.module.cluster.aws_iam_role_policy_attachment.this",
            "module.base.module.cluster.aws_security_group.cluster",
            "module.base.module.cluster.aws_security_group.node",
            "module.base.module.cluster.aws_security_group_rule.cluster",
            "module.base.module.cluster.aws_security_group_rule.node",
            "module.base.module.cluster.data.aws_iam_policy_document.assume_role_policy",
            "module.base.module.cluster.data.aws_iam_session_context.current",
            "module.base.module.cluster.data.aws_partition.current",
            "module.base.module.cluster.module.eks_managed_node_group.aws_iam_role.this",
            "module.base.module.cluster.module.eks_managed_node_group.aws_iam_role_policy_attachment.this",
            "module.base.module.cluster.module.eks_managed_node_group.aws_launch_template.this",
            "module.base.module.cluster.module.eks_managed_node_group.data.aws_caller_identity.current",
            "module.base.module.cluster.module.eks_managed_node_group.data.aws_iam_policy_document.assume_role_policy",
            "module.base.module.cluster.module.eks_managed_node_group.data.aws_partition.current",
            "module.base.module.cluster.module.eks_managed_node_group.module.user_data.data.cloudinit_config.linux_eks_managed_node_group",
            "module.base.module.cluster.module.kms.aws_kms_external_key.this",
            "module.base.module.cluster.module.kms.aws_kms_key.this",
            "module.base.module.cluster.module.kms.data.aws_caller_identity.current",
            "module.base.module.cluster.module.kms.data.aws_iam_policy_document.this",
            "module.base.module.cluster.module.kms.data.aws_partition.current",
            "module.base.module.cluster.time_sleep.this",
            "module.base.module.vpc.aws_subnet.private",
            "module.base.module.vpc.aws_vpc.this",
            "module.base.module.vpc.aws_vpc_ipv4_cidr_block_association.this"
          ],
          "create_before_destroy": true
        }
      ]
    },
    {
      "module": "module.base.module.cluster.module.eks_managed_node_group[\"ci-agents\"]",
      "mode": "managed",
      "type": "aws_iam_role",
      "name": "this",
      "provider": "provider[\"registry.terraform.io/hashicorp/aws\"]",
      "instances": [
        {
          "index_key": 0,
          "schema_version": 0,
          "attributes": {
            "arn": "arn:aws:iam::324005994172:role/ci-agents-eks-node-group-20230703114355861500000003",
            "assume_role_policy": "{\"Statement\":[{\"Action\":\"sts:AssumeRole\",\"Effect\":\"Allow\",\"Principal\":{\"Service\":\"ec2.amazonaws.com\"},\"Sid\":\"EKSNodeAssumeRole\"}],\"Version\":\"2012-10-17\"}",
            "create_date": "2023-07-03T11:43:56Z",
            "description": "EKS managed node group IAM role",
            "force_detach_policies": true,
            "id": "ci-agents-eks-node-group-20230703114355861500000003",
            "inline_policy": [],
            "managed_policy_arns": [],
            "max_session_duration": 3600,
            "name": "ci-agents-eks-node-group-20230703114355861500000003",
            "name_prefix": "ci-agents-eks-node-group-",
            "path": "/",
            "permissions_boundary": null,
            "role_last_used": [
              {
                "last_used_date": "",
                "region": ""
              }
            ],
            "tags": null,
            "tags_all": {
              "cb:environment": "ps-dev",
              "cb:owner": "professional-services",
              "cb:user": "acaternberg",
              "kubernetes.io/cluster/acaternberg-tf": "owned",
              "ps-genetes/cluster": "acaternberg-tf",
              "ps-genetes/stack": "eks-tf"
            },
            "unique_id": "AROAUW4CDD26NKDSMQVFS"
          },
          "sensitive_attributes": [],
          "private": "bnVsbA==",
          "dependencies": [
            "module.base.module.cluster.module.eks_managed_node_group.data.aws_iam_policy_document.assume_role_policy"
          ],
          "create_before_destroy": true
        }
      ]
    },
    {
      "module": "module.base.module.cluster.module.eks_managed_node_group[\"ci-agents\"]",
      "mode": "managed",
      "type": "aws_iam_role_policy_attachment",
      "name": "this",
      "provider": "provider[\"registry.terraform.io/hashicorp/aws\"]",
      "instances": [
        {
          "index_key": "arn:aws:iam::aws:policy/AmazonEC2ContainerRegistryReadOnly",
          "schema_version": 0,
          "attributes": {
            "id": "ci-agents-eks-node-group-20230703114355861500000003-20230703114357142400000008",
            "policy_arn": "arn:aws:iam::aws:policy/AmazonEC2ContainerRegistryReadOnly",
            "role": "ci-agents-eks-node-group-20230703114355861500000003"
          },
          "sensitive_attributes": [],
          "private": "bnVsbA==",
          "dependencies": [
            "module.base.module.cluster.module.eks_managed_node_group.aws_iam_role.this",
            "module.base.module.cluster.module.eks_managed_node_group.data.aws_caller_identity.current",
            "module.base.module.cluster.module.eks_managed_node_group.data.aws_iam_policy_document.assume_role_policy",
            "module.base.module.cluster.module.eks_managed_node_group.data.aws_partition.current"
          ],
          "create_before_destroy": true
        },
        {
          "index_key": "arn:aws:iam::aws:policy/AmazonEKSWorkerNodePolicy",
          "schema_version": 0,
          "attributes": {
            "id": "ci-agents-eks-node-group-20230703114355861500000003-20230703114357143400000009",
            "policy_arn": "arn:aws:iam::aws:policy/AmazonEKSWorkerNodePolicy",
            "role": "ci-agents-eks-node-group-20230703114355861500000003"
          },
          "sensitive_attributes": [],
          "private": "bnVsbA==",
          "dependencies": [
            "module.base.module.cluster.module.eks_managed_node_group.aws_iam_role.this",
            "module.base.module.cluster.module.eks_managed_node_group.data.aws_caller_identity.current",
            "module.base.module.cluster.module.eks_managed_node_group.data.aws_iam_policy_document.assume_role_policy",
            "module.base.module.cluster.module.eks_managed_node_group.data.aws_partition.current"
          ],
          "create_before_destroy": true
        },
        {
          "index_key": "arn:aws:iam::aws:policy/AmazonEKS_CNI_Policy",
          "schema_version": 0,
          "attributes": {
            "id": "ci-agents-eks-node-group-20230703114355861500000003-2023070311435715520000000a",
            "policy_arn": "arn:aws:iam::aws:policy/AmazonEKS_CNI_Policy",
            "role": "ci-agents-eks-node-group-20230703114355861500000003"
          },
          "sensitive_attributes": [],
          "private": "bnVsbA==",
          "dependencies": [
            "module.base.module.cluster.module.eks_managed_node_group.aws_iam_role.this",
            "module.base.module.cluster.module.eks_managed_node_group.data.aws_caller_identity.current",
            "module.base.module.cluster.module.eks_managed_node_group.data.aws_iam_policy_document.assume_role_policy",
            "module.base.module.cluster.module.eks_managed_node_group.data.aws_partition.current"
          ],
          "create_before_destroy": true
        }
      ]
    },
    {
      "module": "module.base.module.cluster.module.eks_managed_node_group[\"ci-agents\"]",
      "mode": "managed",
      "type": "aws_launch_template",
      "name": "this",
      "provider": "provider[\"registry.terraform.io/hashicorp/aws\"]",
      "instances": [
        {
          "index_key": 0,
          "schema_version": 0,
          "attributes": {
            "arn": "arn:aws:ec2:us-east-1:324005994172:launch-template/lt-049adbee914fe8278",
            "block_device_mappings": [],
            "capacity_reservation_specification": [],
            "cpu_options": [],
            "credit_specification": [],
            "default_version": 1,
            "description": "Custom launch template for ci-agents EKS managed node group",
            "disable_api_stop": false,
            "disable_api_termination": false,
            "ebs_optimized": "",
            "elastic_gpu_specifications": [],
            "elastic_inference_accelerator": [],
            "enclave_options": [],
            "hibernation_options": [],
            "iam_instance_profile": [],
            "id": "lt-049adbee914fe8278",
            "image_id": "",
            "instance_initiated_shutdown_behavior": "",
            "instance_market_options": [],
            "instance_requirements": [],
            "instance_type": "",
            "kernel_id": "",
            "key_name": "",
            "latest_version": 1,
            "license_specification": [],
            "maintenance_options": [],
            "metadata_options": [
              {
                "http_endpoint": "enabled",
                "http_protocol_ipv6": "disabled",
                "http_put_response_hop_limit": 2,
                "http_tokens": "required",
                "instance_metadata_tags": "disabled"
              }
            ],
            "monitoring": [
              {
                "enabled": true
              }
            ],
            "name": "ci-agents-2023070311545423400000001e",
            "name_prefix": "ci-agents-",
            "network_interfaces": [],
            "placement": [],
            "private_dns_name_options": [],
            "ram_disk_id": "",
            "security_group_names": null,
            "tag_specifications": [
              {
                "resource_type": "instance",
                "tags": {
                  "Name": "ci-agents"
                }
              },
              {
                "resource_type": "network-interface",
                "tags": {
                  "Name": "ci-agents"
                }
              },
              {
                "resource_type": "volume",
                "tags": {
                  "Name": "ci-agents"
                }
              }
            ],
            "tags": null,
            "tags_all": {
              "cb:environment": "ps-dev",
              "cb:owner": "professional-services",
              "cb:user": "acaternberg",
              "kubernetes.io/cluster/acaternberg-tf": "owned",
              "ps-genetes/cluster": "acaternberg-tf",
              "ps-genetes/stack": "eks-tf"
            },
            "update_default_version": true,
            "user_data": "",
            "vpc_security_group_ids": [
              "sg-0d2ee80233d30b923"
            ]
          },
          "sensitive_attributes": [],
          "private": "bnVsbA==",
          "dependencies": [
            "module.base.aws_security_group.alb",
            "module.base.data.aws_availability_zones.available_azs",
            "module.base.module.cluster.aws_cloudwatch_log_group.this",
            "module.base.module.cluster.aws_eks_cluster.this",
            "module.base.module.cluster.aws_iam_policy.cni_ipv6_policy",
            "module.base.module.cluster.aws_iam_role.this",
            "module.base.module.cluster.aws_iam_role_policy_attachment.this",
            "module.base.module.cluster.aws_security_group.cluster",
            "module.base.module.cluster.aws_security_group.node",
            "module.base.module.cluster.aws_security_group_rule.cluster",
            "module.base.module.cluster.aws_security_group_rule.node",
            "module.base.module.cluster.data.aws_iam_policy_document.assume_role_policy",
            "module.base.module.cluster.data.aws_iam_session_context.current",
            "module.base.module.cluster.data.aws_partition.current",
            "module.base.module.cluster.module.eks_managed_node_group.aws_iam_role.this",
            "module.base.module.cluster.module.eks_managed_node_group.aws_iam_role_policy_attachment.this",
            "module.base.module.cluster.module.eks_managed_node_group.data.aws_caller_identity.current",
            "module.base.module.cluster.module.eks_managed_node_group.data.aws_iam_policy_document.assume_role_policy",
            "module.base.module.cluster.module.eks_managed_node_group.data.aws_partition.current",
            "module.base.module.cluster.module.eks_managed_node_group.module.user_data.data.cloudinit_config.linux_eks_managed_node_group",
            "module.base.module.cluster.module.kms.aws_kms_external_key.this",
            "module.base.module.cluster.module.kms.aws_kms_key.this",
            "module.base.module.cluster.module.kms.data.aws_caller_identity.current",
            "module.base.module.cluster.module.kms.data.aws_iam_policy_document.this",
            "module.base.module.cluster.module.kms.data.aws_partition.current",
            "module.base.module.cluster.time_sleep.this",
            "module.base.module.vpc.aws_subnet.private",
            "module.base.module.vpc.aws_vpc.this",
            "module.base.module.vpc.aws_vpc_ipv4_cidr_block_association.this"
          ],
          "create_before_destroy": true
        }
      ]
    },
    {
      "module": "module.base.module.cluster.module.eks_managed_node_group[\"ci-agents\"].module.user_data",
      "mode": "data",
      "type": "cloudinit_config",
      "name": "linux_eks_managed_node_group",
      "provider": "provider[\"registry.terraform.io/hashicorp/cloudinit\"]",
      "instances": []
    },
    {
      "module": "module.base.module.cluster.module.eks_managed_node_group[\"ci-controllers\"]",
      "mode": "data",
      "type": "aws_caller_identity",
      "name": "current",
      "provider": "provider[\"registry.terraform.io/hashicorp/aws\"]",
      "instances": [
        {
          "schema_version": 0,
          "attributes": {
            "account_id": "324005994172",
            "arn": "arn:aws:sts::324005994172:assumed-role/AWSReservedSSO_infra-admin_256addbf79cfacd1/acaternberg@cloudbees.com",
            "id": "324005994172",
            "user_id": "AROAUW4CDD26C3TLU25MA:acaternberg@cloudbees.com"
          },
          "sensitive_attributes": []
        }
      ]
    },
    {
      "module": "module.base.module.cluster.module.eks_managed_node_group[\"ci-controllers\"]",
      "mode": "data",
      "type": "aws_iam_policy_document",
      "name": "assume_role_policy",
      "provider": "provider[\"registry.terraform.io/hashicorp/aws\"]",
      "instances": [
        {
          "index_key": 0,
          "schema_version": 0,
          "attributes": {
            "id": "2560088296",
            "json": "{\n  \"Version\": \"2012-10-17\",\n  \"Statement\": [\n    {\n      \"Sid\": \"EKSNodeAssumeRole\",\n      \"Effect\": \"Allow\",\n      \"Action\": \"sts:AssumeRole\",\n      \"Principal\": {\n        \"Service\": \"ec2.amazonaws.com\"\n      }\n    }\n  ]\n}",
            "override_json": null,
            "override_policy_documents": null,
            "policy_id": null,
            "source_json": null,
            "source_policy_documents": null,
            "statement": [
              {
                "actions": [
                  "sts:AssumeRole"
                ],
                "condition": [],
                "effect": "Allow",
                "not_actions": [],
                "not_principals": [],
                "not_resources": [],
                "principals": [
                  {
                    "identifiers": [
                      "ec2.amazonaws.com"
                    ],
                    "type": "Service"
                  }
                ],
                "resources": [],
                "sid": "EKSNodeAssumeRole"
              }
            ],
            "version": "2012-10-17"
          },
          "sensitive_attributes": []
        }
      ]
    },
    {
      "module": "module.base.module.cluster.module.eks_managed_node_group[\"ci-controllers\"]",
      "mode": "data",
      "type": "aws_partition",
      "name": "current",
      "provider": "provider[\"registry.terraform.io/hashicorp/aws\"]",
      "instances": [
        {
          "schema_version": 0,
          "attributes": {
            "dns_suffix": "amazonaws.com",
            "id": "aws",
            "partition": "aws",
            "reverse_dns_prefix": "com.amazonaws"
          },
          "sensitive_attributes": []
        }
      ]
    },
    {
      "module": "module.base.module.cluster.module.eks_managed_node_group[\"ci-controllers\"]",
      "mode": "managed",
      "type": "aws_autoscaling_schedule",
      "name": "this",
      "provider": "provider[\"registry.terraform.io/hashicorp/aws\"]",
      "instances": []
    },
    {
      "module": "module.base.module.cluster.module.eks_managed_node_group[\"ci-controllers\"]",
      "mode": "managed",
      "type": "aws_eks_node_group",
      "name": "this",
      "provider": "provider[\"registry.terraform.io/hashicorp/aws\"]",
      "instances": [
        {
          "index_key": 0,
          "schema_version": 0,
          "attributes": {
            "ami_type": "AL2_x86_64",
            "arn": "arn:aws:eks:us-east-1:324005994172:nodegroup/acaternberg-tf/ci-controllers-20230703115455218300000024/5cc48dcd-8a0a-6f92-b9cc-93e005ef935d",
            "capacity_type": "ON_DEMAND",
            "cluster_name": "acaternberg-tf",
            "disk_size": 0,
            "force_update_version": null,
            "id": "acaternberg-tf:ci-controllers-20230703115455218300000024",
            "instance_types": [
              "t3.large"
            ],
            "labels": null,
            "launch_template": [
              {
                "id": "lt-0b0d43fb128e91736",
                "name": "ci-controllers-2023070311545423400000001a",
                "version": "1"
              }
            ],
            "node_group_name": "ci-controllers-20230703115455218300000024",
            "node_group_name_prefix": "ci-controllers-",
            "node_role_arn": "arn:aws:iam::324005994172:role/ci-controllers-eks-node-group-20230703114355861300000001",
            "release_version": "1.26.4-20230607",
            "remote_access": [],
            "resources": [
              {
                "autoscaling_groups": [
                  {
                    "name": "eks-ci-controllers-20230703115455218300000024-5cc48dcd-8a0a-6f92-b9cc-93e005ef935d"
                  }
                ],
                "remote_access_security_group_id": ""
              }
            ],
            "scaling_config": [
              {
                "desired_size": 1,
                "max_size": 3,
                "min_size": 1
              }
            ],
            "status": "ACTIVE",
            "subnet_ids": [
              "subnet-00626b1456b149e78",
              "subnet-0aac35b2ca131ddaf",
              "subnet-0c102bf5213c356ec"
            ],
            "tags": {
              "Name": "ci-controllers"
            },
            "tags_all": {
              "Name": "ci-controllers",
              "cb:environment": "ps-dev",
              "cb:owner": "professional-services",
              "cb:user": "acaternberg",
              "kubernetes.io/cluster/acaternberg-tf": "owned",
              "ps-genetes/cluster": "acaternberg-tf",
              "ps-genetes/stack": "eks-tf"
            },
            "taint": [],
            "timeouts": {
              "create": null,
              "delete": null,
              "update": null
            },
            "update_config": [
              {
                "max_unavailable": 0,
                "max_unavailable_percentage": 33
              }
            ],
            "version": "1.26"
          },
          "sensitive_attributes": [],
          "private": "eyJlMmJmYjczMC1lY2FhLTExZTYtOGY4OC0zNDM2M2JjN2M0YzAiOnsiY3JlYXRlIjozNjAwMDAwMDAwMDAwLCJkZWxldGUiOjM2MDAwMDAwMDAwMDAsInVwZGF0ZSI6MzYwMDAwMDAwMDAwMH19",
          "dependencies": [
            "module.base.aws_security_group.alb",
            "module.base.data.aws_availability_zones.available_azs",
            "module.base.module.cluster.aws_cloudwatch_log_group.this",
            "module.base.module.cluster.aws_eks_cluster.this",
            "module.base.module.cluster.aws_iam_policy.cni_ipv6_policy",
            "module.base.module.cluster.aws_iam_role.this",
            "module.base.module.cluster.aws_iam_role_policy_attachment.this",
            "module.base.module.cluster.aws_security_group.cluster",
            "module.base.module.cluster.aws_security_group.node",
            "module.base.module.cluster.aws_security_group_rule.cluster",
            "module.base.module.cluster.aws_security_group_rule.node",
            "module.base.module.cluster.data.aws_iam_policy_document.assume_role_policy",
            "module.base.module.cluster.data.aws_iam_session_context.current",
            "module.base.module.cluster.data.aws_partition.current",
            "module.base.module.cluster.module.eks_managed_node_group.aws_iam_role.this",
            "module.base.module.cluster.module.eks_managed_node_group.aws_iam_role_policy_attachment.this",
            "module.base.module.cluster.module.eks_managed_node_group.aws_launch_template.this",
            "module.base.module.cluster.module.eks_managed_node_group.data.aws_caller_identity.current",
            "module.base.module.cluster.module.eks_managed_node_group.data.aws_iam_policy_document.assume_role_policy",
            "module.base.module.cluster.module.eks_managed_node_group.data.aws_partition.current",
            "module.base.module.cluster.module.eks_managed_node_group.module.user_data.data.cloudinit_config.linux_eks_managed_node_group",
            "module.base.module.cluster.module.kms.aws_kms_external_key.this",
            "module.base.module.cluster.module.kms.aws_kms_key.this",
            "module.base.module.cluster.module.kms.data.aws_caller_identity.current",
            "module.base.module.cluster.module.kms.data.aws_iam_policy_document.this",
            "module.base.module.cluster.module.kms.data.aws_partition.current",
            "module.base.module.cluster.time_sleep.this",
            "module.base.module.vpc.aws_subnet.private",
            "module.base.module.vpc.aws_vpc.this",
            "module.base.module.vpc.aws_vpc_ipv4_cidr_block_association.this"
          ],
          "create_before_destroy": true
        }
      ]
    },
    {
      "module": "module.base.module.cluster.module.eks_managed_node_group[\"ci-controllers\"]",
      "mode": "managed",
      "type": "aws_iam_role",
      "name": "this",
      "provider": "provider[\"registry.terraform.io/hashicorp/aws\"]",
      "instances": [
        {
          "index_key": 0,
          "schema_version": 0,
          "attributes": {
            "arn": "arn:aws:iam::324005994172:role/ci-controllers-eks-node-group-20230703114355861300000001",
            "assume_role_policy": "{\"Statement\":[{\"Action\":\"sts:AssumeRole\",\"Effect\":\"Allow\",\"Principal\":{\"Service\":\"ec2.amazonaws.com\"},\"Sid\":\"EKSNodeAssumeRole\"}],\"Version\":\"2012-10-17\"}",
            "create_date": "2023-07-03T11:43:56Z",
            "description": "EKS managed node group IAM role",
            "force_detach_policies": true,
            "id": "ci-controllers-eks-node-group-20230703114355861300000001",
            "inline_policy": [],
            "managed_policy_arns": [],
            "max_session_duration": 3600,
            "name": "ci-controllers-eks-node-group-20230703114355861300000001",
            "name_prefix": "ci-controllers-eks-node-group-",
            "path": "/",
            "permissions_boundary": null,
            "role_last_used": [
              {
                "last_used_date": "",
                "region": ""
              }
            ],
            "tags": null,
            "tags_all": {
              "cb:environment": "ps-dev",
              "cb:owner": "professional-services",
              "cb:user": "acaternberg",
              "kubernetes.io/cluster/acaternberg-tf": "owned",
              "ps-genetes/cluster": "acaternberg-tf",
              "ps-genetes/stack": "eks-tf"
            },
            "unique_id": "AROAUW4CDD26GSFN3AHMD"
          },
          "sensitive_attributes": [],
          "private": "bnVsbA==",
          "dependencies": [
            "module.base.module.cluster.module.eks_managed_node_group.data.aws_iam_policy_document.assume_role_policy"
          ],
          "create_before_destroy": true
        }
      ]
    },
    {
      "module": "module.base.module.cluster.module.eks_managed_node_group[\"ci-controllers\"]",
      "mode": "managed",
      "type": "aws_iam_role_policy_attachment",
      "name": "this",
      "provider": "provider[\"registry.terraform.io/hashicorp/aws\"]",
      "instances": [
        {
          "index_key": "arn:aws:iam::aws:policy/AmazonEC2ContainerRegistryReadOnly",
          "schema_version": 0,
          "attributes": {
            "id": "ci-controllers-eks-node-group-20230703114355861300000001-2023070311435732590000000c",
            "policy_arn": "arn:aws:iam::aws:policy/AmazonEC2ContainerRegistryReadOnly",
            "role": "ci-controllers-eks-node-group-20230703114355861300000001"
          },
          "sensitive_attributes": [],
          "private": "bnVsbA==",
          "dependencies": [
            "module.base.module.cluster.module.eks_managed_node_group.aws_iam_role.this",
            "module.base.module.cluster.module.eks_managed_node_group.data.aws_caller_identity.current",
            "module.base.module.cluster.module.eks_managed_node_group.data.aws_iam_policy_document.assume_role_policy",
            "module.base.module.cluster.module.eks_managed_node_group.data.aws_partition.current"
          ],
          "create_before_destroy": true
        },
        {
          "index_key": "arn:aws:iam::aws:policy/AmazonEKSWorkerNodePolicy",
          "schema_version": 0,
          "attributes": {
            "id": "ci-controllers-eks-node-group-20230703114355861300000001-2023070311435746740000000d",
            "policy_arn": "arn:aws:iam::aws:policy/AmazonEKSWorkerNodePolicy",
            "role": "ci-controllers-eks-node-group-20230703114355861300000001"
          },
          "sensitive_attributes": [],
          "private": "bnVsbA==",
          "dependencies": [
            "module.base.module.cluster.module.eks_managed_node_group.aws_iam_role.this",
            "module.base.module.cluster.module.eks_managed_node_group.data.aws_caller_identity.current",
            "module.base.module.cluster.module.eks_managed_node_group.data.aws_iam_policy_document.assume_role_policy",
            "module.base.module.cluster.module.eks_managed_node_group.data.aws_partition.current"
          ],
          "create_before_destroy": true
        },
        {
          "index_key": "arn:aws:iam::aws:policy/AmazonEKS_CNI_Policy",
          "schema_version": 0,
          "attributes": {
            "id": "ci-controllers-eks-node-group-20230703114355861300000001-2023070311435726680000000b",
            "policy_arn": "arn:aws:iam::aws:policy/AmazonEKS_CNI_Policy",
            "role": "ci-controllers-eks-node-group-20230703114355861300000001"
          },
          "sensitive_attributes": [],
          "private": "bnVsbA==",
          "dependencies": [
            "module.base.module.cluster.module.eks_managed_node_group.aws_iam_role.this",
            "module.base.module.cluster.module.eks_managed_node_group.data.aws_caller_identity.current",
            "module.base.module.cluster.module.eks_managed_node_group.data.aws_iam_policy_document.assume_role_policy",
            "module.base.module.cluster.module.eks_managed_node_group.data.aws_partition.current"
          ],
          "create_before_destroy": true
        }
      ]
    },
    {
      "module": "module.base.module.cluster.module.eks_managed_node_group[\"ci-controllers\"]",
      "mode": "managed",
      "type": "aws_launch_template",
      "name": "this",
      "provider": "provider[\"registry.terraform.io/hashicorp/aws\"]",
      "instances": [
        {
          "index_key": 0,
          "schema_version": 0,
          "attributes": {
            "arn": "arn:aws:ec2:us-east-1:324005994172:launch-template/lt-0b0d43fb128e91736",
            "block_device_mappings": [],
            "capacity_reservation_specification": [],
            "cpu_options": [],
            "credit_specification": [],
            "default_version": 1,
            "description": "Custom launch template for ci-controllers EKS managed node group",
            "disable_api_stop": false,
            "disable_api_termination": false,
            "ebs_optimized": "",
            "elastic_gpu_specifications": [],
            "elastic_inference_accelerator": [],
            "enclave_options": [],
            "hibernation_options": [],
            "iam_instance_profile": [],
            "id": "lt-0b0d43fb128e91736",
            "image_id": "",
            "instance_initiated_shutdown_behavior": "",
            "instance_market_options": [],
            "instance_requirements": [],
            "instance_type": "",
            "kernel_id": "",
            "key_name": "",
            "latest_version": 1,
            "license_specification": [],
            "maintenance_options": [],
            "metadata_options": [
              {
                "http_endpoint": "enabled",
                "http_protocol_ipv6": "disabled",
                "http_put_response_hop_limit": 2,
                "http_tokens": "required",
                "instance_metadata_tags": "disabled"
              }
            ],
            "monitoring": [
              {
                "enabled": true
              }
            ],
            "name": "ci-controllers-2023070311545423400000001a",
            "name_prefix": "ci-controllers-",
            "network_interfaces": [],
            "placement": [],
            "private_dns_name_options": [],
            "ram_disk_id": "",
            "security_group_names": null,
            "tag_specifications": [
              {
                "resource_type": "instance",
                "tags": {
                  "Name": "ci-controllers"
                }
              },
              {
                "resource_type": "network-interface",
                "tags": {
                  "Name": "ci-controllers"
                }
              },
              {
                "resource_type": "volume",
                "tags": {
                  "Name": "ci-controllers"
                }
              }
            ],
            "tags": null,
            "tags_all": {
              "cb:environment": "ps-dev",
              "cb:owner": "professional-services",
              "cb:user": "acaternberg",
              "kubernetes.io/cluster/acaternberg-tf": "owned",
              "ps-genetes/cluster": "acaternberg-tf",
              "ps-genetes/stack": "eks-tf"
            },
            "update_default_version": true,
            "user_data": "",
            "vpc_security_group_ids": [
              "sg-0d2ee80233d30b923"
            ]
          },
          "sensitive_attributes": [],
          "private": "bnVsbA==",
          "dependencies": [
            "module.base.aws_security_group.alb",
            "module.base.data.aws_availability_zones.available_azs",
            "module.base.module.cluster.aws_cloudwatch_log_group.this",
            "module.base.module.cluster.aws_eks_cluster.this",
            "module.base.module.cluster.aws_iam_policy.cni_ipv6_policy",
            "module.base.module.cluster.aws_iam_role.this",
            "module.base.module.cluster.aws_iam_role_policy_attachment.this",
            "module.base.module.cluster.aws_security_group.cluster",
            "module.base.module.cluster.aws_security_group.node",
            "module.base.module.cluster.aws_security_group_rule.cluster",
            "module.base.module.cluster.aws_security_group_rule.node",
            "module.base.module.cluster.data.aws_iam_policy_document.assume_role_policy",
            "module.base.module.cluster.data.aws_iam_session_context.current",
            "module.base.module.cluster.data.aws_partition.current",
            "module.base.module.cluster.module.eks_managed_node_group.aws_iam_role.this",
            "module.base.module.cluster.module.eks_managed_node_group.aws_iam_role_policy_attachment.this",
            "module.base.module.cluster.module.eks_managed_node_group.data.aws_caller_identity.current",
            "module.base.module.cluster.module.eks_managed_node_group.data.aws_iam_policy_document.assume_role_policy",
            "module.base.module.cluster.module.eks_managed_node_group.data.aws_partition.current",
            "module.base.module.cluster.module.eks_managed_node_group.module.user_data.data.cloudinit_config.linux_eks_managed_node_group",
            "module.base.module.cluster.module.kms.aws_kms_external_key.this",
            "module.base.module.cluster.module.kms.aws_kms_key.this",
            "module.base.module.cluster.module.kms.data.aws_caller_identity.current",
            "module.base.module.cluster.module.kms.data.aws_iam_policy_document.this",
            "module.base.module.cluster.module.kms.data.aws_partition.current",
            "module.base.module.cluster.time_sleep.this",
            "module.base.module.vpc.aws_subnet.private",
            "module.base.module.vpc.aws_vpc.this",
            "module.base.module.vpc.aws_vpc_ipv4_cidr_block_association.this"
          ],
          "create_before_destroy": true
        }
      ]
    },
    {
      "module": "module.base.module.cluster.module.eks_managed_node_group[\"ci-controllers\"].module.user_data",
      "mode": "data",
      "type": "cloudinit_config",
      "name": "linux_eks_managed_node_group",
      "provider": "provider[\"registry.terraform.io/hashicorp/cloudinit\"]",
      "instances": []
    },
    {
      "module": "module.base.module.cluster.module.eks_managed_node_group[\"ci-mg_k8sApps\"]",
      "mode": "data",
      "type": "aws_caller_identity",
      "name": "current",
      "provider": "provider[\"registry.terraform.io/hashicorp/aws\"]",
      "instances": [
        {
          "schema_version": 0,
          "attributes": {
            "account_id": "324005994172",
            "arn": "arn:aws:sts::324005994172:assumed-role/AWSReservedSSO_infra-admin_256addbf79cfacd1/acaternberg@cloudbees.com",
            "id": "324005994172",
            "user_id": "AROAUW4CDD26C3TLU25MA:acaternberg@cloudbees.com"
          },
          "sensitive_attributes": []
        }
      ]
    },
    {
      "module": "module.base.module.cluster.module.eks_managed_node_group[\"ci-mg_k8sApps\"]",
      "mode": "data",
      "type": "aws_iam_policy_document",
      "name": "assume_role_policy",
      "provider": "provider[\"registry.terraform.io/hashicorp/aws\"]",
      "instances": [
        {
          "index_key": 0,
          "schema_version": 0,
          "attributes": {
            "id": "2560088296",
            "json": "{\n  \"Version\": \"2012-10-17\",\n  \"Statement\": [\n    {\n      \"Sid\": \"EKSNodeAssumeRole\",\n      \"Effect\": \"Allow\",\n      \"Action\": \"sts:AssumeRole\",\n      \"Principal\": {\n        \"Service\": \"ec2.amazonaws.com\"\n      }\n    }\n  ]\n}",
            "override_json": null,
            "override_policy_documents": null,
            "policy_id": null,
            "source_json": null,
            "source_policy_documents": null,
            "statement": [
              {
                "actions": [
                  "sts:AssumeRole"
                ],
                "condition": [],
                "effect": "Allow",
                "not_actions": [],
                "not_principals": [],
                "not_resources": [],
                "principals": [
                  {
                    "identifiers": [
                      "ec2.amazonaws.com"
                    ],
                    "type": "Service"
                  }
                ],
                "resources": [],
                "sid": "EKSNodeAssumeRole"
              }
            ],
            "version": "2012-10-17"
          },
          "sensitive_attributes": []
        }
      ]
    },
    {
      "module": "module.base.module.cluster.module.eks_managed_node_group[\"ci-mg_k8sApps\"]",
      "mode": "data",
      "type": "aws_partition",
      "name": "current",
      "provider": "provider[\"registry.terraform.io/hashicorp/aws\"]",
      "instances": [
        {
          "schema_version": 0,
          "attributes": {
            "dns_suffix": "amazonaws.com",
            "id": "aws",
            "partition": "aws",
            "reverse_dns_prefix": "com.amazonaws"
          },
          "sensitive_attributes": []
        }
      ]
    },
    {
      "module": "module.base.module.cluster.module.eks_managed_node_group[\"ci-mg_k8sApps\"]",
      "mode": "managed",
      "type": "aws_autoscaling_schedule",
      "name": "this",
      "provider": "provider[\"registry.terraform.io/hashicorp/aws\"]",
      "instances": []
    },
    {
      "module": "module.base.module.cluster.module.eks_managed_node_group[\"ci-mg_k8sApps\"]",
      "mode": "managed",
      "type": "aws_eks_node_group",
      "name": "this",
      "provider": "provider[\"registry.terraform.io/hashicorp/aws\"]",
      "instances": [
        {
          "index_key": 0,
          "schema_version": 0,
          "attributes": {
            "ami_type": "AL2_x86_64",
            "arn": "arn:aws:eks:us-east-1:324005994172:nodegroup/acaternberg-tf/ci-mg_k8sApps-20230703115455218300000022/38c48dcd-8a0c-72d6-77dc-f5b3da719522",
            "capacity_type": "ON_DEMAND",
            "cluster_name": "acaternberg-tf",
            "disk_size": 0,
            "force_update_version": null,
            "id": "acaternberg-tf:ci-mg_k8sApps-20230703115455218300000022",
            "instance_types": [
              "t3.large"
            ],
            "labels": null,
            "launch_template": [
              {
                "id": "lt-01e98fa44310b75f1",
                "name": "ci-mg_k8sApps-2023070311545423400000001c",
                "version": "1"
              }
            ],
            "node_group_name": "ci-mg_k8sApps-20230703115455218300000022",
            "node_group_name_prefix": "ci-mg_k8sApps-",
            "node_role_arn": "arn:aws:iam::324005994172:role/ci-mg_k8sApps-eks-node-group-20230703114356770500000007",
            "release_version": "1.26.4-20230607",
            "remote_access": [],
            "resources": [
              {
                "autoscaling_groups": [
                  {
                    "name": "eks-ci-mg_k8sApps-20230703115455218300000022-38c48dcd-8a0c-72d6-77dc-f5b3da719522"
                  }
                ],
                "remote_access_security_group_id": ""
              }
            ],
            "scaling_config": [
              {
                "desired_size": 1,
                "max_size": 6,
                "min_size": 1
              }
            ],
            "status": "ACTIVE",
            "subnet_ids": [
              "subnet-00626b1456b149e78",
              "subnet-0aac35b2ca131ddaf",
              "subnet-0c102bf5213c356ec"
            ],
            "tags": {
              "Name": "ci-mg_k8sApps"
            },
            "tags_all": {
              "Name": "ci-mg_k8sApps",
              "cb:environment": "ps-dev",
              "cb:owner": "professional-services",
              "cb:user": "acaternberg",
              "kubernetes.io/cluster/acaternberg-tf": "owned",
              "ps-genetes/cluster": "acaternberg-tf",
              "ps-genetes/stack": "eks-tf"
            },
            "taint": [],
            "timeouts": {
              "create": null,
              "delete": null,
              "update": null
            },
            "update_config": [
              {
                "max_unavailable": 0,
                "max_unavailable_percentage": 33
              }
            ],
            "version": "1.26"
          },
          "sensitive_attributes": [],
          "private": "eyJlMmJmYjczMC1lY2FhLTExZTYtOGY4OC0zNDM2M2JjN2M0YzAiOnsiY3JlYXRlIjozNjAwMDAwMDAwMDAwLCJkZWxldGUiOjM2MDAwMDAwMDAwMDAsInVwZGF0ZSI6MzYwMDAwMDAwMDAwMH19",
          "dependencies": [
            "module.base.aws_security_group.alb",
            "module.base.data.aws_availability_zones.available_azs",
            "module.base.module.cluster.aws_cloudwatch_log_group.this",
            "module.base.module.cluster.aws_eks_cluster.this",
            "module.base.module.cluster.aws_iam_policy.cni_ipv6_policy",
            "module.base.module.cluster.aws_iam_role.this",
            "module.base.module.cluster.aws_iam_role_policy_attachment.this",
            "module.base.module.cluster.aws_security_group.cluster",
            "module.base.module.cluster.aws_security_group.node",
            "module.base.module.cluster.aws_security_group_rule.cluster",
            "module.base.module.cluster.aws_security_group_rule.node",
            "module.base.module.cluster.data.aws_iam_policy_document.assume_role_policy",
            "module.base.module.cluster.data.aws_iam_session_context.current",
            "module.base.module.cluster.data.aws_partition.current",
            "module.base.module.cluster.module.eks_managed_node_group.aws_iam_role.this",
            "module.base.module.cluster.module.eks_managed_node_group.aws_iam_role_policy_attachment.this",
            "module.base.module.cluster.module.eks_managed_node_group.aws_launch_template.this",
            "module.base.module.cluster.module.eks_managed_node_group.data.aws_caller_identity.current",
            "module.base.module.cluster.module.eks_managed_node_group.data.aws_iam_policy_document.assume_role_policy",
            "module.base.module.cluster.module.eks_managed_node_group.data.aws_partition.current",
            "module.base.module.cluster.module.eks_managed_node_group.module.user_data.data.cloudinit_config.linux_eks_managed_node_group",
            "module.base.module.cluster.module.kms.aws_kms_external_key.this",
            "module.base.module.cluster.module.kms.aws_kms_key.this",
            "module.base.module.cluster.module.kms.data.aws_caller_identity.current",
            "module.base.module.cluster.module.kms.data.aws_iam_policy_document.this",
            "module.base.module.cluster.module.kms.data.aws_partition.current",
            "module.base.module.cluster.time_sleep.this",
            "module.base.module.vpc.aws_subnet.private",
            "module.base.module.vpc.aws_vpc.this",
            "module.base.module.vpc.aws_vpc_ipv4_cidr_block_association.this"
          ],
          "create_before_destroy": true
        }
      ]
    },
    {
      "module": "module.base.module.cluster.module.eks_managed_node_group[\"ci-mg_k8sApps\"]",
      "mode": "managed",
      "type": "aws_iam_role",
      "name": "this",
      "provider": "provider[\"registry.terraform.io/hashicorp/aws\"]",
      "instances": [
        {
          "index_key": 0,
          "schema_version": 0,
          "attributes": {
            "arn": "arn:aws:iam::324005994172:role/ci-mg_k8sApps-eks-node-group-20230703114356770500000007",
            "assume_role_policy": "{\"Statement\":[{\"Action\":\"sts:AssumeRole\",\"Effect\":\"Allow\",\"Principal\":{\"Service\":\"ec2.amazonaws.com\"},\"Sid\":\"EKSNodeAssumeRole\"}],\"Version\":\"2012-10-17\"}",
            "create_date": "2023-07-03T11:43:56Z",
            "description": "EKS managed node group IAM role",
            "force_detach_policies": true,
            "id": "ci-mg_k8sApps-eks-node-group-20230703114356770500000007",
            "inline_policy": [],
            "managed_policy_arns": [],
            "max_session_duration": 3600,
            "name": "ci-mg_k8sApps-eks-node-group-20230703114356770500000007",
            "name_prefix": "ci-mg_k8sApps-eks-node-group-",
            "path": "/",
            "permissions_boundary": null,
            "role_last_used": [
              {
                "last_used_date": "",
                "region": ""
              }
            ],
            "tags": null,
            "tags_all": {
              "cb:environment": "ps-dev",
              "cb:owner": "professional-services",
              "cb:user": "acaternberg",
              "kubernetes.io/cluster/acaternberg-tf": "owned",
              "ps-genetes/cluster": "acaternberg-tf",
              "ps-genetes/stack": "eks-tf"
            },
            "unique_id": "AROAUW4CDD26N5TXBRJUF"
          },
          "sensitive_attributes": [],
          "private": "bnVsbA==",
          "dependencies": [
            "module.base.module.cluster.module.eks_managed_node_group.data.aws_iam_policy_document.assume_role_policy"
          ],
          "create_before_destroy": true
        }
      ]
    },
    {
      "module": "module.base.module.cluster.module.eks_managed_node_group[\"ci-mg_k8sApps\"]",
      "mode": "managed",
      "type": "aws_iam_role_policy_attachment",
      "name": "this",
      "provider": "provider[\"registry.terraform.io/hashicorp/aws\"]",
      "instances": [
        {
          "index_key": "arn:aws:iam::aws:policy/AmazonEC2ContainerRegistryReadOnly",
          "schema_version": 0,
          "attributes": {
            "id": "ci-mg_k8sApps-eks-node-group-20230703114356770500000007-20230703114357679800000012",
            "policy_arn": "arn:aws:iam::aws:policy/AmazonEC2ContainerRegistryReadOnly",
            "role": "ci-mg_k8sApps-eks-node-group-20230703114356770500000007"
          },
          "sensitive_attributes": [],
          "private": "bnVsbA==",
          "dependencies": [
            "module.base.module.cluster.module.eks_managed_node_group.aws_iam_role.this",
            "module.base.module.cluster.module.eks_managed_node_group.data.aws_caller_identity.current",
            "module.base.module.cluster.module.eks_managed_node_group.data.aws_iam_policy_document.assume_role_policy",
            "module.base.module.cluster.module.eks_managed_node_group.data.aws_partition.current"
          ],
          "create_before_destroy": true
        },
        {
          "index_key": "arn:aws:iam::aws:policy/AmazonEKSWorkerNodePolicy",
          "schema_version": 0,
          "attributes": {
            "id": "ci-mg_k8sApps-eks-node-group-20230703114356770500000007-20230703114357637400000010",
            "policy_arn": "arn:aws:iam::aws:policy/AmazonEKSWorkerNodePolicy",
            "role": "ci-mg_k8sApps-eks-node-group-20230703114356770500000007"
          },
          "sensitive_attributes": [],
          "private": "bnVsbA==",
          "dependencies": [
            "module.base.module.cluster.module.eks_managed_node_group.aws_iam_role.this",
            "module.base.module.cluster.module.eks_managed_node_group.data.aws_caller_identity.current",
            "module.base.module.cluster.module.eks_managed_node_group.data.aws_iam_policy_document.assume_role_policy",
            "module.base.module.cluster.module.eks_managed_node_group.data.aws_partition.current"
          ],
          "create_before_destroy": true
        },
        {
          "index_key": "arn:aws:iam::aws:policy/AmazonEKS_CNI_Policy",
          "schema_version": 0,
          "attributes": {
            "id": "ci-mg_k8sApps-eks-node-group-20230703114356770500000007-20230703114357647700000011",
            "policy_arn": "arn:aws:iam::aws:policy/AmazonEKS_CNI_Policy",
            "role": "ci-mg_k8sApps-eks-node-group-20230703114356770500000007"
          },
          "sensitive_attributes": [],
          "private": "bnVsbA==",
          "dependencies": [
            "module.base.module.cluster.module.eks_managed_node_group.aws_iam_role.this",
            "module.base.module.cluster.module.eks_managed_node_group.data.aws_caller_identity.current",
            "module.base.module.cluster.module.eks_managed_node_group.data.aws_iam_policy_document.assume_role_policy",
            "module.base.module.cluster.module.eks_managed_node_group.data.aws_partition.current"
          ],
          "create_before_destroy": true
        }
      ]
    },
    {
      "module": "module.base.module.cluster.module.eks_managed_node_group[\"ci-mg_k8sApps\"]",
      "mode": "managed",
      "type": "aws_launch_template",
      "name": "this",
      "provider": "provider[\"registry.terraform.io/hashicorp/aws\"]",
      "instances": [
        {
          "index_key": 0,
          "schema_version": 0,
          "attributes": {
            "arn": "arn:aws:ec2:us-east-1:324005994172:launch-template/lt-01e98fa44310b75f1",
            "block_device_mappings": [],
            "capacity_reservation_specification": [],
            "cpu_options": [],
            "credit_specification": [],
            "default_version": 1,
            "description": "Custom launch template for ci-mg_k8sApps EKS managed node group",
            "disable_api_stop": false,
            "disable_api_termination": false,
            "ebs_optimized": "",
            "elastic_gpu_specifications": [],
            "elastic_inference_accelerator": [],
            "enclave_options": [],
            "hibernation_options": [],
            "iam_instance_profile": [],
            "id": "lt-01e98fa44310b75f1",
            "image_id": "",
            "instance_initiated_shutdown_behavior": "",
            "instance_market_options": [],
            "instance_requirements": [],
            "instance_type": "",
            "kernel_id": "",
            "key_name": "",
            "latest_version": 1,
            "license_specification": [],
            "maintenance_options": [],
            "metadata_options": [
              {
                "http_endpoint": "enabled",
                "http_protocol_ipv6": "disabled",
                "http_put_response_hop_limit": 2,
                "http_tokens": "required",
                "instance_metadata_tags": "disabled"
              }
            ],
            "monitoring": [
              {
                "enabled": true
              }
            ],
            "name": "ci-mg_k8sApps-2023070311545423400000001c",
            "name_prefix": "ci-mg_k8sApps-",
            "network_interfaces": [],
            "placement": [],
            "private_dns_name_options": [],
            "ram_disk_id": "",
            "security_group_names": null,
            "tag_specifications": [
              {
                "resource_type": "instance",
                "tags": {
                  "Name": "ci-mg_k8sApps"
                }
              },
              {
                "resource_type": "network-interface",
                "tags": {
                  "Name": "ci-mg_k8sApps"
                }
              },
              {
                "resource_type": "volume",
                "tags": {
                  "Name": "ci-mg_k8sApps"
                }
              }
            ],
            "tags": null,
            "tags_all": {
              "cb:environment": "ps-dev",
              "cb:owner": "professional-services",
              "cb:user": "acaternberg",
              "kubernetes.io/cluster/acaternberg-tf": "owned",
              "ps-genetes/cluster": "acaternberg-tf",
              "ps-genetes/stack": "eks-tf"
            },
            "update_default_version": true,
            "user_data": "",
            "vpc_security_group_ids": [
              "sg-0d2ee80233d30b923"
            ]
          },
          "sensitive_attributes": [],
          "private": "bnVsbA==",
          "dependencies": [
            "module.base.aws_security_group.alb",
            "module.base.data.aws_availability_zones.available_azs",
            "module.base.module.cluster.aws_cloudwatch_log_group.this",
            "module.base.module.cluster.aws_eks_cluster.this",
            "module.base.module.cluster.aws_iam_policy.cni_ipv6_policy",
            "module.base.module.cluster.aws_iam_role.this",
            "module.base.module.cluster.aws_iam_role_policy_attachment.this",
            "module.base.module.cluster.aws_security_group.cluster",
            "module.base.module.cluster.aws_security_group.node",
            "module.base.module.cluster.aws_security_group_rule.cluster",
            "module.base.module.cluster.aws_security_group_rule.node",
            "module.base.module.cluster.data.aws_iam_policy_document.assume_role_policy",
            "module.base.module.cluster.data.aws_iam_session_context.current",
            "module.base.module.cluster.data.aws_partition.current",
            "module.base.module.cluster.module.eks_managed_node_group.aws_iam_role.this",
            "module.base.module.cluster.module.eks_managed_node_group.aws_iam_role_policy_attachment.this",
            "module.base.module.cluster.module.eks_managed_node_group.data.aws_caller_identity.current",
            "module.base.module.cluster.module.eks_managed_node_group.data.aws_iam_policy_document.assume_role_policy",
            "module.base.module.cluster.module.eks_managed_node_group.data.aws_partition.current",
            "module.base.module.cluster.module.eks_managed_node_group.module.user_data.data.cloudinit_config.linux_eks_managed_node_group",
            "module.base.module.cluster.module.kms.aws_kms_external_key.this",
            "module.base.module.cluster.module.kms.aws_kms_key.this",
            "module.base.module.cluster.module.kms.data.aws_caller_identity.current",
            "module.base.module.cluster.module.kms.data.aws_iam_policy_document.this",
            "module.base.module.cluster.module.kms.data.aws_partition.current",
            "module.base.module.cluster.time_sleep.this",
            "module.base.module.vpc.aws_subnet.private",
            "module.base.module.vpc.aws_vpc.this",
            "module.base.module.vpc.aws_vpc_ipv4_cidr_block_association.this"
          ],
          "create_before_destroy": true
        }
      ]
    },
    {
      "module": "module.base.module.cluster.module.eks_managed_node_group[\"ci-mg_k8sApps\"].module.user_data",
      "mode": "data",
      "type": "cloudinit_config",
      "name": "linux_eks_managed_node_group",
      "provider": "provider[\"registry.terraform.io/hashicorp/cloudinit\"]",
      "instances": []
    },
    {
      "module": "module.base.module.cluster.module.kms",
      "mode": "data",
      "type": "aws_caller_identity",
      "name": "current",
      "provider": "provider[\"registry.terraform.io/hashicorp/aws\"]",
      "instances": [
        {
          "schema_version": 0,
          "attributes": {
            "account_id": "324005994172",
            "arn": "arn:aws:sts::324005994172:assumed-role/AWSReservedSSO_infra-admin_256addbf79cfacd1/acaternberg@cloudbees.com",
            "id": "324005994172",
            "user_id": "AROAUW4CDD26C3TLU25MA:acaternberg@cloudbees.com"
          },
          "sensitive_attributes": []
        }
      ]
    },
    {
      "module": "module.base.module.cluster.module.kms",
      "mode": "data",
      "type": "aws_iam_policy_document",
      "name": "this",
      "provider": "provider[\"registry.terraform.io/hashicorp/aws\"]",
      "instances": [
        {
          "index_key": 0,
          "schema_version": 0,
          "attributes": {
            "id": "2910967316",
            "json": "{\n  \"Version\": \"2012-10-17\",\n  \"Statement\": [\n    {\n      \"Sid\": \"KeyAdministration\",\n      \"Effect\": \"Allow\",\n      \"Action\": [\n        \"kms:Update*\",\n        \"kms:UntagResource\",\n        \"kms:TagResource\",\n        \"kms:ScheduleKeyDeletion\",\n        \"kms:Revoke*\",\n        \"kms:Put*\",\n        \"kms:List*\",\n        \"kms:Get*\",\n        \"kms:Enable*\",\n        \"kms:Disable*\",\n        \"kms:Describe*\",\n        \"kms:Delete*\",\n        \"kms:Create*\",\n        \"kms:CancelKeyDeletion\"\n      ],\n      \"Resource\": \"*\",\n      \"Principal\": {\n        \"AWS\": \"arn:aws:iam::324005994172:role/aws-reserved/sso.amazonaws.com/AWSReservedSSO_infra-admin_256addbf79cfacd1\"\n      }\n    },\n    {\n      \"Sid\": \"KeyUsage\",\n      \"Effect\": \"Allow\",\n      \"Action\": [\n        \"kms:ReEncrypt*\",\n        \"kms:GenerateDataKey*\",\n        \"kms:Encrypt\",\n        \"kms:DescribeKey\",\n        \"kms:Decrypt\"\n      ],\n      \"Resource\": \"*\",\n      \"Principal\": {\n        \"AWS\": \"arn:aws:iam::324005994172:role/acaternberg-tf-cluster-20230703114355862300000005\"\n      }\n    }\n  ]\n}",
            "override_json": null,
            "override_policy_documents": null,
            "policy_id": null,
            "source_json": null,
            "source_policy_documents": null,
            "statement": [
              {
                "actions": [
                  "kms:CancelKeyDeletion",
                  "kms:Create*",
                  "kms:Delete*",
                  "kms:Describe*",
                  "kms:Disable*",
                  "kms:Enable*",
                  "kms:Get*",
                  "kms:List*",
                  "kms:Put*",
                  "kms:Revoke*",
                  "kms:ScheduleKeyDeletion",
                  "kms:TagResource",
                  "kms:UntagResource",
                  "kms:Update*"
                ],
                "condition": [],
                "effect": "Allow",
                "not_actions": [],
                "not_principals": [],
                "not_resources": [],
                "principals": [
                  {
                    "identifiers": [
                      "arn:aws:iam::324005994172:role/aws-reserved/sso.amazonaws.com/AWSReservedSSO_infra-admin_256addbf79cfacd1"
                    ],
                    "type": "AWS"
                  }
                ],
                "resources": [
                  "*"
                ],
                "sid": "KeyAdministration"
              },
              {
                "actions": [
                  "kms:Decrypt",
                  "kms:DescribeKey",
                  "kms:Encrypt",
                  "kms:GenerateDataKey*",
                  "kms:ReEncrypt*"
                ],
                "condition": [],
                "effect": "Allow",
                "not_actions": [],
                "not_principals": [],
                "not_resources": [],
                "principals": [
                  {
                    "identifiers": [
                      "arn:aws:iam::324005994172:role/acaternberg-tf-cluster-20230703114355862300000005"
                    ],
                    "type": "AWS"
                  }
                ],
                "resources": [
                  "*"
                ],
                "sid": "KeyUsage"
              }
            ],
            "version": "2012-10-17"
          },
          "sensitive_attributes": []
        }
      ]
    },
    {
      "module": "module.base.module.cluster.module.kms",
      "mode": "data",
      "type": "aws_partition",
      "name": "current",
      "provider": "provider[\"registry.terraform.io/hashicorp/aws\"]",
      "instances": [
        {
          "schema_version": 0,
          "attributes": {
            "dns_suffix": "amazonaws.com",
            "id": "aws",
            "partition": "aws",
            "reverse_dns_prefix": "com.amazonaws"
          },
          "sensitive_attributes": []
        }
      ]
    },
    {
      "module": "module.base.module.cluster.module.kms",
      "mode": "managed",
      "type": "aws_kms_alias",
      "name": "this",
      "provider": "provider[\"registry.terraform.io/hashicorp/aws\"]",
      "instances": [
        {
          "index_key": "cluster",
          "schema_version": 0,
          "attributes": {
            "arn": "arn:aws:kms:us-east-1:324005994172:alias/eks/acaternberg-tf",
            "id": "alias/eks/acaternberg-tf",
            "name": "alias/eks/acaternberg-tf",
            "name_prefix": "",
            "target_key_arn": "arn:aws:kms:us-east-1:324005994172:key/e78aee11-3327-4c1e-8555-583030f24ec4",
            "target_key_id": "e78aee11-3327-4c1e-8555-583030f24ec4"
          },
          "sensitive_attributes": [],
          "private": "bnVsbA==",
          "dependencies": [
            "module.base.module.cluster.aws_iam_role.this",
            "module.base.module.cluster.data.aws_iam_policy_document.assume_role_policy",
            "module.base.module.cluster.data.aws_iam_session_context.current",
            "module.base.module.cluster.module.kms.aws_kms_external_key.this",
            "module.base.module.cluster.module.kms.aws_kms_key.this",
            "module.base.module.cluster.module.kms.data.aws_caller_identity.current",
            "module.base.module.cluster.module.kms.data.aws_iam_policy_document.this",
            "module.base.module.cluster.module.kms.data.aws_partition.current"
          ]
        }
      ]
    },
    {
      "module": "module.base.module.cluster.module.kms",
      "mode": "managed",
      "type": "aws_kms_external_key",
      "name": "this",
      "provider": "provider[\"registry.terraform.io/hashicorp/aws\"]",
      "instances": []
    },
    {
      "module": "module.base.module.cluster.module.kms",
      "mode": "managed",
      "type": "aws_kms_key",
      "name": "this",
      "provider": "provider[\"registry.terraform.io/hashicorp/aws\"]",
      "instances": [
        {
          "index_key": 0,
          "schema_version": 0,
          "attributes": {
            "arn": "arn:aws:kms:us-east-1:324005994172:key/e78aee11-3327-4c1e-8555-583030f24ec4",
            "bypass_policy_lockout_safety_check": false,
            "custom_key_store_id": "",
            "customer_master_key_spec": "SYMMETRIC_DEFAULT",
            "deletion_window_in_days": null,
            "description": "acaternberg-tf cluster encryption key",
            "enable_key_rotation": true,
            "id": "e78aee11-3327-4c1e-8555-583030f24ec4",
            "is_enabled": true,
            "key_id": "e78aee11-3327-4c1e-8555-583030f24ec4",
            "key_usage": "ENCRYPT_DECRYPT",
            "multi_region": false,
            "policy": "{\"Statement\":[{\"Action\":[\"kms:Update*\",\"kms:UntagResource\",\"kms:TagResource\",\"kms:ScheduleKeyDeletion\",\"kms:Revoke*\",\"kms:Put*\",\"kms:List*\",\"kms:Get*\",\"kms:Enable*\",\"kms:Disable*\",\"kms:Describe*\",\"kms:Delete*\",\"kms:Create*\",\"kms:CancelKeyDeletion\"],\"Effect\":\"Allow\",\"Principal\":{\"AWS\":\"arn:aws:iam::324005994172:role/aws-reserved/sso.amazonaws.com/AWSReservedSSO_infra-admin_256addbf79cfacd1\"},\"Resource\":\"*\",\"Sid\":\"KeyAdministration\"},{\"Action\":[\"kms:ReEncrypt*\",\"kms:GenerateDataKey*\",\"kms:Encrypt\",\"kms:DescribeKey\",\"kms:Decrypt\"],\"Effect\":\"Allow\",\"Principal\":{\"AWS\":\"arn:aws:iam::324005994172:role/acaternberg-tf-cluster-20230703114355862300000005\"},\"Resource\":\"*\",\"Sid\":\"KeyUsage\"}],\"Version\":\"2012-10-17\"}",
            "tags": null,
            "tags_all": {
              "cb:environment": "ps-dev",
              "cb:owner": "professional-services",
              "cb:user": "acaternberg",
              "kubernetes.io/cluster/acaternberg-tf": "owned",
              "ps-genetes/cluster": "acaternberg-tf",
              "ps-genetes/stack": "eks-tf"
            }
          },
          "sensitive_attributes": [],
          "private": "bnVsbA==",
          "dependencies": [
            "module.base.module.cluster.aws_iam_role.this",
            "module.base.module.cluster.data.aws_iam_policy_document.assume_role_policy",
            "module.base.module.cluster.data.aws_iam_session_context.current",
            "module.base.module.cluster.module.kms.data.aws_caller_identity.current",
            "module.base.module.cluster.module.kms.data.aws_iam_policy_document.this",
            "module.base.module.cluster.module.kms.data.aws_partition.current"
          ],
          "create_before_destroy": true
        }
      ]
    },
    {
      "module": "module.base.module.eks_external_dns_iam",
      "mode": "data",
      "type": "aws_caller_identity",
      "name": "current",
      "provider": "provider[\"registry.terraform.io/hashicorp/aws\"]",
      "instances": [
        {
          "schema_version": 0,
          "attributes": {
            "account_id": "324005994172",
            "arn": "arn:aws:sts::324005994172:assumed-role/AWSReservedSSO_infra-admin_256addbf79cfacd1/acaternberg@cloudbees.com",
            "id": "324005994172",
            "user_id": "AROAUW4CDD26C3TLU25MA:acaternberg@cloudbees.com"
          },
          "sensitive_attributes": []
        }
      ]
    },
    {
      "module": "module.base.module.eks_external_dns_iam",
      "mode": "data",
      "type": "aws_iam_policy_document",
      "name": "external_dns",
      "provider": "provider[\"registry.terraform.io/hashicorp/aws\"]",
      "instances": [
        {
          "index_key": 0,
          "schema_version": 0,
          "attributes": {
            "id": "1621011895",
            "json": "{\n  \"Version\": \"2012-10-17\",\n  \"Statement\": [\n    {\n      \"Sid\": \"\",\n      \"Effect\": \"Allow\",\n      \"Action\": \"route53:ChangeResourceRecordSets\",\n      \"Resource\": \"arn:aws:route53:::hostedzone/*\"\n    },\n    {\n      \"Sid\": \"\",\n      \"Effect\": \"Allow\",\n      \"Action\": [\n        \"route53:ListResourceRecordSets\",\n        \"route53:ListHostedZones\"\n      ],\n      \"Resource\": \"*\"\n    }\n  ]\n}",
            "override_json": null,
            "override_policy_documents": null,
            "policy_id": null,
            "source_json": null,
            "source_policy_documents": null,
            "statement": [
              {
                "actions": [
                  "route53:ChangeResourceRecordSets"
                ],
                "condition": [],
                "effect": "Allow",
                "not_actions": [],
                "not_principals": [],
                "not_resources": [],
                "principals": [],
                "resources": [
                  "arn:aws:route53:::hostedzone/*"
                ],
                "sid": ""
              },
              {
                "actions": [
                  "route53:ListHostedZones",
                  "route53:ListResourceRecordSets"
                ],
                "condition": [],
                "effect": "Allow",
                "not_actions": [],
                "not_principals": [],
                "not_resources": [],
                "principals": [],
                "resources": [
                  "*"
                ],
                "sid": ""
              }
            ],
            "version": "2012-10-17"
          },
          "sensitive_attributes": []
        }
      ]
    },
    {
      "module": "module.base.module.eks_external_dns_iam",
      "mode": "data",
      "type": "aws_iam_policy_document",
      "name": "this",
      "provider": "provider[\"registry.terraform.io/hashicorp/aws\"]",
      "instances": [
        {
          "index_key": 0,
          "schema_version": 0,
          "attributes": {
            "id": "1470387409",
            "json": "{\n  \"Version\": \"2012-10-17\",\n  \"Statement\": [\n    {\n      \"Sid\": \"\",\n      \"Effect\": \"Allow\",\n      \"Action\": \"sts:AssumeRoleWithWebIdentity\",\n      \"Principal\": {\n        \"Federated\": \"arn:aws:iam::324005994172:oidc-provider/oidc.eks.us-east-1.amazonaws.com/id/8DAF3A8C157CFB6B785FC79B58795859\"\n      },\n      \"Condition\": {\n        \"StringEquals\": {\n          \"oidc.eks.us-east-1.amazonaws.com/id/8DAF3A8C157CFB6B785FC79B58795859:aud\": \"sts.amazonaws.com\",\n          \"oidc.eks.us-east-1.amazonaws.com/id/8DAF3A8C157CFB6B785FC79B58795859:sub\": \"system:serviceaccount:kube-system:external-dns\"\n        }\n      }\n    }\n  ]\n}",
            "override_json": null,
            "override_policy_documents": null,
            "policy_id": null,
            "source_json": null,
            "source_policy_documents": null,
            "statement": [
              {
                "actions": [
                  "sts:AssumeRoleWithWebIdentity"
                ],
                "condition": [
                  {
                    "test": "StringEquals",
                    "values": [
                      "sts.amazonaws.com"
                    ],
                    "variable": "oidc.eks.us-east-1.amazonaws.com/id/8DAF3A8C157CFB6B785FC79B58795859:aud"
                  },
                  {
                    "test": "StringEquals",
                    "values": [
                      "system:serviceaccount:kube-system:external-dns"
                    ],
                    "variable": "oidc.eks.us-east-1.amazonaws.com/id/8DAF3A8C157CFB6B785FC79B58795859:sub"
                  }
                ],
                "effect": "Allow",
                "not_actions": [],
                "not_principals": [],
                "not_resources": [],
                "principals": [
                  {
                    "identifiers": [
                      "arn:aws:iam::324005994172:oidc-provider/oidc.eks.us-east-1.amazonaws.com/id/8DAF3A8C157CFB6B785FC79B58795859"
                    ],
                    "type": "Federated"
                  }
                ],
                "resources": [],
                "sid": ""
              }
            ],
            "version": "2012-10-17"
          },
          "sensitive_attributes": []
        }
      ]
    },
    {
      "module": "module.base.module.eks_external_dns_iam",
      "mode": "data",
      "type": "aws_partition",
      "name": "current",
      "provider": "provider[\"registry.terraform.io/hashicorp/aws\"]",
      "instances": [
        {
          "schema_version": 0,
          "attributes": {
            "dns_suffix": "amazonaws.com",
            "id": "aws",
            "partition": "aws",
            "reverse_dns_prefix": "com.amazonaws"
          },
          "sensitive_attributes": []
        }
      ]
    },
    {
      "module": "module.base.module.eks_external_dns_iam",
      "mode": "data",
      "type": "aws_region",
      "name": "current",
      "provider": "provider[\"registry.terraform.io/hashicorp/aws\"]",
      "instances": [
        {
          "schema_version": 0,
          "attributes": {
            "description": "US East (N. Virginia)",
            "endpoint": "ec2.us-east-1.amazonaws.com",
            "id": "us-east-1",
            "name": "us-east-1"
          },
          "sensitive_attributes": []
        }
      ]
    },
    {
      "module": "module.base.module.eks_external_dns_iam",
      "mode": "managed",
      "type": "aws_iam_policy",
      "name": "external_dns",
      "provider": "provider[\"registry.terraform.io/hashicorp/aws\"]",
      "instances": [
        {
          "index_key": 0,
          "schema_version": 0,
          "attributes": {
            "arn": "arn:aws:iam::324005994172:policy/AmazonEKS_External_DNS_Policy-20230703114355861400000002",
            "description": "External DNS policy to allow management of Route53 hosted zone records",
            "id": "arn:aws:iam::324005994172:policy/AmazonEKS_External_DNS_Policy-20230703114355861400000002",
            "name": "AmazonEKS_External_DNS_Policy-20230703114355861400000002",
            "name_prefix": "AmazonEKS_External_DNS_Policy-",
            "path": "/",
            "policy": "{\"Statement\":[{\"Action\":\"route53:ChangeResourceRecordSets\",\"Effect\":\"Allow\",\"Resource\":\"arn:aws:route53:::hostedzone/*\",\"Sid\":\"\"},{\"Action\":[\"route53:ListResourceRecordSets\",\"route53:ListHostedZones\"],\"Effect\":\"Allow\",\"Resource\":\"*\",\"Sid\":\"\"}],\"Version\":\"2012-10-17\"}",
            "policy_id": "ANPAUW4CDD26PCAVPQRTW",
            "tags": null,
            "tags_all": {
              "cb:environment": "ps-dev",
              "cb:owner": "professional-services",
              "cb:user": "acaternberg",
              "kubernetes.io/cluster/acaternberg-tf": "owned",
              "ps-genetes/cluster": "acaternberg-tf",
              "ps-genetes/stack": "eks-tf"
            }
          },
          "sensitive_attributes": [],
          "private": "bnVsbA==",
          "dependencies": [
            "module.base.module.eks_external_dns_iam.data.aws_iam_policy_document.external_dns"
          ]
        }
      ]
    },
    {
      "module": "module.base.module.eks_external_dns_iam",
      "mode": "managed",
      "type": "aws_iam_role",
      "name": "this",
      "provider": "provider[\"registry.terraform.io/hashicorp/aws\"]",
      "instances": [
        {
          "index_key": 0,
          "schema_version": 0,
          "attributes": {
            "arn": "arn:aws:iam::324005994172:role/external-dns",
            "assume_role_policy": "{\"Statement\":[{\"Action\":\"sts:AssumeRoleWithWebIdentity\",\"Condition\":{\"StringEquals\":{\"oidc.eks.us-east-1.amazonaws.com/id/8DAF3A8C157CFB6B785FC79B58795859:aud\":\"sts.amazonaws.com\",\"oidc.eks.us-east-1.amazonaws.com/id/8DAF3A8C157CFB6B785FC79B58795859:sub\":\"system:serviceaccount:kube-system:external-dns\"}},\"Effect\":\"Allow\",\"Principal\":{\"Federated\":\"arn:aws:iam::324005994172:oidc-provider/oidc.eks.us-east-1.amazonaws.com/id/8DAF3A8C157CFB6B785FC79B58795859\"},\"Sid\":\"\"}],\"Version\":\"2012-10-17\"}",
            "create_date": "2023-07-03T11:54:25Z",
            "description": "",
            "force_detach_policies": true,
            "id": "external-dns",
            "inline_policy": [],
            "managed_policy_arns": [],
            "max_session_duration": 3600,
            "name": "external-dns",
            "name_prefix": "",
            "path": "/",
            "permissions_boundary": null,
            "role_last_used": [
              {
                "last_used_date": "",
                "region": ""
              }
            ],
            "tags": null,
            "tags_all": {
              "cb:environment": "ps-dev",
              "cb:owner": "professional-services",
              "cb:user": "acaternberg",
              "kubernetes.io/cluster/acaternberg-tf": "owned",
              "ps-genetes/cluster": "acaternberg-tf",
              "ps-genetes/stack": "eks-tf"
            },
            "unique_id": "AROAUW4CDD26GP5AYBF5R"
          },
          "sensitive_attributes": [],
          "private": "bnVsbA==",
          "dependencies": [
            "module.base.aws_security_group.alb",
            "module.base.data.aws_availability_zones.available_azs",
            "module.base.module.cluster.aws_cloudwatch_log_group.this",
            "module.base.module.cluster.aws_eks_cluster.this",
            "module.base.module.cluster.aws_iam_openid_connect_provider.oidc_provider",
            "module.base.module.cluster.aws_iam_policy.cni_ipv6_policy",
            "module.base.module.cluster.aws_iam_role.this",
            "module.base.module.cluster.aws_iam_role_policy_attachment.this",
            "module.base.module.cluster.aws_security_group.cluster",
            "module.base.module.cluster.aws_security_group.node",
            "module.base.module.cluster.aws_security_group_rule.cluster",
            "module.base.module.cluster.aws_security_group_rule.node",
            "module.base.module.cluster.data.aws_iam_policy_document.assume_role_policy",
            "module.base.module.cluster.data.aws_iam_session_context.current",
            "module.base.module.cluster.data.aws_partition.current",
            "module.base.module.cluster.data.tls_certificate.this",
            "module.base.module.cluster.module.kms.aws_kms_external_key.this",
            "module.base.module.cluster.module.kms.aws_kms_key.this",
            "module.base.module.cluster.module.kms.data.aws_caller_identity.current",
            "module.base.module.cluster.module.kms.data.aws_iam_policy_document.this",
            "module.base.module.cluster.module.kms.data.aws_partition.current",
            "module.base.module.eks_external_dns_iam.data.aws_caller_identity.current",
            "module.base.module.eks_external_dns_iam.data.aws_iam_policy_document.this",
            "module.base.module.eks_external_dns_iam.data.aws_partition.current",
            "module.base.module.vpc.aws_subnet.private",
            "module.base.module.vpc.aws_vpc.this",
            "module.base.module.vpc.aws_vpc_ipv4_cidr_block_association.this"
          ]
        }
      ]
    },
    {
      "module": "module.base.module.eks_external_dns_iam",
      "mode": "managed",
      "type": "aws_iam_role_policy_attachment",
      "name": "external_dns",
      "provider": "provider[\"registry.terraform.io/hashicorp/aws\"]",
      "instances": [
        {
          "index_key": 0,
          "schema_version": 0,
          "attributes": {
            "id": "external-dns-20230703115426254200000019",
            "policy_arn": "arn:aws:iam::324005994172:policy/AmazonEKS_External_DNS_Policy-20230703114355861400000002",
            "role": "external-dns"
          },
          "sensitive_attributes": [],
          "private": "bnVsbA==",
          "dependencies": [
            "module.base.aws_security_group.alb",
            "module.base.data.aws_availability_zones.available_azs",
            "module.base.module.cluster.aws_cloudwatch_log_group.this",
            "module.base.module.cluster.aws_eks_cluster.this",
            "module.base.module.cluster.aws_iam_openid_connect_provider.oidc_provider",
            "module.base.module.cluster.aws_iam_policy.cni_ipv6_policy",
            "module.base.module.cluster.aws_iam_role.this",
            "module.base.module.cluster.aws_iam_role_policy_attachment.this",
            "module.base.module.cluster.aws_security_group.cluster",
            "module.base.module.cluster.aws_security_group.node",
            "module.base.module.cluster.aws_security_group_rule.cluster",
            "module.base.module.cluster.aws_security_group_rule.node",
            "module.base.module.cluster.data.aws_iam_policy_document.assume_role_policy",
            "module.base.module.cluster.data.aws_iam_session_context.current",
            "module.base.module.cluster.data.aws_partition.current",
            "module.base.module.cluster.data.tls_certificate.this",
            "module.base.module.cluster.module.kms.aws_kms_external_key.this",
            "module.base.module.cluster.module.kms.aws_kms_key.this",
            "module.base.module.cluster.module.kms.data.aws_caller_identity.current",
            "module.base.module.cluster.module.kms.data.aws_iam_policy_document.this",
            "module.base.module.cluster.module.kms.data.aws_partition.current",
            "module.base.module.eks_external_dns_iam.aws_iam_policy.external_dns",
            "module.base.module.eks_external_dns_iam.aws_iam_role.this",
            "module.base.module.eks_external_dns_iam.data.aws_caller_identity.current",
            "module.base.module.eks_external_dns_iam.data.aws_iam_policy_document.external_dns",
            "module.base.module.eks_external_dns_iam.data.aws_iam_policy_document.this",
            "module.base.module.eks_external_dns_iam.data.aws_partition.current",
            "module.base.module.vpc.aws_subnet.private",
            "module.base.module.vpc.aws_vpc.this",
            "module.base.module.vpc.aws_vpc_ipv4_cidr_block_association.this"
          ]
        }
      ]
    },
    {
      "module": "module.base.module.eks_ingress_iam",
      "mode": "data",
      "type": "aws_caller_identity",
      "name": "current",
      "provider": "provider[\"registry.terraform.io/hashicorp/aws\"]",
      "instances": [
        {
          "schema_version": 0,
          "attributes": {
            "account_id": "324005994172",
            "arn": "arn:aws:sts::324005994172:assumed-role/AWSReservedSSO_infra-admin_256addbf79cfacd1/acaternberg@cloudbees.com",
            "id": "324005994172",
            "user_id": "AROAUW4CDD26C3TLU25MA:acaternberg@cloudbees.com"
          },
          "sensitive_attributes": []
        }
      ]
    },
    {
      "module": "module.base.module.eks_ingress_iam",
      "mode": "data",
      "type": "aws_iam_policy_document",
      "name": "load_balancer_controller",
      "provider": "provider[\"registry.terraform.io/hashicorp/aws\"]",
      "instances": [
        {
          "index_key": 0,
          "schema_version": 0,
          "attributes": {
            "id": "898716815",
            "json": "{\n  \"Version\": \"2012-10-17\",\n  \"Statement\": [\n    {\n      \"Sid\": \"\",\n      \"Effect\": \"Allow\",\n      \"Action\": \"iam:CreateServiceLinkedRole\",\n      \"Resource\": \"*\",\n      \"Condition\": {\n        \"StringEquals\": {\n          \"iam:AWSServiceName\": \"elasticloadbalancing.amazonaws.com\"\n        }\n      }\n    },\n    {\n      \"Sid\": \"\",\n      \"Effect\": \"Allow\",\n      \"Action\": [\n        \"elasticloadbalancing:DescribeTargetHealth\",\n        \"elasticloadbalancing:DescribeTargetGroups\",\n        \"elasticloadbalancing:DescribeTargetGroupAttributes\",\n        \"elasticloadbalancing:DescribeTags\",\n        \"elasticloadbalancing:DescribeSSLPolicies\",\n        \"elasticloadbalancing:DescribeRules\",\n        \"elasticloadbalancing:DescribeLoadBalancers\",\n        \"elasticloadbalancing:DescribeLoadBalancerAttributes\",\n        \"elasticloadbalancing:DescribeListeners\",\n        \"elasticloadbalancing:DescribeListenerCertificates\",\n        \"ec2:GetCoipPoolUsage\",\n        \"ec2:DescribeVpcs\",\n        \"ec2:DescribeVpcPeeringConnections\",\n        \"ec2:DescribeTags\",\n        \"ec2:DescribeSubnets\",\n        \"ec2:DescribeSecurityGroups\",\n        \"ec2:DescribeNetworkInterfaces\",\n        \"ec2:DescribeInternetGateways\",\n        \"ec2:DescribeInstances\",\n        \"ec2:DescribeCoipPools\",\n        \"ec2:DescribeAvailabilityZones\",\n        \"ec2:DescribeAddresses\",\n        \"ec2:DescribeAccountAttributes\"\n      ],\n      \"Resource\": \"*\"\n    },\n    {\n      \"Sid\": \"\",\n      \"Effect\": \"Allow\",\n      \"Action\": [\n        \"wafv2:GetWebACLForResource\",\n        \"wafv2:GetWebACL\",\n        \"wafv2:DisassociateWebACL\",\n        \"wafv2:AssociateWebACL\",\n        \"waf-regional:GetWebACLForResource\",\n        \"waf-regional:GetWebACL\",\n        \"waf-regional:DisassociateWebACL\",\n        \"waf-regional:AssociateWebACL\",\n        \"shield:GetSubscriptionState\",\n        \"shield:DescribeProtection\",\n        \"shield:DeleteProtection\",\n        \"shield:CreateProtection\",\n        \"iam:ListServerCertificates\",\n        \"iam:GetServerCertificate\",\n        \"cognito-idp:DescribeUserPoolClient\",\n        \"acm:ListCertificates\",\n        \"acm:DescribeCertificate\"\n      ],\n      \"Resource\": \"*\"\n    },\n    {\n      \"Sid\": \"\",\n      \"Effect\": \"Allow\",\n      \"Action\": [\n        \"ec2:RevokeSecurityGroupIngress\",\n        \"ec2:CreateSecurityGroup\",\n        \"ec2:AuthorizeSecurityGroupIngress\"\n      ],\n      \"Resource\": \"*\"\n    },\n    {\n      \"Sid\": \"\",\n      \"Effect\": \"Allow\",\n      \"Action\": \"ec2:CreateTags\",\n      \"Resource\": \"arn:aws:ec2:*:*:security-group/*\",\n      \"Condition\": {\n        \"Null\": {\n          \"aws:RequestTag/elbv2.k8s.aws/cluster\": \"false\"\n        },\n        \"StringEquals\": {\n          \"ec2:CreateAction\": \"CreateSecurityGroup\"\n        }\n      }\n    },\n    {\n      \"Sid\": \"\",\n      \"Effect\": \"Allow\",\n      \"Action\": [\n        \"ec2:DeleteTags\",\n        \"ec2:CreateTags\"\n      ],\n      \"Resource\": \"arn:aws:ec2:*:*:security-group/*\",\n      \"Condition\": {\n        \"Null\": {\n          \"aws:RequestTag/elbv2.k8s.aws/cluster\": \"true\",\n          \"aws:ResourceTag/elbv2.k8s.aws/cluster\": \"false\"\n        }\n      }\n    },\n    {\n      \"Sid\": \"\",\n      \"Effect\": \"Allow\",\n      \"Action\": [\n        \"ec2:RevokeSecurityGroupIngress\",\n        \"ec2:DeleteSecurityGroup\",\n        \"ec2:AuthorizeSecurityGroupIngress\"\n      ],\n      \"Resource\": \"*\",\n      \"Condition\": {\n        \"Null\": {\n          \"aws:ResourceTag/elbv2.k8s.aws/cluster\": \"false\"\n        }\n      }\n    },\n    {\n      \"Sid\": \"\",\n      \"Effect\": \"Allow\",\n      \"Action\": [\n        \"elasticloadbalancing:CreateTargetGroup\",\n        \"elasticloadbalancing:CreateLoadBalancer\"\n      ],\n      \"Resource\": \"*\",\n      \"Condition\": {\n        \"Null\": {\n          \"aws:RequestTag/elbv2.k8s.aws/cluster\": \"false\"\n        }\n      }\n    },\n    {\n      \"Sid\": \"\",\n      \"Effect\": \"Allow\",\n      \"Action\": [\n        \"elasticloadbalancing:DeleteRule\",\n        \"elasticloadbalancing:DeleteListener\",\n        \"elasticloadbalancing:CreateRule\",\n        \"elasticloadbalancing:CreateListener\"\n      ],\n      \"Resource\": \"*\"\n    },\n    {\n      \"Sid\": \"\",\n      \"Effect\": \"Allow\",\n      \"Action\": [\n        \"elasticloadbalancing:RemoveTags\",\n        \"elasticloadbalancing:AddTags\"\n      ],\n      \"Resource\": [\n        \"arn:aws:elasticloadbalancing:*:*:targetgroup/*/*\",\n        \"arn:aws:elasticloadbalancing:*:*:loadbalancer/net/*/*\",\n        \"arn:aws:elasticloadbalancing:*:*:loadbalancer/app/*/*\"\n      ],\n      \"Condition\": {\n        \"Null\": {\n          \"aws:RequestTag/elbv2.k8s.aws/cluster\": \"true\",\n          \"aws:ResourceTag/elbv2.k8s.aws/cluster\": \"false\"\n        }\n      }\n    },\n    {\n      \"Sid\": \"\",\n      \"Effect\": \"Allow\",\n      \"Action\": [\n        \"elasticloadbalancing:RemoveTags\",\n        \"elasticloadbalancing:AddTags\"\n      ],\n      \"Resource\": [\n        \"arn:aws:elasticloadbalancing:*:*:listener/net/*/*/*\",\n        \"arn:aws:elasticloadbalancing:*:*:listener/app/*/*/*\",\n        \"arn:aws:elasticloadbalancing:*:*:listener-rule/net/*/*/*\",\n        \"arn:aws:elasticloadbalancing:*:*:listener-rule/app/*/*/*\"\n      ]\n    },\n    {\n      \"Sid\": \"\",\n      \"Effect\": \"Allow\",\n      \"Action\": [\n        \"elasticloadbalancing:SetSubnets\",\n        \"elasticloadbalancing:SetSecurityGroups\",\n        \"elasticloadbalancing:SetIpAddressType\",\n        \"elasticloadbalancing:ModifyTargetGroupAttributes\",\n        \"elasticloadbalancing:ModifyTargetGroup\",\n        \"elasticloadbalancing:ModifyLoadBalancerAttributes\",\n        \"elasticloadbalancing:DeleteTargetGroup\",\n        \"elasticloadbalancing:DeleteLoadBalancer\"\n      ],\n      \"Resource\": \"*\",\n      \"Condition\": {\n        \"Null\": {\n          \"aws:ResourceTag/elbv2.k8s.aws/cluster\": \"false\"\n        }\n      }\n    },\n    {\n      \"Sid\": \"\",\n      \"Effect\": \"Allow\",\n      \"Action\": \"elasticloadbalancing:AddTags\",\n      \"Resource\": [\n        \"arn:aws:elasticloadbalancing:*:*:targetgroup/*/*\",\n        \"arn:aws:elasticloadbalancing:*:*:loadbalancer/net/*/*\",\n        \"arn:aws:elasticloadbalancing:*:*:loadbalancer/app/*/*\"\n      ],\n      \"Condition\": {\n        \"Null\": {\n          \"aws:RequestTag/elbv2.k8s.aws/cluster\": \"false\"\n        },\n        \"StringEquals\": {\n          \"elasticloadbalancing:CreateAction\": [\n            \"CreateTargetGroup\",\n            \"CreateLoadBalancer\"\n          ]\n        }\n      }\n    },\n    {\n      \"Sid\": \"\",\n      \"Effect\": \"Allow\",\n      \"Action\": [\n        \"elasticloadbalancing:RegisterTargets\",\n        \"elasticloadbalancing:DeregisterTargets\"\n      ],\n      \"Resource\": \"arn:aws:elasticloadbalancing:*:*:targetgroup/*/*\"\n    },\n    {\n      \"Sid\": \"\",\n      \"Effect\": \"Allow\",\n      \"Action\": [\n        \"elasticloadbalancing:SetWebAcl\",\n        \"elasticloadbalancing:RemoveListenerCertificates\",\n        \"elasticloadbalancing:ModifyRule\",\n        \"elasticloadbalancing:ModifyListener\",\n        \"elasticloadbalancing:AddListenerCertificates\"\n      ],\n      \"Resource\": \"*\"\n    }\n  ]\n}",
            "override_json": null,
            "override_policy_documents": null,
            "policy_id": null,
            "source_json": null,
            "source_policy_documents": null,
            "statement": [
              {
                "actions": [
                  "iam:CreateServiceLinkedRole"
                ],
                "condition": [
                  {
                    "test": "StringEquals",
                    "values": [
                      "elasticloadbalancing.amazonaws.com"
                    ],
                    "variable": "iam:AWSServiceName"
                  }
                ],
                "effect": "Allow",
                "not_actions": [],
                "not_principals": [],
                "not_resources": [],
                "principals": [],
                "resources": [
                  "*"
                ],
                "sid": ""
              },
              {
                "actions": [
                  "ec2:DescribeAccountAttributes",
                  "ec2:DescribeAddresses",
                  "ec2:DescribeAvailabilityZones",
                  "ec2:DescribeCoipPools",
                  "ec2:DescribeInstances",
                  "ec2:DescribeInternetGateways",
                  "ec2:DescribeNetworkInterfaces",
                  "ec2:DescribeSecurityGroups",
                  "ec2:DescribeSubnets",
                  "ec2:DescribeTags",
                  "ec2:DescribeVpcPeeringConnections",
                  "ec2:DescribeVpcs",
                  "ec2:GetCoipPoolUsage",
                  "elasticloadbalancing:DescribeListenerCertificates",
                  "elasticloadbalancing:DescribeListeners",
                  "elasticloadbalancing:DescribeLoadBalancerAttributes",
                  "elasticloadbalancing:DescribeLoadBalancers",
                  "elasticloadbalancing:DescribeRules",
                  "elasticloadbalancing:DescribeSSLPolicies",
                  "elasticloadbalancing:DescribeTags",
                  "elasticloadbalancing:DescribeTargetGroupAttributes",
                  "elasticloadbalancing:DescribeTargetGroups",
                  "elasticloadbalancing:DescribeTargetHealth"
                ],
                "condition": [],
                "effect": "Allow",
                "not_actions": [],
                "not_principals": [],
                "not_resources": [],
                "principals": [],
                "resources": [
                  "*"
                ],
                "sid": ""
              },
              {
                "actions": [
                  "acm:DescribeCertificate",
                  "acm:ListCertificates",
                  "cognito-idp:DescribeUserPoolClient",
                  "iam:GetServerCertificate",
                  "iam:ListServerCertificates",
                  "shield:CreateProtection",
                  "shield:DeleteProtection",
                  "shield:DescribeProtection",
                  "shield:GetSubscriptionState",
                  "waf-regional:AssociateWebACL",
                  "waf-regional:DisassociateWebACL",
                  "waf-regional:GetWebACL",
                  "waf-regional:GetWebACLForResource",
                  "wafv2:AssociateWebACL",
                  "wafv2:DisassociateWebACL",
                  "wafv2:GetWebACL",
                  "wafv2:GetWebACLForResource"
                ],
                "condition": [],
                "effect": "Allow",
                "not_actions": [],
                "not_principals": [],
                "not_resources": [],
                "principals": [],
                "resources": [
                  "*"
                ],
                "sid": ""
              },
              {
                "actions": [
                  "ec2:AuthorizeSecurityGroupIngress",
                  "ec2:CreateSecurityGroup",
                  "ec2:RevokeSecurityGroupIngress"
                ],
                "condition": [],
                "effect": "Allow",
                "not_actions": [],
                "not_principals": [],
                "not_resources": [],
                "principals": [],
                "resources": [
                  "*"
                ],
                "sid": ""
              },
              {
                "actions": [
                  "ec2:CreateTags"
                ],
                "condition": [
                  {
                    "test": "Null",
                    "values": [
                      "false"
                    ],
                    "variable": "aws:RequestTag/elbv2.k8s.aws/cluster"
                  },
                  {
                    "test": "StringEquals",
                    "values": [
                      "CreateSecurityGroup"
                    ],
                    "variable": "ec2:CreateAction"
                  }
                ],
                "effect": "Allow",
                "not_actions": [],
                "not_principals": [],
                "not_resources": [],
                "principals": [],
                "resources": [
                  "arn:aws:ec2:*:*:security-group/*"
                ],
                "sid": ""
              },
              {
                "actions": [
                  "ec2:CreateTags",
                  "ec2:DeleteTags"
                ],
                "condition": [
                  {
                    "test": "Null",
                    "values": [
                      "false"
                    ],
                    "variable": "aws:ResourceTag/elbv2.k8s.aws/cluster"
                  },
                  {
                    "test": "Null",
                    "values": [
                      "true"
                    ],
                    "variable": "aws:RequestTag/elbv2.k8s.aws/cluster"
                  }
                ],
                "effect": "Allow",
                "not_actions": [],
                "not_principals": [],
                "not_resources": [],
                "principals": [],
                "resources": [
                  "arn:aws:ec2:*:*:security-group/*"
                ],
                "sid": ""
              },
              {
                "actions": [
                  "ec2:AuthorizeSecurityGroupIngress",
                  "ec2:DeleteSecurityGroup",
                  "ec2:RevokeSecurityGroupIngress"
                ],
                "condition": [
                  {
                    "test": "Null",
                    "values": [
                      "false"
                    ],
                    "variable": "aws:ResourceTag/elbv2.k8s.aws/cluster"
                  }
                ],
                "effect": "Allow",
                "not_actions": [],
                "not_principals": [],
                "not_resources": [],
                "principals": [],
                "resources": [
                  "*"
                ],
                "sid": ""
              },
              {
                "actions": [
                  "elasticloadbalancing:CreateLoadBalancer",
                  "elasticloadbalancing:CreateTargetGroup"
                ],
                "condition": [
                  {
                    "test": "Null",
                    "values": [
                      "false"
                    ],
                    "variable": "aws:RequestTag/elbv2.k8s.aws/cluster"
                  }
                ],
                "effect": "Allow",
                "not_actions": [],
                "not_principals": [],
                "not_resources": [],
                "principals": [],
                "resources": [
                  "*"
                ],
                "sid": ""
              },
              {
                "actions": [
                  "elasticloadbalancing:CreateListener",
                  "elasticloadbalancing:CreateRule",
                  "elasticloadbalancing:DeleteListener",
                  "elasticloadbalancing:DeleteRule"
                ],
                "condition": [],
                "effect": "Allow",
                "not_actions": [],
                "not_principals": [],
                "not_resources": [],
                "principals": [],
                "resources": [
                  "*"
                ],
                "sid": ""
              },
              {
                "actions": [
                  "elasticloadbalancing:AddTags",
                  "elasticloadbalancing:RemoveTags"
                ],
                "condition": [
                  {
                    "test": "Null",
                    "values": [
                      "false"
                    ],
                    "variable": "aws:ResourceTag/elbv2.k8s.aws/cluster"
                  },
                  {
                    "test": "Null",
                    "values": [
                      "true"
                    ],
                    "variable": "aws:RequestTag/elbv2.k8s.aws/cluster"
                  }
                ],
                "effect": "Allow",
                "not_actions": [],
                "not_principals": [],
                "not_resources": [],
                "principals": [],
                "resources": [
                  "arn:aws:elasticloadbalancing:*:*:loadbalancer/app/*/*",
                  "arn:aws:elasticloadbalancing:*:*:loadbalancer/net/*/*",
                  "arn:aws:elasticloadbalancing:*:*:targetgroup/*/*"
                ],
                "sid": ""
              },
              {
                "actions": [
                  "elasticloadbalancing:AddTags",
                  "elasticloadbalancing:RemoveTags"
                ],
                "condition": [],
                "effect": "Allow",
                "not_actions": [],
                "not_principals": [],
                "not_resources": [],
                "principals": [],
                "resources": [
                  "arn:aws:elasticloadbalancing:*:*:listener-rule/app/*/*/*",
                  "arn:aws:elasticloadbalancing:*:*:listener-rule/net/*/*/*",
                  "arn:aws:elasticloadbalancing:*:*:listener/app/*/*/*",
                  "arn:aws:elasticloadbalancing:*:*:listener/net/*/*/*"
                ],
                "sid": ""
              },
              {
                "actions": [
                  "elasticloadbalancing:DeleteLoadBalancer",
                  "elasticloadbalancing:DeleteTargetGroup",
                  "elasticloadbalancing:ModifyLoadBalancerAttributes",
                  "elasticloadbalancing:ModifyTargetGroup",
                  "elasticloadbalancing:ModifyTargetGroupAttributes",
                  "elasticloadbalancing:SetIpAddressType",
                  "elasticloadbalancing:SetSecurityGroups",
                  "elasticloadbalancing:SetSubnets"
                ],
                "condition": [
                  {
                    "test": "Null",
                    "values": [
                      "false"
                    ],
                    "variable": "aws:ResourceTag/elbv2.k8s.aws/cluster"
                  }
                ],
                "effect": "Allow",
                "not_actions": [],
                "not_principals": [],
                "not_resources": [],
                "principals": [],
                "resources": [
                  "*"
                ],
                "sid": ""
              },
              {
                "actions": [
                  "elasticloadbalancing:AddTags"
                ],
                "condition": [
                  {
                    "test": "Null",
                    "values": [
                      "false"
                    ],
                    "variable": "aws:RequestTag/elbv2.k8s.aws/cluster"
                  },
                  {
                    "test": "StringEquals",
                    "values": [
                      "CreateTargetGroup",
                      "CreateLoadBalancer"
                    ],
                    "variable": "elasticloadbalancing:CreateAction"
                  }
                ],
                "effect": "Allow",
                "not_actions": [],
                "not_principals": [],
                "not_resources": [],
                "principals": [],
                "resources": [
                  "arn:aws:elasticloadbalancing:*:*:loadbalancer/app/*/*",
                  "arn:aws:elasticloadbalancing:*:*:loadbalancer/net/*/*",
                  "arn:aws:elasticloadbalancing:*:*:targetgroup/*/*"
                ],
                "sid": ""
              },
              {
                "actions": [
                  "elasticloadbalancing:DeregisterTargets",
                  "elasticloadbalancing:RegisterTargets"
                ],
                "condition": [],
                "effect": "Allow",
                "not_actions": [],
                "not_principals": [],
                "not_resources": [],
                "principals": [],
                "resources": [
                  "arn:aws:elasticloadbalancing:*:*:targetgroup/*/*"
                ],
                "sid": ""
              },
              {
                "actions": [
                  "elasticloadbalancing:AddListenerCertificates",
                  "elasticloadbalancing:ModifyListener",
                  "elasticloadbalancing:ModifyRule",
                  "elasticloadbalancing:RemoveListenerCertificates",
                  "elasticloadbalancing:SetWebAcl"
                ],
                "condition": [],
                "effect": "Allow",
                "not_actions": [],
                "not_principals": [],
                "not_resources": [],
                "principals": [],
                "resources": [
                  "*"
                ],
                "sid": ""
              }
            ],
            "version": "2012-10-17"
          },
          "sensitive_attributes": []
        }
      ]
    },
    {
      "module": "module.base.module.eks_ingress_iam",
      "mode": "data",
      "type": "aws_iam_policy_document",
      "name": "this",
      "provider": "provider[\"registry.terraform.io/hashicorp/aws\"]",
      "instances": [
        {
          "index_key": 0,
          "schema_version": 0,
          "attributes": {
            "id": "3014152468",
            "json": "{\n  \"Version\": \"2012-10-17\",\n  \"Statement\": [\n    {\n      \"Sid\": \"\",\n      \"Effect\": \"Allow\",\n      \"Action\": \"sts:AssumeRoleWithWebIdentity\",\n      \"Principal\": {\n        \"Federated\": \"arn:aws:iam::324005994172:oidc-provider/oidc.eks.us-east-1.amazonaws.com/id/8DAF3A8C157CFB6B785FC79B58795859\"\n      },\n      \"Condition\": {\n        \"StringEquals\": {\n          \"oidc.eks.us-east-1.amazonaws.com/id/8DAF3A8C157CFB6B785FC79B58795859:aud\": \"sts.amazonaws.com\",\n          \"oidc.eks.us-east-1.amazonaws.com/id/8DAF3A8C157CFB6B785FC79B58795859:sub\": \"system:serviceaccount:kube-system:aws-load-balancer-controller\"\n        }\n      }\n    }\n  ]\n}",
            "override_json": null,
            "override_policy_documents": null,
            "policy_id": null,
            "source_json": null,
            "source_policy_documents": null,
            "statement": [
              {
                "actions": [
                  "sts:AssumeRoleWithWebIdentity"
                ],
                "condition": [
                  {
                    "test": "StringEquals",
                    "values": [
                      "sts.amazonaws.com"
                    ],
                    "variable": "oidc.eks.us-east-1.amazonaws.com/id/8DAF3A8C157CFB6B785FC79B58795859:aud"
                  },
                  {
                    "test": "StringEquals",
                    "values": [
                      "system:serviceaccount:kube-system:aws-load-balancer-controller"
                    ],
                    "variable": "oidc.eks.us-east-1.amazonaws.com/id/8DAF3A8C157CFB6B785FC79B58795859:sub"
                  }
                ],
                "effect": "Allow",
                "not_actions": [],
                "not_principals": [],
                "not_resources": [],
                "principals": [
                  {
                    "identifiers": [
                      "arn:aws:iam::324005994172:oidc-provider/oidc.eks.us-east-1.amazonaws.com/id/8DAF3A8C157CFB6B785FC79B58795859"
                    ],
                    "type": "Federated"
                  }
                ],
                "resources": [],
                "sid": ""
              }
            ],
            "version": "2012-10-17"
          },
          "sensitive_attributes": []
        }
      ]
    },
    {
      "module": "module.base.module.eks_ingress_iam",
      "mode": "data",
      "type": "aws_partition",
      "name": "current",
      "provider": "provider[\"registry.terraform.io/hashicorp/aws\"]",
      "instances": [
        {
          "schema_version": 0,
          "attributes": {
            "dns_suffix": "amazonaws.com",
            "id": "aws",
            "partition": "aws",
            "reverse_dns_prefix": "com.amazonaws"
          },
          "sensitive_attributes": []
        }
      ]
    },
    {
      "module": "module.base.module.eks_ingress_iam",
      "mode": "data",
      "type": "aws_region",
      "name": "current",
      "provider": "provider[\"registry.terraform.io/hashicorp/aws\"]",
      "instances": [
        {
          "schema_version": 0,
          "attributes": {
            "description": "US East (N. Virginia)",
            "endpoint": "ec2.us-east-1.amazonaws.com",
            "id": "us-east-1",
            "name": "us-east-1"
          },
          "sensitive_attributes": []
        }
      ]
    },
    {
      "module": "module.base.module.eks_ingress_iam",
      "mode": "managed",
      "type": "aws_iam_policy",
      "name": "load_balancer_controller",
      "provider": "provider[\"registry.terraform.io/hashicorp/aws\"]",
      "instances": [
        {
          "index_key": 0,
          "schema_version": 0,
          "attributes": {
            "arn": "arn:aws:iam::324005994172:policy/AmazonEKS_AWS_Load_Balancer_Controller-20230703114355863900000006",
            "description": "Provides permissions for AWS Load Balancer Controller addon",
            "id": "arn:aws:iam::324005994172:policy/AmazonEKS_AWS_Load_Balancer_Controller-20230703114355863900000006",
            "name": "AmazonEKS_AWS_Load_Balancer_Controller-20230703114355863900000006",
            "name_prefix": "AmazonEKS_AWS_Load_Balancer_Controller-",
            "path": "/",
            "policy": "{\"Statement\":[{\"Action\":\"iam:CreateServiceLinkedRole\",\"Condition\":{\"StringEquals\":{\"iam:AWSServiceName\":\"elasticloadbalancing.amazonaws.com\"}},\"Effect\":\"Allow\",\"Resource\":\"*\",\"Sid\":\"\"},{\"Action\":[\"elasticloadbalancing:DescribeTargetHealth\",\"elasticloadbalancing:DescribeTargetGroups\",\"elasticloadbalancing:DescribeTargetGroupAttributes\",\"elasticloadbalancing:DescribeTags\",\"elasticloadbalancing:DescribeSSLPolicies\",\"elasticloadbalancing:DescribeRules\",\"elasticloadbalancing:DescribeLoadBalancers\",\"elasticloadbalancing:DescribeLoadBalancerAttributes\",\"elasticloadbalancing:DescribeListeners\",\"elasticloadbalancing:DescribeListenerCertificates\",\"ec2:GetCoipPoolUsage\",\"ec2:DescribeVpcs\",\"ec2:DescribeVpcPeeringConnections\",\"ec2:DescribeTags\",\"ec2:DescribeSubnets\",\"ec2:DescribeSecurityGroups\",\"ec2:DescribeNetworkInterfaces\",\"ec2:DescribeInternetGateways\",\"ec2:DescribeInstances\",\"ec2:DescribeCoipPools\",\"ec2:DescribeAvailabilityZones\",\"ec2:DescribeAddresses\",\"ec2:DescribeAccountAttributes\"],\"Effect\":\"Allow\",\"Resource\":\"*\",\"Sid\":\"\"},{\"Action\":[\"wafv2:GetWebACLForResource\",\"wafv2:GetWebACL\",\"wafv2:DisassociateWebACL\",\"wafv2:AssociateWebACL\",\"waf-regional:GetWebACLForResource\",\"waf-regional:GetWebACL\",\"waf-regional:DisassociateWebACL\",\"waf-regional:AssociateWebACL\",\"shield:GetSubscriptionState\",\"shield:DescribeProtection\",\"shield:DeleteProtection\",\"shield:CreateProtection\",\"iam:ListServerCertificates\",\"iam:GetServerCertificate\",\"cognito-idp:DescribeUserPoolClient\",\"acm:ListCertificates\",\"acm:DescribeCertificate\"],\"Effect\":\"Allow\",\"Resource\":\"*\",\"Sid\":\"\"},{\"Action\":[\"ec2:RevokeSecurityGroupIngress\",\"ec2:CreateSecurityGroup\",\"ec2:AuthorizeSecurityGroupIngress\"],\"Effect\":\"Allow\",\"Resource\":\"*\",\"Sid\":\"\"},{\"Action\":\"ec2:CreateTags\",\"Condition\":{\"Null\":{\"aws:RequestTag/elbv2.k8s.aws/cluster\":\"false\"},\"StringEquals\":{\"ec2:CreateAction\":\"CreateSecurityGroup\"}},\"Effect\":\"Allow\",\"Resource\":\"arn:aws:ec2:*:*:security-group/*\",\"Sid\":\"\"},{\"Action\":[\"ec2:DeleteTags\",\"ec2:CreateTags\"],\"Condition\":{\"Null\":{\"aws:RequestTag/elbv2.k8s.aws/cluster\":\"true\",\"aws:ResourceTag/elbv2.k8s.aws/cluster\":\"false\"}},\"Effect\":\"Allow\",\"Resource\":\"arn:aws:ec2:*:*:security-group/*\",\"Sid\":\"\"},{\"Action\":[\"ec2:RevokeSecurityGroupIngress\",\"ec2:DeleteSecurityGroup\",\"ec2:AuthorizeSecurityGroupIngress\"],\"Condition\":{\"Null\":{\"aws:ResourceTag/elbv2.k8s.aws/cluster\":\"false\"}},\"Effect\":\"Allow\",\"Resource\":\"*\",\"Sid\":\"\"},{\"Action\":[\"elasticloadbalancing:CreateTargetGroup\",\"elasticloadbalancing:CreateLoadBalancer\"],\"Condition\":{\"Null\":{\"aws:RequestTag/elbv2.k8s.aws/cluster\":\"false\"}},\"Effect\":\"Allow\",\"Resource\":\"*\",\"Sid\":\"\"},{\"Action\":[\"elasticloadbalancing:DeleteRule\",\"elasticloadbalancing:DeleteListener\",\"elasticloadbalancing:CreateRule\",\"elasticloadbalancing:CreateListener\"],\"Effect\":\"Allow\",\"Resource\":\"*\",\"Sid\":\"\"},{\"Action\":[\"elasticloadbalancing:RemoveTags\",\"elasticloadbalancing:AddTags\"],\"Condition\":{\"Null\":{\"aws:RequestTag/elbv2.k8s.aws/cluster\":\"true\",\"aws:ResourceTag/elbv2.k8s.aws/cluster\":\"false\"}},\"Effect\":\"Allow\",\"Resource\":[\"arn:aws:elasticloadbalancing:*:*:targetgroup/*/*\",\"arn:aws:elasticloadbalancing:*:*:loadbalancer/net/*/*\",\"arn:aws:elasticloadbalancing:*:*:loadbalancer/app/*/*\"],\"Sid\":\"\"},{\"Action\":[\"elasticloadbalancing:RemoveTags\",\"elasticloadbalancing:AddTags\"],\"Effect\":\"Allow\",\"Resource\":[\"arn:aws:elasticloadbalancing:*:*:listener/net/*/*/*\",\"arn:aws:elasticloadbalancing:*:*:listener/app/*/*/*\",\"arn:aws:elasticloadbalancing:*:*:listener-rule/net/*/*/*\",\"arn:aws:elasticloadbalancing:*:*:listener-rule/app/*/*/*\"],\"Sid\":\"\"},{\"Action\":[\"elasticloadbalancing:SetSubnets\",\"elasticloadbalancing:SetSecurityGroups\",\"elasticloadbalancing:SetIpAddressType\",\"elasticloadbalancing:ModifyTargetGroupAttributes\",\"elasticloadbalancing:ModifyTargetGroup\",\"elasticloadbalancing:ModifyLoadBalancerAttributes\",\"elasticloadbalancing:DeleteTargetGroup\",\"elasticloadbalancing:DeleteLoadBalancer\"],\"Condition\":{\"Null\":{\"aws:ResourceTag/elbv2.k8s.aws/cluster\":\"false\"}},\"Effect\":\"Allow\",\"Resource\":\"*\",\"Sid\":\"\"},{\"Action\":\"elasticloadbalancing:AddTags\",\"Condition\":{\"Null\":{\"aws:RequestTag/elbv2.k8s.aws/cluster\":\"false\"},\"StringEquals\":{\"elasticloadbalancing:CreateAction\":[\"CreateTargetGroup\",\"CreateLoadBalancer\"]}},\"Effect\":\"Allow\",\"Resource\":[\"arn:aws:elasticloadbalancing:*:*:targetgroup/*/*\",\"arn:aws:elasticloadbalancing:*:*:loadbalancer/net/*/*\",\"arn:aws:elasticloadbalancing:*:*:loadbalancer/app/*/*\"],\"Sid\":\"\"},{\"Action\":[\"elasticloadbalancing:RegisterTargets\",\"elasticloadbalancing:DeregisterTargets\"],\"Effect\":\"Allow\",\"Resource\":\"arn:aws:elasticloadbalancing:*:*:targetgroup/*/*\",\"Sid\":\"\"},{\"Action\":[\"elasticloadbalancing:SetWebAcl\",\"elasticloadbalancing:RemoveListenerCertificates\",\"elasticloadbalancing:ModifyRule\",\"elasticloadbalancing:ModifyListener\",\"elasticloadbalancing:AddListenerCertificates\"],\"Effect\":\"Allow\",\"Resource\":\"*\",\"Sid\":\"\"}],\"Version\":\"2012-10-17\"}",
            "policy_id": "ANPAUW4CDD26CQ6Y5U52C",
            "tags": null,
            "tags_all": {
              "cb:environment": "ps-dev",
              "cb:owner": "professional-services",
              "cb:user": "acaternberg",
              "kubernetes.io/cluster/acaternberg-tf": "owned",
              "ps-genetes/cluster": "acaternberg-tf",
              "ps-genetes/stack": "eks-tf"
            }
          },
          "sensitive_attributes": [],
          "private": "bnVsbA==",
          "dependencies": [
            "module.base.module.eks_ingress_iam.data.aws_iam_policy_document.load_balancer_controller"
          ]
        }
      ]
    },
    {
      "module": "module.base.module.eks_ingress_iam",
      "mode": "managed",
      "type": "aws_iam_role",
      "name": "this",
      "provider": "provider[\"registry.terraform.io/hashicorp/aws\"]",
      "instances": [
        {
          "index_key": 0,
          "schema_version": 0,
          "attributes": {
            "arn": "arn:aws:iam::324005994172:role/load-balancer-controller",
            "assume_role_policy": "{\"Statement\":[{\"Action\":\"sts:AssumeRoleWithWebIdentity\",\"Condition\":{\"StringEquals\":{\"oidc.eks.us-east-1.amazonaws.com/id/8DAF3A8C157CFB6B785FC79B58795859:aud\":\"sts.amazonaws.com\",\"oidc.eks.us-east-1.amazonaws.com/id/8DAF3A8C157CFB6B785FC79B58795859:sub\":\"system:serviceaccount:kube-system:aws-load-balancer-controller\"}},\"Effect\":\"Allow\",\"Principal\":{\"Federated\":\"arn:aws:iam::324005994172:oidc-provider/oidc.eks.us-east-1.amazonaws.com/id/8DAF3A8C157CFB6B785FC79B58795859\"},\"Sid\":\"\"}],\"Version\":\"2012-10-17\"}",
            "create_date": "2023-07-03T11:54:25Z",
            "description": "",
            "force_detach_policies": true,
            "id": "load-balancer-controller",
            "inline_policy": [],
            "managed_policy_arns": [],
            "max_session_duration": 3600,
            "name": "load-balancer-controller",
            "name_prefix": "",
            "path": "/",
            "permissions_boundary": null,
            "role_last_used": [
              {
                "last_used_date": "",
                "region": ""
              }
            ],
            "tags": null,
            "tags_all": {
              "cb:environment": "ps-dev",
              "cb:owner": "professional-services",
              "cb:user": "acaternberg",
              "kubernetes.io/cluster/acaternberg-tf": "owned",
              "ps-genetes/cluster": "acaternberg-tf",
              "ps-genetes/stack": "eks-tf"
            },
            "unique_id": "AROAUW4CDD26KRAOQKNG3"
          },
          "sensitive_attributes": [],
          "private": "bnVsbA==",
          "dependencies": [
            "module.base.aws_security_group.alb",
            "module.base.data.aws_availability_zones.available_azs",
            "module.base.module.cluster.aws_cloudwatch_log_group.this",
            "module.base.module.cluster.aws_eks_cluster.this",
            "module.base.module.cluster.aws_iam_openid_connect_provider.oidc_provider",
            "module.base.module.cluster.aws_iam_policy.cni_ipv6_policy",
            "module.base.module.cluster.aws_iam_role.this",
            "module.base.module.cluster.aws_iam_role_policy_attachment.this",
            "module.base.module.cluster.aws_security_group.cluster",
            "module.base.module.cluster.aws_security_group.node",
            "module.base.module.cluster.aws_security_group_rule.cluster",
            "module.base.module.cluster.aws_security_group_rule.node",
            "module.base.module.cluster.data.aws_iam_policy_document.assume_role_policy",
            "module.base.module.cluster.data.aws_iam_session_context.current",
            "module.base.module.cluster.data.aws_partition.current",
            "module.base.module.cluster.data.tls_certificate.this",
            "module.base.module.cluster.module.kms.aws_kms_external_key.this",
            "module.base.module.cluster.module.kms.aws_kms_key.this",
            "module.base.module.cluster.module.kms.data.aws_caller_identity.current",
            "module.base.module.cluster.module.kms.data.aws_iam_policy_document.this",
            "module.base.module.cluster.module.kms.data.aws_partition.current",
            "module.base.module.eks_ingress_iam.data.aws_caller_identity.current",
            "module.base.module.eks_ingress_iam.data.aws_iam_policy_document.this",
            "module.base.module.eks_ingress_iam.data.aws_partition.current",
            "module.base.module.vpc.aws_subnet.private",
            "module.base.module.vpc.aws_vpc.this",
            "module.base.module.vpc.aws_vpc_ipv4_cidr_block_association.this"
          ]
        }
      ]
    },
    {
      "module": "module.base.module.eks_ingress_iam",
      "mode": "managed",
      "type": "aws_iam_role_policy_attachment",
      "name": "load_balancer_controller",
      "provider": "provider[\"registry.terraform.io/hashicorp/aws\"]",
      "instances": [
        {
          "index_key": 0,
          "schema_version": 0,
          "attributes": {
            "id": "load-balancer-controller-20230703115426217000000018",
            "policy_arn": "arn:aws:iam::324005994172:policy/AmazonEKS_AWS_Load_Balancer_Controller-20230703114355863900000006",
            "role": "load-balancer-controller"
          },
          "sensitive_attributes": [],
          "private": "bnVsbA==",
          "dependencies": [
            "module.base.aws_security_group.alb",
            "module.base.data.aws_availability_zones.available_azs",
            "module.base.module.cluster.aws_cloudwatch_log_group.this",
            "module.base.module.cluster.aws_eks_cluster.this",
            "module.base.module.cluster.aws_iam_openid_connect_provider.oidc_provider",
            "module.base.module.cluster.aws_iam_policy.cni_ipv6_policy",
            "module.base.module.cluster.aws_iam_role.this",
            "module.base.module.cluster.aws_iam_role_policy_attachment.this",
            "module.base.module.cluster.aws_security_group.cluster",
            "module.base.module.cluster.aws_security_group.node",
            "module.base.module.cluster.aws_security_group_rule.cluster",
            "module.base.module.cluster.aws_security_group_rule.node",
            "module.base.module.cluster.data.aws_iam_policy_document.assume_role_policy",
            "module.base.module.cluster.data.aws_iam_session_context.current",
            "module.base.module.cluster.data.aws_partition.current",
            "module.base.module.cluster.data.tls_certificate.this",
            "module.base.module.cluster.module.kms.aws_kms_external_key.this",
            "module.base.module.cluster.module.kms.aws_kms_key.this",
            "module.base.module.cluster.module.kms.data.aws_caller_identity.current",
            "module.base.module.cluster.module.kms.data.aws_iam_policy_document.this",
            "module.base.module.cluster.module.kms.data.aws_partition.current",
            "module.base.module.eks_ingress_iam.aws_iam_policy.load_balancer_controller",
            "module.base.module.eks_ingress_iam.aws_iam_role.this",
            "module.base.module.eks_ingress_iam.data.aws_caller_identity.current",
            "module.base.module.eks_ingress_iam.data.aws_iam_policy_document.load_balancer_controller",
            "module.base.module.eks_ingress_iam.data.aws_iam_policy_document.this",
            "module.base.module.eks_ingress_iam.data.aws_partition.current",
            "module.base.module.vpc.aws_subnet.private",
            "module.base.module.vpc.aws_vpc.this",
            "module.base.module.vpc.aws_vpc_ipv4_cidr_block_association.this"
          ]
        }
      ]
    },
    {
      "module": "module.base.module.vpc",
      "mode": "managed",
      "type": "aws_default_network_acl",
      "name": "this",
      "provider": "provider[\"registry.terraform.io/hashicorp/aws\"]",
      "instances": [
        {
          "index_key": 0,
          "schema_version": 0,
          "attributes": {
            "arn": "arn:aws:ec2:us-east-1:324005994172:network-acl/acl-06cceeb33288a2be7",
            "default_network_acl_id": "acl-06cceeb33288a2be7",
            "egress": [
              {
                "action": "allow",
                "cidr_block": "",
                "from_port": 0,
                "icmp_code": null,
                "icmp_type": null,
                "ipv6_cidr_block": "::/0",
                "protocol": "-1",
                "rule_no": 101,
                "to_port": 0
              },
              {
                "action": "allow",
                "cidr_block": "0.0.0.0/0",
                "from_port": 0,
                "icmp_code": null,
                "icmp_type": null,
                "ipv6_cidr_block": "",
                "protocol": "-1",
                "rule_no": 100,
                "to_port": 0
              }
            ],
            "id": "acl-06cceeb33288a2be7",
            "ingress": [
              {
                "action": "allow",
                "cidr_block": "",
                "from_port": 0,
                "icmp_code": null,
                "icmp_type": null,
                "ipv6_cidr_block": "::/0",
                "protocol": "-1",
                "rule_no": 101,
                "to_port": 0
              },
              {
                "action": "allow",
                "cidr_block": "0.0.0.0/0",
                "from_port": 0,
                "icmp_code": null,
                "icmp_type": null,
                "ipv6_cidr_block": "",
                "protocol": "-1",
                "rule_no": 100,
                "to_port": 0
              }
            ],
            "owner_id": "324005994172",
            "subnet_ids": [
              "subnet-00626b1456b149e78",
              "subnet-075eae8063674a4b2",
              "subnet-0aac35b2ca131ddaf",
              "subnet-0ab56889ded0a6ed0",
              "subnet-0c102bf5213c356ec",
              "subnet-0c7eac415e344787b"
            ],
            "tags": {
              "Name": "caternebrg-vpc-default",
              "kubernetes.io/cluster/acaternberg-tf": "shared"
            },
            "tags_all": {
              "Name": "caternebrg-vpc-default",
              "cb:environment": "ps-dev",
              "cb:owner": "professional-services",
              "cb:user": "acaternberg",
              "kubernetes.io/cluster/acaternberg-tf": "shared",
              "ps-genetes/cluster": "acaternberg-tf",
              "ps-genetes/stack": "eks-tf"
            },
            "vpc_id": "vpc-0e868d3a3e43bec75"
          },
          "sensitive_attributes": [],
          "private": "bnVsbA==",
          "dependencies": [
            "module.base.module.vpc.aws_vpc.this"
          ]
        }
      ]
    },
    {
      "module": "module.base.module.vpc",
      "mode": "managed",
      "type": "aws_default_route_table",
      "name": "default",
      "provider": "provider[\"registry.terraform.io/hashicorp/aws\"]",
      "instances": [
        {
          "index_key": 0,
          "schema_version": 0,
          "attributes": {
            "arn": "arn:aws:ec2:us-east-1:324005994172:route-table/rtb-0bb2041d57a71fbc9",
            "default_route_table_id": "rtb-0bb2041d57a71fbc9",
            "id": "rtb-0bb2041d57a71fbc9",
            "owner_id": "324005994172",
            "propagating_vgws": null,
            "route": [],
            "tags": {
              "Name": "caternebrg-vpc-default",
              "kubernetes.io/cluster/acaternberg-tf": "shared"
            },
            "tags_all": {
              "Name": "caternebrg-vpc-default",
              "cb:environment": "ps-dev",
              "cb:owner": "professional-services",
              "cb:user": "acaternberg",
              "kubernetes.io/cluster/acaternberg-tf": "shared",
              "ps-genetes/cluster": "acaternberg-tf",
              "ps-genetes/stack": "eks-tf"
            },
            "timeouts": {
              "create": "5m",
              "update": "5m"
            },
            "vpc_id": "vpc-0e868d3a3e43bec75"
          },
          "sensitive_attributes": [],
          "private": "eyJlMmJmYjczMC1lY2FhLTExZTYtOGY4OC0zNDM2M2JjN2M0YzAiOnsiY3JlYXRlIjozMDAwMDAwMDAwMDAsInVwZGF0ZSI6MzAwMDAwMDAwMDAwfX0=",
          "dependencies": [
            "module.base.module.vpc.aws_vpc.this"
          ]
        }
      ]
    },
    {
      "module": "module.base.module.vpc",
      "mode": "managed",
      "type": "aws_default_security_group",
      "name": "this",
      "provider": "provider[\"registry.terraform.io/hashicorp/aws\"]",
      "instances": [
        {
          "index_key": 0,
          "schema_version": 1,
          "attributes": {
            "arn": "arn:aws:ec2:us-east-1:324005994172:security-group/sg-0aa2ef6974a943cb3",
            "description": "default VPC security group",
            "egress": [],
            "id": "sg-0aa2ef6974a943cb3",
            "ingress": [],
            "name": "default",
            "name_prefix": "",
            "owner_id": "324005994172",
            "revoke_rules_on_delete": false,
            "tags": {
              "Name": "caternebrg-vpc-default",
              "kubernetes.io/cluster/acaternberg-tf": "shared"
            },
            "tags_all": {
              "Name": "caternebrg-vpc-default",
              "cb:environment": "ps-dev",
              "cb:owner": "professional-services",
              "cb:user": "acaternberg",
              "kubernetes.io/cluster/acaternberg-tf": "shared",
              "ps-genetes/cluster": "acaternberg-tf",
              "ps-genetes/stack": "eks-tf"
            },
            "vpc_id": "vpc-0e868d3a3e43bec75"
          },
          "sensitive_attributes": [],
          "private": "eyJzY2hlbWFfdmVyc2lvbiI6IjEifQ==",
          "dependencies": [
            "module.base.module.vpc.aws_vpc.this"
          ]
        }
      ]
    },
    {
      "module": "module.base.module.vpc",
      "mode": "managed",
      "type": "aws_eip",
      "name": "nat",
      "provider": "provider[\"registry.terraform.io/hashicorp/aws\"]",
      "instances": []
    },
    {
      "module": "module.base.module.vpc",
      "mode": "managed",
      "type": "aws_internet_gateway",
      "name": "this",
      "provider": "provider[\"registry.terraform.io/hashicorp/aws\"]",
      "instances": [
        {
          "index_key": 0,
          "schema_version": 0,
          "attributes": {
            "arn": "arn:aws:ec2:us-east-1:324005994172:internet-gateway/igw-056328100bb5708b5",
            "id": "igw-056328100bb5708b5",
            "owner_id": "324005994172",
            "tags": {
              "Name": "caternebrg-vpc",
              "kubernetes.io/cluster/acaternberg-tf": "shared"
            },
            "tags_all": {
              "Name": "caternebrg-vpc",
              "cb:environment": "ps-dev",
              "cb:owner": "professional-services",
              "cb:user": "acaternberg",
              "kubernetes.io/cluster/acaternberg-tf": "shared",
              "ps-genetes/cluster": "acaternberg-tf",
              "ps-genetes/stack": "eks-tf"
            },
            "timeouts": null,
            "vpc_id": "vpc-0e868d3a3e43bec75"
          },
          "sensitive_attributes": [],
          "private": "eyJlMmJmYjczMC1lY2FhLTExZTYtOGY4OC0zNDM2M2JjN2M0YzAiOnsiY3JlYXRlIjoxMjAwMDAwMDAwMDAwLCJkZWxldGUiOjEyMDAwMDAwMDAwMDAsInVwZGF0ZSI6MTIwMDAwMDAwMDAwMH19",
          "dependencies": [
            "module.base.data.aws_availability_zones.available_azs",
            "module.base.module.vpc.aws_vpc.this",
            "module.base.module.vpc.aws_vpc_ipv4_cidr_block_association.this"
          ]
        }
      ]
    },
    {
      "module": "module.base.module.vpc",
      "mode": "managed",
      "type": "aws_nat_gateway",
      "name": "this",
      "provider": "provider[\"registry.terraform.io/hashicorp/aws\"]",
      "instances": [
        {
          "index_key": 0,
          "schema_version": 0,
          "attributes": {
            "allocation_id": "eipalloc-005b91d50772d1269",
            "association_id": "eipassoc-0bc95c25ed7e0da73",
            "connectivity_type": "public",
            "id": "nat-04de80efccacd28a7",
            "network_interface_id": "eni-018bbdffb5ee58f7f",
            "private_ip": "10.0.138.9",
            "public_ip": "3.210.66.110",
            "subnet_id": "subnet-075eae8063674a4b2",
            "tags": {
              "Name": "caternebrg-vpc-us-east-1a",
              "kubernetes.io/cluster/acaternberg-tf": "shared"
            },
            "tags_all": {
              "Name": "caternebrg-vpc-us-east-1a",
              "cb:environment": "ps-dev",
              "cb:owner": "professional-services",
              "cb:user": "acaternberg",
              "kubernetes.io/cluster/acaternberg-tf": "shared",
              "ps-genetes/cluster": "acaternberg-tf",
              "ps-genetes/stack": "eks-tf"
            }
          },
          "sensitive_attributes": [],
          "private": "bnVsbA==",
          "dependencies": [
            "module.base.aws_eip.nat_gw_elastic_ip",
            "module.base.data.aws_availability_zones.available_azs",
            "module.base.module.vpc.aws_eip.nat",
            "module.base.module.vpc.aws_internet_gateway.this",
            "module.base.module.vpc.aws_subnet.public",
            "module.base.module.vpc.aws_vpc.this",
            "module.base.module.vpc.aws_vpc_ipv4_cidr_block_association.this"
          ]
        }
      ]
    },
    {
      "module": "module.base.module.vpc",
      "mode": "managed",
      "type": "aws_route",
      "name": "private_nat_gateway",
      "provider": "provider[\"registry.terraform.io/hashicorp/aws\"]",
      "instances": [
        {
          "index_key": 0,
          "schema_version": 0,
          "attributes": {
            "carrier_gateway_id": "",
            "core_network_arn": "",
            "destination_cidr_block": "0.0.0.0/0",
            "destination_ipv6_cidr_block": "",
            "destination_prefix_list_id": "",
            "egress_only_gateway_id": "",
            "gateway_id": "",
            "id": "r-rtb-0b2f6e6ebb3a5d1ad1080289494",
            "instance_id": "",
            "instance_owner_id": "",
            "local_gateway_id": "",
            "nat_gateway_id": "nat-04de80efccacd28a7",
            "network_interface_id": "",
            "origin": "CreateRoute",
            "route_table_id": "rtb-0b2f6e6ebb3a5d1ad",
            "state": "active",
            "timeouts": {
              "create": "5m",
              "delete": null,
              "update": null
            },
            "transit_gateway_id": "",
            "vpc_endpoint_id": "",
            "vpc_peering_connection_id": ""
          },
          "sensitive_attributes": [],
          "private": "eyJlMmJmYjczMC1lY2FhLTExZTYtOGY4OC0zNDM2M2JjN2M0YzAiOnsiY3JlYXRlIjozMDAwMDAwMDAwMDAsImRlbGV0ZSI6MzAwMDAwMDAwMDAwLCJ1cGRhdGUiOjEyMDAwMDAwMDAwMH19",
          "dependencies": [
            "module.base.aws_eip.nat_gw_elastic_ip",
            "module.base.data.aws_availability_zones.available_azs",
            "module.base.module.vpc.aws_eip.nat",
            "module.base.module.vpc.aws_internet_gateway.this",
            "module.base.module.vpc.aws_nat_gateway.this",
            "module.base.module.vpc.aws_route_table.private",
            "module.base.module.vpc.aws_subnet.public",
            "module.base.module.vpc.aws_vpc.this",
            "module.base.module.vpc.aws_vpc_ipv4_cidr_block_association.this"
          ]
        }
      ]
    },
    {
      "module": "module.base.module.vpc",
      "mode": "managed",
      "type": "aws_route",
      "name": "public_internet_gateway",
      "provider": "provider[\"registry.terraform.io/hashicorp/aws\"]",
      "instances": [
        {
          "index_key": 0,
          "schema_version": 0,
          "attributes": {
            "carrier_gateway_id": "",
            "core_network_arn": "",
            "destination_cidr_block": "0.0.0.0/0",
            "destination_ipv6_cidr_block": "",
            "destination_prefix_list_id": "",
            "egress_only_gateway_id": "",
            "gateway_id": "igw-056328100bb5708b5",
            "id": "r-rtb-0c07074f1f9f93fdf1080289494",
            "instance_id": "",
            "instance_owner_id": "",
            "local_gateway_id": "",
            "nat_gateway_id": "",
            "network_interface_id": "",
            "origin": "CreateRoute",
            "route_table_id": "rtb-0c07074f1f9f93fdf",
            "state": "active",
            "timeouts": {
              "create": "5m",
              "delete": null,
              "update": null
            },
            "transit_gateway_id": "",
            "vpc_endpoint_id": "",
            "vpc_peering_connection_id": ""
          },
          "sensitive_attributes": [],
          "private": "eyJlMmJmYjczMC1lY2FhLTExZTYtOGY4OC0zNDM2M2JjN2M0YzAiOnsiY3JlYXRlIjozMDAwMDAwMDAwMDAsImRlbGV0ZSI6MzAwMDAwMDAwMDAwLCJ1cGRhdGUiOjEyMDAwMDAwMDAwMH19",
          "dependencies": [
            "module.base.data.aws_availability_zones.available_azs",
            "module.base.module.vpc.aws_internet_gateway.this",
            "module.base.module.vpc.aws_route_table.public",
            "module.base.module.vpc.aws_vpc.this",
            "module.base.module.vpc.aws_vpc_ipv4_cidr_block_association.this"
          ]
        }
      ]
    },
    {
      "module": "module.base.module.vpc",
      "mode": "managed",
      "type": "aws_route_table",
      "name": "private",
      "provider": "provider[\"registry.terraform.io/hashicorp/aws\"]",
      "instances": [
        {
          "index_key": 0,
          "schema_version": 0,
          "attributes": {
            "arn": "arn:aws:ec2:us-east-1:324005994172:route-table/rtb-0b2f6e6ebb3a5d1ad",
            "id": "rtb-0b2f6e6ebb3a5d1ad",
            "owner_id": "324005994172",
            "propagating_vgws": [],
            "route": [],
            "tags": {
              "Name": "caternebrg-vpc-private",
              "kubernetes.io/cluster/acaternberg-tf": "shared"
            },
            "tags_all": {
              "Name": "caternebrg-vpc-private",
              "cb:environment": "ps-dev",
              "cb:owner": "professional-services",
              "cb:user": "acaternberg",
              "kubernetes.io/cluster/acaternberg-tf": "shared",
              "ps-genetes/cluster": "acaternberg-tf",
              "ps-genetes/stack": "eks-tf"
            },
            "timeouts": null,
            "vpc_id": "vpc-0e868d3a3e43bec75"
          },
          "sensitive_attributes": [],
          "private": "eyJlMmJmYjczMC1lY2FhLTExZTYtOGY4OC0zNDM2M2JjN2M0YzAiOnsiY3JlYXRlIjozMDAwMDAwMDAwMDAsImRlbGV0ZSI6MzAwMDAwMDAwMDAwLCJ1cGRhdGUiOjEyMDAwMDAwMDAwMH19",
          "dependencies": [
            "module.base.data.aws_availability_zones.available_azs",
            "module.base.module.vpc.aws_vpc.this",
            "module.base.module.vpc.aws_vpc_ipv4_cidr_block_association.this"
          ]
        }
      ]
    },
    {
      "module": "module.base.module.vpc",
      "mode": "managed",
      "type": "aws_route_table",
      "name": "public",
      "provider": "provider[\"registry.terraform.io/hashicorp/aws\"]",
      "instances": [
        {
          "index_key": 0,
          "schema_version": 0,
          "attributes": {
            "arn": "arn:aws:ec2:us-east-1:324005994172:route-table/rtb-0c07074f1f9f93fdf",
            "id": "rtb-0c07074f1f9f93fdf",
            "owner_id": "324005994172",
            "propagating_vgws": [],
            "route": [],
            "tags": {
              "Name": "caternebrg-vpc-public",
              "kubernetes.io/cluster/acaternberg-tf": "shared"
            },
            "tags_all": {
              "Name": "caternebrg-vpc-public",
              "cb:environment": "ps-dev",
              "cb:owner": "professional-services",
              "cb:user": "acaternberg",
              "kubernetes.io/cluster/acaternberg-tf": "shared",
              "ps-genetes/cluster": "acaternberg-tf",
              "ps-genetes/stack": "eks-tf"
            },
            "timeouts": null,
            "vpc_id": "vpc-0e868d3a3e43bec75"
          },
          "sensitive_attributes": [],
          "private": "eyJlMmJmYjczMC1lY2FhLTExZTYtOGY4OC0zNDM2M2JjN2M0YzAiOnsiY3JlYXRlIjozMDAwMDAwMDAwMDAsImRlbGV0ZSI6MzAwMDAwMDAwMDAwLCJ1cGRhdGUiOjEyMDAwMDAwMDAwMH19",
          "dependencies": [
            "module.base.data.aws_availability_zones.available_azs",
            "module.base.module.vpc.aws_vpc.this",
            "module.base.module.vpc.aws_vpc_ipv4_cidr_block_association.this"
          ]
        }
      ]
    },
    {
      "module": "module.base.module.vpc",
      "mode": "managed",
      "type": "aws_route_table_association",
      "name": "private",
      "provider": "provider[\"registry.terraform.io/hashicorp/aws\"]",
      "instances": [
        {
          "index_key": 0,
          "schema_version": 0,
          "attributes": {
            "gateway_id": "",
            "id": "rtbassoc-01c0ff9db71d2c560",
            "route_table_id": "rtb-0b2f6e6ebb3a5d1ad",
            "subnet_id": "subnet-0c102bf5213c356ec",
            "timeouts": null
          },
          "sensitive_attributes": [],
          "private": "eyJlMmJmYjczMC1lY2FhLTExZTYtOGY4OC0zNDM2M2JjN2M0YzAiOnsiY3JlYXRlIjozMDAwMDAwMDAwMDAsImRlbGV0ZSI6MzAwMDAwMDAwMDAwLCJ1cGRhdGUiOjEyMDAwMDAwMDAwMH19",
          "dependencies": [
            "module.base.data.aws_availability_zones.available_azs",
            "module.base.module.vpc.aws_route_table.private",
            "module.base.module.vpc.aws_subnet.private",
            "module.base.module.vpc.aws_vpc.this",
            "module.base.module.vpc.aws_vpc_ipv4_cidr_block_association.this"
          ]
        },
        {
          "index_key": 1,
          "schema_version": 0,
          "attributes": {
            "gateway_id": "",
            "id": "rtbassoc-0db3e5e9d4ebb317e",
            "route_table_id": "rtb-0b2f6e6ebb3a5d1ad",
            "subnet_id": "subnet-00626b1456b149e78",
            "timeouts": null
          },
          "sensitive_attributes": [],
          "private": "eyJlMmJmYjczMC1lY2FhLTExZTYtOGY4OC0zNDM2M2JjN2M0YzAiOnsiY3JlYXRlIjozMDAwMDAwMDAwMDAsImRlbGV0ZSI6MzAwMDAwMDAwMDAwLCJ1cGRhdGUiOjEyMDAwMDAwMDAwMH19",
          "dependencies": [
            "module.base.data.aws_availability_zones.available_azs",
            "module.base.module.vpc.aws_route_table.private",
            "module.base.module.vpc.aws_subnet.private",
            "module.base.module.vpc.aws_vpc.this",
            "module.base.module.vpc.aws_vpc_ipv4_cidr_block_association.this"
          ]
        },
        {
          "index_key": 2,
          "schema_version": 0,
          "attributes": {
            "gateway_id": "",
            "id": "rtbassoc-0b23cd0be9afff169",
            "route_table_id": "rtb-0b2f6e6ebb3a5d1ad",
            "subnet_id": "subnet-0aac35b2ca131ddaf",
            "timeouts": null
          },
          "sensitive_attributes": [],
          "private": "eyJlMmJmYjczMC1lY2FhLTExZTYtOGY4OC0zNDM2M2JjN2M0YzAiOnsiY3JlYXRlIjozMDAwMDAwMDAwMDAsImRlbGV0ZSI6MzAwMDAwMDAwMDAwLCJ1cGRhdGUiOjEyMDAwMDAwMDAwMH19",
          "dependencies": [
            "module.base.data.aws_availability_zones.available_azs",
            "module.base.module.vpc.aws_route_table.private",
            "module.base.module.vpc.aws_subnet.private",
            "module.base.module.vpc.aws_vpc.this",
            "module.base.module.vpc.aws_vpc_ipv4_cidr_block_association.this"
          ]
        }
      ]
    },
    {
      "module": "module.base.module.vpc",
      "mode": "managed",
      "type": "aws_route_table_association",
      "name": "public",
      "provider": "provider[\"registry.terraform.io/hashicorp/aws\"]",
      "instances": [
        {
          "index_key": 0,
          "schema_version": 0,
          "attributes": {
            "gateway_id": "",
            "id": "rtbassoc-08ceacb5ee21f74a8",
            "route_table_id": "rtb-0c07074f1f9f93fdf",
            "subnet_id": "subnet-075eae8063674a4b2",
            "timeouts": null
          },
          "sensitive_attributes": [],
          "private": "eyJlMmJmYjczMC1lY2FhLTExZTYtOGY4OC0zNDM2M2JjN2M0YzAiOnsiY3JlYXRlIjozMDAwMDAwMDAwMDAsImRlbGV0ZSI6MzAwMDAwMDAwMDAwLCJ1cGRhdGUiOjEyMDAwMDAwMDAwMH19",
          "dependencies": [
            "module.base.data.aws_availability_zones.available_azs",
            "module.base.module.vpc.aws_route_table.public",
            "module.base.module.vpc.aws_subnet.public",
            "module.base.module.vpc.aws_vpc.this",
            "module.base.module.vpc.aws_vpc_ipv4_cidr_block_association.this"
          ]
        },
        {
          "index_key": 1,
          "schema_version": 0,
          "attributes": {
            "gateway_id": "",
            "id": "rtbassoc-0a361ed14f21a91de",
            "route_table_id": "rtb-0c07074f1f9f93fdf",
            "subnet_id": "subnet-0c7eac415e344787b",
            "timeouts": null
          },
          "sensitive_attributes": [],
          "private": "eyJlMmJmYjczMC1lY2FhLTExZTYtOGY4OC0zNDM2M2JjN2M0YzAiOnsiY3JlYXRlIjozMDAwMDAwMDAwMDAsImRlbGV0ZSI6MzAwMDAwMDAwMDAwLCJ1cGRhdGUiOjEyMDAwMDAwMDAwMH19",
          "dependencies": [
            "module.base.data.aws_availability_zones.available_azs",
            "module.base.module.vpc.aws_route_table.public",
            "module.base.module.vpc.aws_subnet.public",
            "module.base.module.vpc.aws_vpc.this",
            "module.base.module.vpc.aws_vpc_ipv4_cidr_block_association.this"
          ]
        },
        {
          "index_key": 2,
          "schema_version": 0,
          "attributes": {
            "gateway_id": "",
            "id": "rtbassoc-09c8ffe3aee202436",
            "route_table_id": "rtb-0c07074f1f9f93fdf",
            "subnet_id": "subnet-0ab56889ded0a6ed0",
            "timeouts": null
          },
          "sensitive_attributes": [],
          "private": "eyJlMmJmYjczMC1lY2FhLTExZTYtOGY4OC0zNDM2M2JjN2M0YzAiOnsiY3JlYXRlIjozMDAwMDAwMDAwMDAsImRlbGV0ZSI6MzAwMDAwMDAwMDAwLCJ1cGRhdGUiOjEyMDAwMDAwMDAwMH19",
          "dependencies": [
            "module.base.data.aws_availability_zones.available_azs",
            "module.base.module.vpc.aws_route_table.public",
            "module.base.module.vpc.aws_subnet.public",
            "module.base.module.vpc.aws_vpc.this",
            "module.base.module.vpc.aws_vpc_ipv4_cidr_block_association.this"
          ]
        }
      ]
    },
    {
      "module": "module.base.module.vpc",
      "mode": "managed",
      "type": "aws_subnet",
      "name": "private",
      "provider": "provider[\"registry.terraform.io/hashicorp/aws\"]",
      "instances": [
        {
          "index_key": 0,
          "schema_version": 1,
          "attributes": {
            "arn": "arn:aws:ec2:us-east-1:324005994172:subnet/subnet-0c102bf5213c356ec",
            "assign_ipv6_address_on_creation": false,
            "availability_zone": "us-east-1a",
            "availability_zone_id": "use1-az6",
            "cidr_block": "10.0.0.0/20",
            "customer_owned_ipv4_pool": "",
            "enable_dns64": false,
            "enable_lni_at_device_index": 0,
            "enable_resource_name_dns_a_record_on_launch": false,
            "enable_resource_name_dns_aaaa_record_on_launch": false,
            "id": "subnet-0c102bf5213c356ec",
            "ipv6_cidr_block": "",
            "ipv6_cidr_block_association_id": "",
            "ipv6_native": false,
            "map_customer_owned_ip_on_launch": false,
            "map_public_ip_on_launch": false,
            "outpost_arn": "",
            "owner_id": "324005994172",
            "private_dns_hostname_type_on_launch": "ip-name",
            "tags": {
              "Name": "caternebrg-vpc-private-us-east-1a",
              "kubernetes.io/cluster/acaternberg-tf": "shared",
              "kubernetes.io/role/internal-elb": "1"
            },
            "tags_all": {
              "Name": "caternebrg-vpc-private-us-east-1a",
              "cb:environment": "ps-dev",
              "cb:owner": "professional-services",
              "cb:user": "acaternberg",
              "kubernetes.io/cluster/acaternberg-tf": "shared",
              "kubernetes.io/role/internal-elb": "1",
              "ps-genetes/cluster": "acaternberg-tf",
              "ps-genetes/stack": "eks-tf"
            },
            "timeouts": null,
            "vpc_id": "vpc-0e868d3a3e43bec75"
          },
          "sensitive_attributes": [],
          "private": "eyJlMmJmYjczMC1lY2FhLTExZTYtOGY4OC0zNDM2M2JjN2M0YzAiOnsiY3JlYXRlIjo2MDAwMDAwMDAwMDAsImRlbGV0ZSI6MTIwMDAwMDAwMDAwMH0sInNjaGVtYV92ZXJzaW9uIjoiMSJ9",
          "dependencies": [
            "module.base.data.aws_availability_zones.available_azs",
            "module.base.module.vpc.aws_vpc.this",
            "module.base.module.vpc.aws_vpc_ipv4_cidr_block_association.this"
          ],
          "create_before_destroy": true
        },
        {
          "index_key": 1,
          "schema_version": 1,
          "attributes": {
            "arn": "arn:aws:ec2:us-east-1:324005994172:subnet/subnet-00626b1456b149e78",
            "assign_ipv6_address_on_creation": false,
            "availability_zone": "us-east-1b",
            "availability_zone_id": "use1-az1",
            "cidr_block": "10.0.16.0/20",
            "customer_owned_ipv4_pool": "",
            "enable_dns64": false,
            "enable_lni_at_device_index": 0,
            "enable_resource_name_dns_a_record_on_launch": false,
            "enable_resource_name_dns_aaaa_record_on_launch": false,
            "id": "subnet-00626b1456b149e78",
            "ipv6_cidr_block": "",
            "ipv6_cidr_block_association_id": "",
            "ipv6_native": false,
            "map_customer_owned_ip_on_launch": false,
            "map_public_ip_on_launch": false,
            "outpost_arn": "",
            "owner_id": "324005994172",
            "private_dns_hostname_type_on_launch": "ip-name",
            "tags": {
              "Name": "caternebrg-vpc-private-us-east-1b",
              "kubernetes.io/cluster/acaternberg-tf": "shared",
              "kubernetes.io/role/internal-elb": "1"
            },
            "tags_all": {
              "Name": "caternebrg-vpc-private-us-east-1b",
              "cb:environment": "ps-dev",
              "cb:owner": "professional-services",
              "cb:user": "acaternberg",
              "kubernetes.io/cluster/acaternberg-tf": "shared",
              "kubernetes.io/role/internal-elb": "1",
              "ps-genetes/cluster": "acaternberg-tf",
              "ps-genetes/stack": "eks-tf"
            },
            "timeouts": null,
            "vpc_id": "vpc-0e868d3a3e43bec75"
          },
          "sensitive_attributes": [],
          "private": "eyJlMmJmYjczMC1lY2FhLTExZTYtOGY4OC0zNDM2M2JjN2M0YzAiOnsiY3JlYXRlIjo2MDAwMDAwMDAwMDAsImRlbGV0ZSI6MTIwMDAwMDAwMDAwMH0sInNjaGVtYV92ZXJzaW9uIjoiMSJ9",
          "dependencies": [
            "module.base.data.aws_availability_zones.available_azs",
            "module.base.module.vpc.aws_vpc.this",
            "module.base.module.vpc.aws_vpc_ipv4_cidr_block_association.this"
          ],
          "create_before_destroy": true
        },
        {
          "index_key": 2,
          "schema_version": 1,
          "attributes": {
            "arn": "arn:aws:ec2:us-east-1:324005994172:subnet/subnet-0aac35b2ca131ddaf",
            "assign_ipv6_address_on_creation": false,
            "availability_zone": "us-east-1c",
            "availability_zone_id": "use1-az2",
            "cidr_block": "10.0.32.0/20",
            "customer_owned_ipv4_pool": "",
            "enable_dns64": false,
            "enable_lni_at_device_index": 0,
            "enable_resource_name_dns_a_record_on_launch": false,
            "enable_resource_name_dns_aaaa_record_on_launch": false,
            "id": "subnet-0aac35b2ca131ddaf",
            "ipv6_cidr_block": "",
            "ipv6_cidr_block_association_id": "",
            "ipv6_native": false,
            "map_customer_owned_ip_on_launch": false,
            "map_public_ip_on_launch": false,
            "outpost_arn": "",
            "owner_id": "324005994172",
            "private_dns_hostname_type_on_launch": "ip-name",
            "tags": {
              "Name": "caternebrg-vpc-private-us-east-1c",
              "kubernetes.io/cluster/acaternberg-tf": "shared",
              "kubernetes.io/role/internal-elb": "1"
            },
            "tags_all": {
              "Name": "caternebrg-vpc-private-us-east-1c",
              "cb:environment": "ps-dev",
              "cb:owner": "professional-services",
              "cb:user": "acaternberg",
              "kubernetes.io/cluster/acaternberg-tf": "shared",
              "kubernetes.io/role/internal-elb": "1",
              "ps-genetes/cluster": "acaternberg-tf",
              "ps-genetes/stack": "eks-tf"
            },
            "timeouts": null,
            "vpc_id": "vpc-0e868d3a3e43bec75"
          },
          "sensitive_attributes": [],
          "private": "eyJlMmJmYjczMC1lY2FhLTExZTYtOGY4OC0zNDM2M2JjN2M0YzAiOnsiY3JlYXRlIjo2MDAwMDAwMDAwMDAsImRlbGV0ZSI6MTIwMDAwMDAwMDAwMH0sInNjaGVtYV92ZXJzaW9uIjoiMSJ9",
          "dependencies": [
            "module.base.data.aws_availability_zones.available_azs",
            "module.base.module.vpc.aws_vpc.this",
            "module.base.module.vpc.aws_vpc_ipv4_cidr_block_association.this"
          ],
          "create_before_destroy": true
        }
      ]
    },
    {
      "module": "module.base.module.vpc",
      "mode": "managed",
      "type": "aws_subnet",
      "name": "public",
      "provider": "provider[\"registry.terraform.io/hashicorp/aws\"]",
      "instances": [
        {
          "index_key": 0,
          "schema_version": 1,
          "attributes": {
            "arn": "arn:aws:ec2:us-east-1:324005994172:subnet/subnet-075eae8063674a4b2",
            "assign_ipv6_address_on_creation": false,
            "availability_zone": "us-east-1a",
            "availability_zone_id": "use1-az6",
            "cidr_block": "10.0.128.0/20",
            "customer_owned_ipv4_pool": "",
            "enable_dns64": false,
            "enable_lni_at_device_index": 0,
            "enable_resource_name_dns_a_record_on_launch": false,
            "enable_resource_name_dns_aaaa_record_on_launch": false,
            "id": "subnet-075eae8063674a4b2",
            "ipv6_cidr_block": "",
            "ipv6_cidr_block_association_id": "",
            "ipv6_native": false,
            "map_customer_owned_ip_on_launch": false,
            "map_public_ip_on_launch": false,
            "outpost_arn": "",
            "owner_id": "324005994172",
            "private_dns_hostname_type_on_launch": "ip-name",
            "tags": {
              "Name": "caternebrg-vpc-public-us-east-1a",
              "kubernetes.io/cluster/acaternberg-tf": "shared",
              "kubernetes.io/role/elb": "1"
            },
            "tags_all": {
              "Name": "caternebrg-vpc-public-us-east-1a",
              "cb:environment": "ps-dev",
              "cb:owner": "professional-services",
              "cb:user": "acaternberg",
              "kubernetes.io/cluster/acaternberg-tf": "shared",
              "kubernetes.io/role/elb": "1",
              "ps-genetes/cluster": "acaternberg-tf",
              "ps-genetes/stack": "eks-tf"
            },
            "timeouts": null,
            "vpc_id": "vpc-0e868d3a3e43bec75"
          },
          "sensitive_attributes": [],
          "private": "eyJlMmJmYjczMC1lY2FhLTExZTYtOGY4OC0zNDM2M2JjN2M0YzAiOnsiY3JlYXRlIjo2MDAwMDAwMDAwMDAsImRlbGV0ZSI6MTIwMDAwMDAwMDAwMH0sInNjaGVtYV92ZXJzaW9uIjoiMSJ9",
          "dependencies": [
            "module.base.data.aws_availability_zones.available_azs",
            "module.base.module.vpc.aws_vpc.this",
            "module.base.module.vpc.aws_vpc_ipv4_cidr_block_association.this"
          ]
        },
        {
          "index_key": 1,
          "schema_version": 1,
          "attributes": {
            "arn": "arn:aws:ec2:us-east-1:324005994172:subnet/subnet-0c7eac415e344787b",
            "assign_ipv6_address_on_creation": false,
            "availability_zone": "us-east-1b",
            "availability_zone_id": "use1-az1",
            "cidr_block": "10.0.144.0/20",
            "customer_owned_ipv4_pool": "",
            "enable_dns64": false,
            "enable_lni_at_device_index": 0,
            "enable_resource_name_dns_a_record_on_launch": false,
            "enable_resource_name_dns_aaaa_record_on_launch": false,
            "id": "subnet-0c7eac415e344787b",
            "ipv6_cidr_block": "",
            "ipv6_cidr_block_association_id": "",
            "ipv6_native": false,
            "map_customer_owned_ip_on_launch": false,
            "map_public_ip_on_launch": false,
            "outpost_arn": "",
            "owner_id": "324005994172",
            "private_dns_hostname_type_on_launch": "ip-name",
            "tags": {
              "Name": "caternebrg-vpc-public-us-east-1b",
              "kubernetes.io/cluster/acaternberg-tf": "shared",
              "kubernetes.io/role/elb": "1"
            },
            "tags_all": {
              "Name": "caternebrg-vpc-public-us-east-1b",
              "cb:environment": "ps-dev",
              "cb:owner": "professional-services",
              "cb:user": "acaternberg",
              "kubernetes.io/cluster/acaternberg-tf": "shared",
              "kubernetes.io/role/elb": "1",
              "ps-genetes/cluster": "acaternberg-tf",
              "ps-genetes/stack": "eks-tf"
            },
            "timeouts": null,
            "vpc_id": "vpc-0e868d3a3e43bec75"
          },
          "sensitive_attributes": [],
          "private": "eyJlMmJmYjczMC1lY2FhLTExZTYtOGY4OC0zNDM2M2JjN2M0YzAiOnsiY3JlYXRlIjo2MDAwMDAwMDAwMDAsImRlbGV0ZSI6MTIwMDAwMDAwMDAwMH0sInNjaGVtYV92ZXJzaW9uIjoiMSJ9",
          "dependencies": [
            "module.base.data.aws_availability_zones.available_azs",
            "module.base.module.vpc.aws_vpc.this",
            "module.base.module.vpc.aws_vpc_ipv4_cidr_block_association.this"
          ]
        },
        {
          "index_key": 2,
          "schema_version": 1,
          "attributes": {
            "arn": "arn:aws:ec2:us-east-1:324005994172:subnet/subnet-0ab56889ded0a6ed0",
            "assign_ipv6_address_on_creation": false,
            "availability_zone": "us-east-1c",
            "availability_zone_id": "use1-az2",
            "cidr_block": "10.0.160.0/20",
            "customer_owned_ipv4_pool": "",
            "enable_dns64": false,
            "enable_lni_at_device_index": 0,
            "enable_resource_name_dns_a_record_on_launch": false,
            "enable_resource_name_dns_aaaa_record_on_launch": false,
            "id": "subnet-0ab56889ded0a6ed0",
            "ipv6_cidr_block": "",
            "ipv6_cidr_block_association_id": "",
            "ipv6_native": false,
            "map_customer_owned_ip_on_launch": false,
            "map_public_ip_on_launch": false,
            "outpost_arn": "",
            "owner_id": "324005994172",
            "private_dns_hostname_type_on_launch": "ip-name",
            "tags": {
              "Name": "caternebrg-vpc-public-us-east-1c",
              "kubernetes.io/cluster/acaternberg-tf": "shared",
              "kubernetes.io/role/elb": "1"
            },
            "tags_all": {
              "Name": "caternebrg-vpc-public-us-east-1c",
              "cb:environment": "ps-dev",
              "cb:owner": "professional-services",
              "cb:user": "acaternberg",
              "kubernetes.io/cluster/acaternberg-tf": "shared",
              "kubernetes.io/role/elb": "1",
              "ps-genetes/cluster": "acaternberg-tf",
              "ps-genetes/stack": "eks-tf"
            },
            "timeouts": null,
            "vpc_id": "vpc-0e868d3a3e43bec75"
          },
          "sensitive_attributes": [],
          "private": "eyJlMmJmYjczMC1lY2FhLTExZTYtOGY4OC0zNDM2M2JjN2M0YzAiOnsiY3JlYXRlIjo2MDAwMDAwMDAwMDAsImRlbGV0ZSI6MTIwMDAwMDAwMDAwMH0sInNjaGVtYV92ZXJzaW9uIjoiMSJ9",
          "dependencies": [
            "module.base.data.aws_availability_zones.available_azs",
            "module.base.module.vpc.aws_vpc.this",
            "module.base.module.vpc.aws_vpc_ipv4_cidr_block_association.this"
          ]
        }
      ]
    },
    {
      "module": "module.base.module.vpc",
      "mode": "managed",
      "type": "aws_vpc",
      "name": "this",
      "provider": "provider[\"registry.terraform.io/hashicorp/aws\"]",
      "instances": [
        {
          "index_key": 0,
          "schema_version": 1,
          "attributes": {
            "arn": "arn:aws:ec2:us-east-1:324005994172:vpc/vpc-0e868d3a3e43bec75",
            "assign_generated_ipv6_cidr_block": false,
            "cidr_block": "10.0.0.0/16",
            "default_network_acl_id": "acl-06cceeb33288a2be7",
            "default_route_table_id": "rtb-0bb2041d57a71fbc9",
            "default_security_group_id": "sg-0aa2ef6974a943cb3",
            "dhcp_options_id": "dopt-a606b3c0",
            "enable_classiclink": false,
            "enable_classiclink_dns_support": false,
            "enable_dns_hostnames": true,
            "enable_dns_support": true,
            "enable_network_address_usage_metrics": false,
            "id": "vpc-0e868d3a3e43bec75",
            "instance_tenancy": "default",
            "ipv4_ipam_pool_id": null,
            "ipv4_netmask_length": null,
            "ipv6_association_id": "",
            "ipv6_cidr_block": "",
            "ipv6_cidr_block_network_border_group": "",
            "ipv6_ipam_pool_id": "",
            "ipv6_netmask_length": 0,
            "main_route_table_id": "rtb-0bb2041d57a71fbc9",
            "owner_id": "324005994172",
            "tags": {
              "Name": "caternebrg-vpc",
              "kubernetes.io/cluster/acaternberg-tf": "shared"
            },
            "tags_all": {
              "Name": "caternebrg-vpc",
              "cb:environment": "ps-dev",
              "cb:owner": "professional-services",
              "cb:user": "acaternberg",
              "kubernetes.io/cluster/acaternberg-tf": "shared",
              "ps-genetes/cluster": "acaternberg-tf",
              "ps-genetes/stack": "eks-tf"
            }
          },
          "sensitive_attributes": [],
          "private": "eyJzY2hlbWFfdmVyc2lvbiI6IjEifQ==",
          "create_before_destroy": true
        }
      ]
    },
    {
      "module": "module.base.module.vpc",
      "mode": "managed",
      "type": "aws_vpc_ipv4_cidr_block_association",
      "name": "this",
      "provider": "provider[\"registry.terraform.io/hashicorp/aws\"]",
      "instances": []
    },
    {
      "module": "module.config",
      "mode": "data",
      "type": "aws_caller_identity",
      "name": "current",
      "provider": "provider[\"registry.terraform.io/hashicorp/aws\"]",
      "instances": [
        {
          "schema_version": 0,
          "attributes": {
            "account_id": "324005994172",
            "arn": "arn:aws:sts::324005994172:assumed-role/AWSReservedSSO_infra-admin_256addbf79cfacd1/acaternberg@cloudbees.com",
            "id": "324005994172",
            "user_id": "AROAUW4CDD26C3TLU25MA:acaternberg@cloudbees.com"
          },
          "sensitive_attributes": []
        }
      ]
    },
    {
      "module": "module.config",
      "mode": "data",
      "type": "aws_route53_zone",
      "name": "base_domain",
      "provider": "provider[\"registry.terraform.io/hashicorp/aws\"]",
      "instances": [
        {
          "schema_version": 0,
          "attributes": {
            "arn": "arn:aws:route53:::hostedzone/Z0683716B9674S0RLOL4",
            "caller_reference": "c2e7d8b1-340f-4d9b-b883-5f7e761a4ff1",
            "comment": "acaternberg.pscbdemos.com for CI",
            "id": "Z0683716B9674S0RLOL4",
            "linked_service_description": null,
            "linked_service_principal": null,
            "name": "acaternberg.pscbdemos.com",
            "name_servers": [
              "ns-1246.awsdns-27.org",
              "ns-1654.awsdns-14.co.uk",
              "ns-857.awsdns-43.net",
              "ns-106.awsdns-13.com"
            ],
            "primary_name_server": "ns-1246.awsdns-27.org",
            "private_zone": false,
            "resource_record_set_count": 13,
            "tags": {
              "Owner": "acaternberg"
            },
            "vpc_id": null,
            "zone_id": "Z0683716B9674S0RLOL4"
          },
          "sensitive_attributes": []
        }
      ]
    },
    {
      "module": "module.config",
      "mode": "managed",
      "type": "aws_acm_certificate",
      "name": "eks_domain_cert",
      "provider": "provider[\"registry.terraform.io/hashicorp/aws\"]",
      "instances": [
        {
          "schema_version": 0,
          "attributes": {
            "arn": "arn:aws:acm:us-east-1:324005994172:certificate/2e2649b3-7cc9-4ed7-9fe8-f2c61454af8c",
            "certificate_authority_arn": "",
            "certificate_body": null,
            "certificate_chain": null,
            "domain_name": "acaternberg.pscbdemos.com",
            "domain_validation_options": [
              {
                "domain_name": "*.acaternberg.pscbdemos.com",
                "resource_record_name": "_54891c83072fb31d528b58b9d6ee96d3.acaternberg.pscbdemos.com.",
                "resource_record_type": "CNAME",
                "resource_record_value": "_0be720acd4a6781e77110ff1e56166dd.fcgjwsnkyp.acm-validations.aws."
              },
              {
                "domain_name": "acaternberg.pscbdemos.com",
                "resource_record_name": "_54891c83072fb31d528b58b9d6ee96d3.acaternberg.pscbdemos.com.",
                "resource_record_type": "CNAME",
                "resource_record_value": "_0be720acd4a6781e77110ff1e56166dd.fcgjwsnkyp.acm-validations.aws."
              }
            ],
            "early_renewal_duration": "",
            "id": "arn:aws:acm:us-east-1:324005994172:certificate/2e2649b3-7cc9-4ed7-9fe8-f2c61454af8c",
            "key_algorithm": "RSA_2048",
            "not_after": "",
            "not_before": "",
            "options": [
              {
                "certificate_transparency_logging_preference": "ENABLED"
              }
            ],
            "pending_renewal": false,
            "private_key": null,
            "renewal_eligibility": "INELIGIBLE",
            "renewal_summary": [],
            "status": "PENDING_VALIDATION",
            "subject_alternative_names": [
              "*.acaternberg.pscbdemos.com",
              "acaternberg.pscbdemos.com"
            ],
            "tags": {
              "Name": "acaternberg.pscbdemos.com"
            },
            "tags_all": {
              "Name": "acaternberg.pscbdemos.com",
              "cb:environment": "ps-dev",
              "cb:owner": "professional-services",
              "cb:user": "acaternberg",
              "kubernetes.io/cluster/acaternberg-tf": "owned",
              "ps-genetes/cluster": "acaternberg-tf",
              "ps-genetes/stack": "eks-tf"
            },
            "type": "AMAZON_ISSUED",
            "validation_emails": [],
            "validation_method": "DNS",
            "validation_option": []
          },
          "sensitive_attributes": [],
          "private": "bnVsbA=="
        }
      ]
    },
    {
      "module": "module.config",
      "mode": "managed",
      "type": "aws_acm_certificate_validation",
      "name": "eks_domain_cert_validation",
      "provider": "provider[\"registry.terraform.io/hashicorp/aws\"]",
      "instances": [
        {
          "schema_version": 0,
          "attributes": {
            "certificate_arn": "arn:aws:acm:us-east-1:324005994172:certificate/2e2649b3-7cc9-4ed7-9fe8-f2c61454af8c",
            "id": "2023-07-03 11:44:14.867 +0000 UTC",
            "timeouts": null,
            "validation_record_fqdns": [
              "_54891c83072fb31d528b58b9d6ee96d3.acaternberg.pscbdemos.com"
            ]
          },
          "sensitive_attributes": [],
          "private": "eyJlMmJmYjczMC1lY2FhLTExZTYtOGY4OC0zNDM2M2JjN2M0YzAiOnsiY3JlYXRlIjo0NTAwMDAwMDAwMDAwfX0=",
          "dependencies": [
            "module.config.aws_acm_certificate.eks_domain_cert",
            "module.config.aws_route53_record.eks_domain_cert_validation_dns",
            "module.config.data.aws_route53_zone.base_domain"
          ]
        }
      ]
    },
    {
      "module": "module.config",
      "mode": "managed",
      "type": "aws_route53_record",
      "name": "eks_domain_cert_validation_dns",
      "provider": "provider[\"registry.terraform.io/hashicorp/aws\"]",
      "instances": [
        {
          "index_key": "*.acaternberg.pscbdemos.com",
          "schema_version": 2,
          "attributes": {
            "alias": [],
            "allow_overwrite": true,
            "cidr_routing_policy": [],
            "failover_routing_policy": [],
            "fqdn": "_54891c83072fb31d528b58b9d6ee96d3.acaternberg.pscbdemos.com",
            "geolocation_routing_policy": [],
            "health_check_id": "",
            "id": "Z0683716B9674S0RLOL4__54891c83072fb31d528b58b9d6ee96d3.acaternberg.pscbdemos.com._CNAME",
            "latency_routing_policy": [],
            "multivalue_answer_routing_policy": false,
            "name": "_54891c83072fb31d528b58b9d6ee96d3.acaternberg.pscbdemos.com",
            "records": [
              "_0be720acd4a6781e77110ff1e56166dd.fcgjwsnkyp.acm-validations.aws."
            ],
            "set_identifier": "",
            "ttl": 60,
            "type": "CNAME",
            "weighted_routing_policy": [],
            "zone_id": "Z0683716B9674S0RLOL4"
          },
          "sensitive_attributes": [],
          "private": "eyJzY2hlbWFfdmVyc2lvbiI6IjIifQ==",
          "dependencies": [
            "module.config.aws_acm_certificate.eks_domain_cert",
            "module.config.data.aws_route53_zone.base_domain"
          ]
        },
        {
          "index_key": "acaternberg.pscbdemos.com",
          "schema_version": 2,
          "attributes": {
            "alias": [],
            "allow_overwrite": true,
            "cidr_routing_policy": [],
            "failover_routing_policy": [],
            "fqdn": "_54891c83072fb31d528b58b9d6ee96d3.acaternberg.pscbdemos.com",
            "geolocation_routing_policy": [],
            "health_check_id": "",
            "id": "Z0683716B9674S0RLOL4__54891c83072fb31d528b58b9d6ee96d3.acaternberg.pscbdemos.com._CNAME",
            "latency_routing_policy": [],
            "multivalue_answer_routing_policy": false,
            "name": "_54891c83072fb31d528b58b9d6ee96d3.acaternberg.pscbdemos.com",
            "records": [
              "_0be720acd4a6781e77110ff1e56166dd.fcgjwsnkyp.acm-validations.aws."
            ],
            "set_identifier": "",
            "ttl": 60,
            "type": "CNAME",
            "weighted_routing_policy": [],
            "zone_id": "Z0683716B9674S0RLOL4"
          },
          "sensitive_attributes": [],
          "private": "eyJzY2hlbWFfdmVyc2lvbiI6IjIifQ==",
          "dependencies": [
            "module.config.aws_acm_certificate.eks_domain_cert",
            "module.config.data.aws_route53_zone.base_domain"
          ]
        }
      ]
    },
    {
      "module": "module.config",
      "mode": "managed",
      "type": "helm_release",
      "name": "external_dns",
      "provider": "module.config.provider[\"registry.terraform.io/hashicorp/helm\"]",
      "instances": [
        {
          "schema_version": 1,
          "attributes": {
            "atomic": false,
            "chart": "external-dns",
            "cleanup_on_fail": false,
            "create_namespace": false,
            "dependency_update": false,
            "description": null,
            "devel": null,
            "disable_crd_hooks": false,
            "disable_openapi_validation": false,
            "disable_webhooks": false,
            "force_update": false,
            "id": "external-dns",
            "keyring": null,
            "lint": false,
            "manifest": null,
            "max_history": 0,
            "metadata": [
              {
                "app_version": "0.11.0",
                "chart": "external-dns",
                "name": "external-dns",
                "namespace": "kube-system",
                "revision": 1,
                "values": "{\"domainFilters\":[\"acaternberg.pscbdemos.com\"],\"image\":{\"repository\":\"k8s.gcr.io/external-dns/external-dns\",\"tag\":\"v0.11.0\"},\"interval\":\"5m\",\"logFormat\":\"json\",\"logLevel\":\"info\",\"policy\":\"sync\",\"serviceAccount\":{\"annotations\":{\"eks.amazonaws.com/role-arn\":\"arn:aws:iam::324005994172:role/external-dns\"}},\"sources\":[\"ingress\"],\"triggerLoopOnEvent\":\"true\",\"txtOwnerId\":\"Z0683716B9674S0RLOL4\"}",
                "version": "1.9.0"
              }
            ],
            "name": "external-dns",
            "namespace": "kube-system",
            "pass_credentials": false,
            "postrender": [],
            "recreate_pods": false,
            "render_subchart_notes": true,
            "replace": false,
            "repository": "https://kubernetes-sigs.github.io/external-dns/",
            "repository_ca_file": null,
            "repository_cert_file": null,
            "repository_key_file": null,
            "repository_password": null,
            "repository_username": null,
            "reset_values": false,
            "reuse_values": false,
            "set": [
              {
                "name": "domainFilters",
                "type": "",
                "value": "{acaternberg.pscbdemos.com}"
              },
              {
                "name": "image.repository",
                "type": "string",
                "value": "k8s.gcr.io/external-dns/external-dns"
              },
              {
                "name": "image.tag",
                "type": "string",
                "value": "v0.11.0"
              },
              {
                "name": "interval",
                "type": "string",
                "value": "5m"
              },
              {
                "name": "logFormat",
                "type": "string",
                "value": "json"
              },
              {
                "name": "logLevel",
                "type": "string",
                "value": "info"
              },
              {
                "name": "policy",
                "type": "string",
                "value": "sync"
              },
              {
                "name": "serviceAccount.annotations.eks\\.amazonaws\\.com/role-arn",
                "type": "",
                "value": "arn:aws:iam::324005994172:role/external-dns"
              },
              {
                "name": "sources",
                "type": "string",
                "value": "{ingress}"
              },
              {
                "name": "triggerLoopOnEvent",
                "type": "string",
                "value": "true"
              },
              {
                "name": "txtOwnerId",
                "type": "",
                "value": "Z0683716B9674S0RLOL4"
              }
            ],
            "set_sensitive": [],
            "skip_crds": false,
            "status": "deployed",
            "timeout": 300,
            "values": null,
            "verify": false,
            "version": "1.9.0",
            "wait": true,
            "wait_for_jobs": false
          },
          "sensitive_attributes": [],
          "private": "eyJzY2hlbWFfdmVyc2lvbiI6IjEifQ==",
          "dependencies": [
            "module.base.aws_security_group.alb",
            "module.base.data.aws_availability_zones.available_azs",
            "module.base.module.cluster.aws_cloudwatch_log_group.this",
            "module.base.module.cluster.aws_eks_cluster.this",
            "module.base.module.cluster.aws_iam_policy.cni_ipv6_policy",
            "module.base.module.cluster.aws_iam_role.this",
            "module.base.module.cluster.aws_iam_role_policy_attachment.this",
            "module.base.module.cluster.aws_security_group.cluster",
            "module.base.module.cluster.aws_security_group.node",
            "module.base.module.cluster.aws_security_group_rule.cluster",
            "module.base.module.cluster.aws_security_group_rule.node",
            "module.base.module.cluster.data.aws_iam_policy_document.assume_role_policy",
            "module.base.module.cluster.data.aws_iam_session_context.current",
            "module.base.module.cluster.data.aws_partition.current",
            "module.base.module.cluster.module.kms.aws_kms_external_key.this",
            "module.base.module.cluster.module.kms.aws_kms_key.this",
            "module.base.module.cluster.module.kms.data.aws_caller_identity.current",
            "module.base.module.cluster.module.kms.data.aws_iam_policy_document.this",
            "module.base.module.cluster.module.kms.data.aws_partition.current",
            "module.base.module.vpc.aws_subnet.private",
            "module.base.module.vpc.aws_vpc.this",
            "module.base.module.vpc.aws_vpc_ipv4_cidr_block_association.this",
            "module.config.data.aws_caller_identity.current",
            "module.config.data.aws_route53_zone.base_domain"
          ]
        }
      ]
    },
    {
      "module": "module.config",
      "mode": "managed",
      "type": "helm_release",
      "name": "ingress_gateway",
      "provider": "module.config.provider[\"registry.terraform.io/hashicorp/helm\"]",
      "instances": [
        {
          "schema_version": 1,
          "attributes": {
            "atomic": false,
            "chart": "aws-load-balancer-controller",
            "cleanup_on_fail": false,
            "create_namespace": false,
            "dependency_update": false,
            "description": null,
            "devel": null,
            "disable_crd_hooks": false,
            "disable_openapi_validation": false,
            "disable_webhooks": false,
            "force_update": false,
            "id": "aws-load-balancer-controller",
            "keyring": null,
            "lint": false,
            "manifest": null,
            "max_history": 0,
            "metadata": [
              {
                "app_version": "v2.4.1",
                "chart": "aws-load-balancer-controller",
                "name": "aws-load-balancer-controller",
                "namespace": "kube-system",
                "revision": 1,
                "values": "{\"clusterName\":\"acaternberg-tf\",\"serviceAccount\":{\"create\":false,\"name\":\"aws-load-balancer-controller\"}}",
                "version": "1.4.1"
              }
            ],
            "name": "aws-load-balancer-controller",
            "namespace": "kube-system",
            "pass_credentials": false,
            "postrender": [],
            "recreate_pods": false,
            "render_subchart_notes": true,
            "replace": false,
            "repository": "https://aws.github.io/eks-charts",
            "repository_ca_file": null,
            "repository_cert_file": null,
            "repository_key_file": null,
            "repository_password": null,
            "repository_username": null,
            "reset_values": false,
            "reuse_values": false,
            "set": [
              {
                "name": "clusterName",
                "type": "",
                "value": "acaternberg-tf"
              },
              {
                "name": "serviceAccount.create",
                "type": "",
                "value": "false"
              },
              {
                "name": "serviceAccount.name",
                "type": "",
                "value": "aws-load-balancer-controller"
              }
            ],
            "set_sensitive": [],
            "skip_crds": false,
            "status": "deployed",
            "timeout": 300,
            "values": null,
            "verify": false,
            "version": "1.4.1",
            "wait": true,
            "wait_for_jobs": false
          },
          "sensitive_attributes": [],
          "private": "eyJzY2hlbWFfdmVyc2lvbiI6IjEifQ==",
          "dependencies": [
            "module.base.aws_security_group.alb",
            "module.base.data.aws_availability_zones.available_azs",
            "module.base.module.cluster.aws_cloudwatch_log_group.this",
            "module.base.module.cluster.aws_eks_cluster.this",
            "module.base.module.cluster.aws_iam_policy.cni_ipv6_policy",
            "module.base.module.cluster.aws_iam_role.this",
            "module.base.module.cluster.aws_iam_role_policy_attachment.this",
            "module.base.module.cluster.aws_security_group.cluster",
            "module.base.module.cluster.aws_security_group.node",
            "module.base.module.cluster.aws_security_group_rule.cluster",
            "module.base.module.cluster.aws_security_group_rule.node",
            "module.base.module.cluster.data.aws_iam_policy_document.assume_role_policy",
            "module.base.module.cluster.data.aws_iam_session_context.current",
            "module.base.module.cluster.data.aws_partition.current",
            "module.base.module.cluster.module.kms.aws_kms_external_key.this",
            "module.base.module.cluster.module.kms.aws_kms_key.this",
            "module.base.module.cluster.module.kms.data.aws_caller_identity.current",
            "module.base.module.cluster.module.kms.data.aws_iam_policy_document.this",
            "module.base.module.cluster.module.kms.data.aws_partition.current",
            "module.base.module.vpc.aws_subnet.private",
            "module.base.module.vpc.aws_vpc.this",
            "module.base.module.vpc.aws_vpc_ipv4_cidr_block_association.this",
            "module.config.data.aws_caller_identity.current",
            "module.config.kubernetes_service_account.load_balancer_controller"
          ]
        }
      ]
    },
    {
      "module": "module.config",
      "mode": "managed",
      "type": "helm_release",
      "name": "spot_termination_handler",
      "provider": "module.config.provider[\"registry.terraform.io/hashicorp/helm\"]",
      "instances": [
        {
          "schema_version": 1,
          "attributes": {
            "atomic": false,
            "chart": "aws-node-termination-handler",
            "cleanup_on_fail": false,
            "create_namespace": false,
            "dependency_update": false,
            "description": null,
            "devel": null,
            "disable_crd_hooks": false,
            "disable_openapi_validation": false,
            "disable_webhooks": false,
            "force_update": false,
            "id": "aws-node-termination-handler",
            "keyring": null,
            "lint": false,
            "manifest": null,
            "max_history": 0,
            "metadata": [
              {
                "app_version": "1.19.0",
                "chart": "aws-node-termination-handler",
                "name": "aws-node-termination-handler",
                "namespace": "kube-system",
                "revision": 1,
                "values": "{}",
                "version": "0.21.0"
              }
            ],
            "name": "aws-node-termination-handler",
            "namespace": "kube-system",
            "pass_credentials": false,
            "postrender": [],
            "recreate_pods": false,
            "render_subchart_notes": true,
            "replace": false,
            "repository": "https://aws.github.io/eks-charts",
            "repository_ca_file": null,
            "repository_cert_file": null,
            "repository_key_file": null,
            "repository_password": null,
            "repository_username": null,
            "reset_values": false,
            "reuse_values": false,
            "set": [],
            "set_sensitive": [],
            "skip_crds": false,
            "status": "deployed",
            "timeout": 300,
            "values": null,
            "verify": false,
            "version": "0.21.0",
            "wait": true,
            "wait_for_jobs": true
          },
          "sensitive_attributes": [],
          "private": "eyJzY2hlbWFfdmVyc2lvbiI6IjEifQ==",
          "dependencies": [
            "module.base.aws_security_group.alb",
            "module.base.data.aws_availability_zones.available_azs",
            "module.base.module.cluster.aws_cloudwatch_log_group.this",
            "module.base.module.cluster.aws_eks_cluster.this",
            "module.base.module.cluster.aws_iam_policy.cni_ipv6_policy",
            "module.base.module.cluster.aws_iam_role.this",
            "module.base.module.cluster.aws_iam_role_policy_attachment.this",
            "module.base.module.cluster.aws_security_group.cluster",
            "module.base.module.cluster.aws_security_group.node",
            "module.base.module.cluster.aws_security_group_rule.cluster",
            "module.base.module.cluster.aws_security_group_rule.node",
            "module.base.module.cluster.data.aws_iam_policy_document.assume_role_policy",
            "module.base.module.cluster.data.aws_iam_session_context.current",
            "module.base.module.cluster.data.aws_partition.current",
            "module.base.module.cluster.module.kms.aws_kms_external_key.this",
            "module.base.module.cluster.module.kms.aws_kms_key.this",
            "module.base.module.cluster.module.kms.data.aws_caller_identity.current",
            "module.base.module.cluster.module.kms.data.aws_iam_policy_document.this",
            "module.base.module.cluster.module.kms.data.aws_partition.current",
            "module.base.module.vpc.aws_subnet.private",
            "module.base.module.vpc.aws_vpc.this",
            "module.base.module.vpc.aws_vpc_ipv4_cidr_block_association.this"
          ]
        }
      ]
    },
    {
      "module": "module.config",
      "mode": "managed",
      "type": "kubernetes_cluster_role",
      "name": "iam_roles_developers",
      "provider": "module.config.provider[\"registry.terraform.io/hashicorp/kubernetes\"]",
      "instances": [
        {
          "schema_version": 0,
          "attributes": {
            "aggregation_rule": [],
            "id": "caternebrg-developers",
            "metadata": [
              {
                "annotations": null,
                "generate_name": "",
                "generation": 0,
                "labels": null,
                "name": "caternebrg-developers",
                "resource_version": "880",
                "uid": "4655c562-64c2-40d7-8fa8-e2465e1157b6"
              }
            ],
            "rule": [
              {
                "api_groups": [
                  "*"
                ],
                "non_resource_urls": null,
                "resource_names": null,
                "resources": [
                  "pods",
                  "pods/log",
                  "deployments",
                  "ingresses",
                  "services"
                ],
                "verbs": [
                  "get",
                  "list"
                ]
              },
              {
                "api_groups": [
                  "*"
                ],
                "non_resource_urls": null,
                "resource_names": null,
                "resources": [
                  "pods/exec"
                ],
                "verbs": [
                  "create"
                ]
              },
              {
                "api_groups": [
                  "*"
                ],
                "non_resource_urls": null,
                "resource_names": null,
                "resources": [
                  "pods/portforward"
                ],
                "verbs": [
                  "*"
                ]
              }
            ]
          },
          "sensitive_attributes": [],
          "private": "bnVsbA==",
          "dependencies": [
            "module.base.aws_security_group.alb",
            "module.base.data.aws_availability_zones.available_azs",
            "module.base.module.cluster.aws_cloudwatch_log_group.this",
            "module.base.module.cluster.aws_eks_cluster.this",
            "module.base.module.cluster.aws_iam_policy.cni_ipv6_policy",
            "module.base.module.cluster.aws_iam_role.this",
            "module.base.module.cluster.aws_iam_role_policy_attachment.this",
            "module.base.module.cluster.aws_security_group.cluster",
            "module.base.module.cluster.aws_security_group.node",
            "module.base.module.cluster.aws_security_group_rule.cluster",
            "module.base.module.cluster.aws_security_group_rule.node",
            "module.base.module.cluster.data.aws_iam_policy_document.assume_role_policy",
            "module.base.module.cluster.data.aws_iam_session_context.current",
            "module.base.module.cluster.data.aws_partition.current",
            "module.base.module.cluster.module.kms.aws_kms_external_key.this",
            "module.base.module.cluster.module.kms.aws_kms_key.this",
            "module.base.module.cluster.module.kms.data.aws_caller_identity.current",
            "module.base.module.cluster.module.kms.data.aws_iam_policy_document.this",
            "module.base.module.cluster.module.kms.data.aws_partition.current",
            "module.base.module.vpc.aws_subnet.private",
            "module.base.module.vpc.aws_vpc.this",
            "module.base.module.vpc.aws_vpc_ipv4_cidr_block_association.this"
          ]
        }
      ]
    },
    {
      "module": "module.config",
      "mode": "managed",
      "type": "kubernetes_cluster_role_binding",
      "name": "iam_roles_developers",
      "provider": "module.config.provider[\"registry.terraform.io/hashicorp/kubernetes\"]",
      "instances": [
        {
          "schema_version": 0,
          "attributes": {
            "id": "caternebrg-developers",
            "metadata": [
              {
                "annotations": null,
                "generate_name": "",
                "generation": 0,
                "labels": null,
                "name": "caternebrg-developers",
                "resource_version": "881",
                "uid": "922d3804-90c8-4ded-8a94-0b03917e411a"
              }
            ],
            "role_ref": [
              {
                "api_group": "rbac.authorization.k8s.io",
                "kind": "ClusterRole",
                "name": "caternebrg-developers"
              }
            ],
            "subject": [
              {
                "api_group": "rbac.authorization.k8s.io",
                "kind": "User",
                "name": "acaternberg",
                "namespace": "default"
              }
            ]
          },
          "sensitive_attributes": [],
          "private": "bnVsbA==",
          "dependencies": [
            "module.base.aws_security_group.alb",
            "module.base.data.aws_availability_zones.available_azs",
            "module.base.module.cluster.aws_cloudwatch_log_group.this",
            "module.base.module.cluster.aws_eks_cluster.this",
            "module.base.module.cluster.aws_iam_policy.cni_ipv6_policy",
            "module.base.module.cluster.aws_iam_role.this",
            "module.base.module.cluster.aws_iam_role_policy_attachment.this",
            "module.base.module.cluster.aws_security_group.cluster",
            "module.base.module.cluster.aws_security_group.node",
            "module.base.module.cluster.aws_security_group_rule.cluster",
            "module.base.module.cluster.aws_security_group_rule.node",
            "module.base.module.cluster.data.aws_iam_policy_document.assume_role_policy",
            "module.base.module.cluster.data.aws_iam_session_context.current",
            "module.base.module.cluster.data.aws_partition.current",
            "module.base.module.cluster.module.kms.aws_kms_external_key.this",
            "module.base.module.cluster.module.kms.aws_kms_key.this",
            "module.base.module.cluster.module.kms.data.aws_caller_identity.current",
            "module.base.module.cluster.module.kms.data.aws_iam_policy_document.this",
            "module.base.module.cluster.module.kms.data.aws_partition.current",
            "module.base.module.vpc.aws_subnet.private",
            "module.base.module.vpc.aws_vpc.this",
            "module.base.module.vpc.aws_vpc_ipv4_cidr_block_association.this"
          ]
        }
      ]
    },
    {
      "module": "module.config",
      "mode": "managed",
      "type": "kubernetes_config_map_v1_data",
      "name": "aws_auth_users",
      "provider": "module.config.provider[\"registry.terraform.io/hashicorp/kubernetes\"]",
      "instances": [
        {
          "schema_version": 0,
          "attributes": {
            "data": {
              "mapUsers": "- \"groups\":\n  - \"system:masters\"\n  \"userarn\": \"arn:aws:iam::324005994172:user/acaternberg\"\n  \"username\": \"acaternberg\"\n- \"groups\":\n  - \"caternebrg-developers\"\n  \"userarn\": \"arn:aws:iam::324005994172:user/acaternberg\"\n  \"username\": \"acaternberg\"\n"
            },
            "field_manager": "Terraform",
            "force": true,
            "id": "kube-system/aws-auth",
            "metadata": [
              {
                "name": "aws-auth",
                "namespace": "kube-system"
              }
            ]
          },
          "sensitive_attributes": [],
          "private": "bnVsbA==",
          "dependencies": [
            "module.base.aws_security_group.alb",
            "module.base.data.aws_availability_zones.available_azs",
            "module.base.module.cluster.aws_cloudwatch_log_group.this",
            "module.base.module.cluster.aws_eks_cluster.this",
            "module.base.module.cluster.aws_iam_policy.cni_ipv6_policy",
            "module.base.module.cluster.aws_iam_role.this",
            "module.base.module.cluster.aws_iam_role_policy_attachment.this",
            "module.base.module.cluster.aws_security_group.cluster",
            "module.base.module.cluster.aws_security_group.node",
            "module.base.module.cluster.aws_security_group_rule.cluster",
            "module.base.module.cluster.aws_security_group_rule.node",
            "module.base.module.cluster.data.aws_iam_policy_document.assume_role_policy",
            "module.base.module.cluster.data.aws_iam_session_context.current",
            "module.base.module.cluster.data.aws_partition.current",
            "module.base.module.cluster.module.kms.aws_kms_external_key.this",
            "module.base.module.cluster.module.kms.aws_kms_key.this",
            "module.base.module.cluster.module.kms.data.aws_caller_identity.current",
            "module.base.module.cluster.module.kms.data.aws_iam_policy_document.this",
            "module.base.module.cluster.module.kms.data.aws_partition.current",
            "module.base.module.vpc.aws_subnet.private",
            "module.base.module.vpc.aws_vpc.this",
            "module.base.module.vpc.aws_vpc_ipv4_cidr_block_association.this",
            "module.config.data.aws_caller_identity.current",
            "module.config.time_sleep.wait"
          ]
        }
      ]
    },
    {
      "module": "module.config",
      "mode": "managed",
      "type": "kubernetes_namespace",
      "name": "eks_namespaces",
      "provider": "module.config.provider[\"registry.terraform.io/hashicorp/kubernetes\"]",
      "instances": [
        {
          "index_key": "sample-apps",
          "schema_version": 0,
          "attributes": {
            "id": "sample-apps",
            "metadata": [
              {
                "annotations": {
                  "name": "sample-apps"
                },
                "generate_name": "",
                "generation": 0,
                "labels": null,
                "name": "sample-apps",
                "resource_version": "883",
                "uid": "c5063e73-c734-43cc-b236-60da695d7ff9"
              }
            ],
            "timeouts": null
          },
          "sensitive_attributes": [],
          "private": "eyJlMmJmYjczMC1lY2FhLTExZTYtOGY4OC0zNDM2M2JjN2M0YzAiOnsiZGVsZXRlIjozMDAwMDAwMDAwMDB9fQ==",
          "dependencies": [
            "module.base.aws_security_group.alb",
            "module.base.data.aws_availability_zones.available_azs",
            "module.base.module.cluster.aws_cloudwatch_log_group.this",
            "module.base.module.cluster.aws_eks_cluster.this",
            "module.base.module.cluster.aws_iam_policy.cni_ipv6_policy",
            "module.base.module.cluster.aws_iam_role.this",
            "module.base.module.cluster.aws_iam_role_policy_attachment.this",
            "module.base.module.cluster.aws_security_group.cluster",
            "module.base.module.cluster.aws_security_group.node",
            "module.base.module.cluster.aws_security_group_rule.cluster",
            "module.base.module.cluster.aws_security_group_rule.node",
            "module.base.module.cluster.data.aws_iam_policy_document.assume_role_policy",
            "module.base.module.cluster.data.aws_iam_session_context.current",
            "module.base.module.cluster.data.aws_partition.current",
            "module.base.module.cluster.module.kms.aws_kms_external_key.this",
            "module.base.module.cluster.module.kms.aws_kms_key.this",
            "module.base.module.cluster.module.kms.data.aws_caller_identity.current",
            "module.base.module.cluster.module.kms.data.aws_iam_policy_document.this",
            "module.base.module.cluster.module.kms.data.aws_partition.current",
            "module.base.module.vpc.aws_subnet.private",
            "module.base.module.vpc.aws_vpc.this",
            "module.base.module.vpc.aws_vpc_ipv4_cidr_block_association.this"
          ]
        }
      ]
    },
    {
      "module": "module.config",
      "mode": "managed",
      "type": "kubernetes_secret",
      "name": "load_balancer_controller",
      "provider": "module.config.provider[\"registry.terraform.io/hashicorp/kubernetes\"]",
      "instances": [
        {
          "schema_version": 0,
          "attributes": {
            "binary_data": null,
            "data": {
              "ca.crt": "-----BEGIN CERTIFICATE-----\nMIIC/jCCAeagAwIBAgIBADANBgkqhkiG9w0BAQsFADAVMRMwEQYDVQQDEwprdWJl\ncm5ldGVzMB4XDTIzMDcwMzExNDkyNloXDTMzMDYzMDExNDkyNlowFTETMBEGA1UE\nAxMKa3ViZXJuZXRlczCCASIwDQYJKoZIhvcNAQEBBQADggEPADCCAQoCggEBAJ0R\nj102i3kKpcD1WcACi9QlSU4qO71Suz12+v3+B5DCcLVsD6DCxROdcjZZFbHCulHw\nBLzfGUzXKS+kgQhp7oqb2SPQAY3PK1cXeV5TLxrORmJIBh2Phj58UHErcDPL4DBx\naQN0LbEHJkybwZGzO/rDmrZT15reZ/hwEQ6O6Y6Tp5TRxSqL4Qt/cTxADwxoEl3W\nyk+IMTz7o+LO10RxsaUDuF3DvSoDhSMHOydhD8CuwvPt0D7SUAW4f71pfP9lncs3\nvH8yRL6HNUBLv+g3oklXIS1/CsvzpB//ABHz5M2/wfzB62BiYPexYVPENht8iaLs\nD8Ow9HiiFJiKRkWvED8CAwEAAaNZMFcwDgYDVR0PAQH/BAQDAgKkMA8GA1UdEwEB\n/wQFMAMBAf8wHQYDVR0OBBYEFEtz1z/gYhvPoOVGilkvLysoMyMlMBUGA1UdEQQO\nMAyCCmt1YmVybmV0ZXMwDQYJKoZIhvcNAQELBQADggEBAIeK7qo5kBwK0DXAld5s\n0MS6dfViH1z3Y8OUPdvgnxyBl5JbFWtKcZMYATLw7PfB7CJSF9BOCtUrJHAouipE\n3gmKC+LGjR/QrOa1csWef0ZxkwNhkRnZTOQ6ntdRHZfPwpGyB7NR3wXlOCdKk9BF\nk+JWrDfc/9/egzmlIMSh663X56C8m3iKy7I4Oh+a2T/FI4LB5rSSXEx0x+3P33Ze\nRAqd5rJI3MZPJw62Q0OShQWw+AaJvNjpBnwjrkLcqbUlujjOvoKvbz9W0RmihR15\npgfWEiQZV5JeFCKLckoGQQ59c1hkydkUcv6VyvkAW9bSdgBIfqygX0IFG8VpLZah\nDBc=\n-----END CERTIFICATE-----\n",
              "namespace": "kube-system",
              "token": "eyJhbGciOiJSUzI1NiIsImtpZCI6IkpGZjFQVWZJZk5PdXA5OTZNUFU4aUsxZW9Hdk9GenpCcGdFaFp3UnlMZWMifQ.eyJpc3MiOiJrdWJlcm5ldGVzL3NlcnZpY2VhY2NvdW50Iiwia3ViZXJuZXRlcy5pby9zZXJ2aWNlYWNjb3VudC9uYW1lc3BhY2UiOiJrdWJlLXN5c3RlbSIsImt1YmVybmV0ZXMuaW8vc2VydmljZWFjY291bnQvc2VjcmV0Lm5hbWUiOiJhd3MtbG9hZC1iYWxhbmNlci1jb250cm9sbGVyLXRva2Vubmdic3oiLCJrdWJlcm5ldGVzLmlvL3NlcnZpY2VhY2NvdW50L3NlcnZpY2UtYWNjb3VudC5uYW1lIjoiYXdzLWxvYWQtYmFsYW5jZXItY29udHJvbGxlciIsImt1YmVybmV0ZXMuaW8vc2VydmljZWFjY291bnQvc2VydmljZS1hY2NvdW50LnVpZCI6IjRiNTA4OWMxLTc5NTEtNGE0Mi04ODVkLWMzZjg4N2FiMmNmNyIsInN1YiI6InN5c3RlbTpzZXJ2aWNlYWNjb3VudDprdWJlLXN5c3RlbTphd3MtbG9hZC1iYWxhbmNlci1jb250cm9sbGVyIn0.O-57p89aAh9gntBuEqW7r1O7-DgpjXrF5zZnCbFyUnfG0Eqzg4n1jRZLG4NIu0gTIeYFPWNsuKsREVVuQd-a5NHMDR2VAXQz1bXXlZHPwWNpf0UbkyAgl8Nw5Zzmz5tv02lgG3pMTfGqt0Ec1t6swyH5cK-EAW7eHzZC-zs9XoEdSjUTiSQSPNjZoT-WJSs87gXk-HaetsTmNPDgMNmQf0-1HymY9m2sv4KMiSdswzPw2ZgOu0G4aQwgrPFh0--ubAK8zZkPdG5JKfjhk8DtHtIJLY-tQaFKfOyaq7EmO-ql_AlpdTVyT0UfdKbeOgxJdY8uucYLVP61Q2gDLMQ11Q"
            },
            "id": "kube-system/aws-load-balancer-controller-tokenngbsz",
            "immutable": false,
            "metadata": [
              {
                "annotations": {
                  "kubernetes.io/service-account.name": "aws-load-balancer-controller"
                },
                "generate_name": "aws-load-balancer-controller-token",
                "generation": 0,
                "labels": null,
                "name": "aws-load-balancer-controller-tokenngbsz",
                "namespace": "kube-system",
                "resource_version": "889",
                "uid": "b661e5ea-c431-4412-99aa-51d9600b0b48"
              }
            ],
            "timeouts": null,
            "type": "kubernetes.io/service-account-token",
            "wait_for_service_account_token": true
          },
          "sensitive_attributes": [],
          "private": "eyJlMmJmYjczMC1lY2FhLTExZTYtOGY4OC0zNDM2M2JjN2M0YzAiOnsiY3JlYXRlIjo2MDAwMDAwMDAwMH19",
          "dependencies": [
            "module.base.aws_security_group.alb",
            "module.base.data.aws_availability_zones.available_azs",
            "module.base.module.cluster.aws_cloudwatch_log_group.this",
            "module.base.module.cluster.aws_eks_cluster.this",
            "module.base.module.cluster.aws_iam_policy.cni_ipv6_policy",
            "module.base.module.cluster.aws_iam_role.this",
            "module.base.module.cluster.aws_iam_role_policy_attachment.this",
            "module.base.module.cluster.aws_security_group.cluster",
            "module.base.module.cluster.aws_security_group.node",
            "module.base.module.cluster.aws_security_group_rule.cluster",
            "module.base.module.cluster.aws_security_group_rule.node",
            "module.base.module.cluster.data.aws_iam_policy_document.assume_role_policy",
            "module.base.module.cluster.data.aws_iam_session_context.current",
            "module.base.module.cluster.data.aws_partition.current",
            "module.base.module.cluster.module.kms.aws_kms_external_key.this",
            "module.base.module.cluster.module.kms.aws_kms_key.this",
            "module.base.module.cluster.module.kms.data.aws_caller_identity.current",
            "module.base.module.cluster.module.kms.data.aws_iam_policy_document.this",
            "module.base.module.cluster.module.kms.data.aws_partition.current",
            "module.base.module.vpc.aws_subnet.private",
            "module.base.module.vpc.aws_vpc.this",
            "module.base.module.vpc.aws_vpc_ipv4_cidr_block_association.this",
            "module.config.data.aws_caller_identity.current",
            "module.config.kubernetes_service_account.load_balancer_controller"
          ]
        }
      ]
    },
    {
      "module": "module.config",
      "mode": "managed",
      "type": "kubernetes_service_account",
      "name": "load_balancer_controller",
      "provider": "module.config.provider[\"registry.terraform.io/hashicorp/kubernetes\"]",
      "instances": [
        {
          "schema_version": 0,
          "attributes": {
            "automount_service_account_token": true,
            "default_secret_name": "",
            "id": "kube-system/aws-load-balancer-controller",
            "image_pull_secret": [],
            "metadata": [
              {
                "annotations": {
                  "eks.amazonaws.com/role-arn": "arn:aws:iam::324005994172:role/load-balancer-controller"
                },
                "generate_name": "",
                "generation": 0,
                "labels": {
                  "app.kubernetes.io/component": "controller",
                  "app.kubernetes.io/name": "aws-load-balancer-controller"
                },
                "name": "aws-load-balancer-controller",
                "namespace": "kube-system",
                "resource_version": "882",
                "uid": "4b5089c1-7951-4a42-885d-c3f887ab2cf7"
              }
            ],
            "secret": [],
            "timeouts": null
          },
          "sensitive_attributes": [],
          "private": "eyJlMmJmYjczMC1lY2FhLTExZTYtOGY4OC0zNDM2M2JjN2M0YzAiOnsiY3JlYXRlIjozMDAwMDAwMDAwMH19",
          "dependencies": [
            "module.base.aws_security_group.alb",
            "module.base.data.aws_availability_zones.available_azs",
            "module.base.module.cluster.aws_cloudwatch_log_group.this",
            "module.base.module.cluster.aws_eks_cluster.this",
            "module.base.module.cluster.aws_iam_policy.cni_ipv6_policy",
            "module.base.module.cluster.aws_iam_role.this",
            "module.base.module.cluster.aws_iam_role_policy_attachment.this",
            "module.base.module.cluster.aws_security_group.cluster",
            "module.base.module.cluster.aws_security_group.node",
            "module.base.module.cluster.aws_security_group_rule.cluster",
            "module.base.module.cluster.aws_security_group_rule.node",
            "module.base.module.cluster.data.aws_iam_policy_document.assume_role_policy",
            "module.base.module.cluster.data.aws_iam_session_context.current",
            "module.base.module.cluster.data.aws_partition.current",
            "module.base.module.cluster.module.kms.aws_kms_external_key.this",
            "module.base.module.cluster.module.kms.aws_kms_key.this",
            "module.base.module.cluster.module.kms.data.aws_caller_identity.current",
            "module.base.module.cluster.module.kms.data.aws_iam_policy_document.this",
            "module.base.module.cluster.module.kms.data.aws_partition.current",
            "module.base.module.vpc.aws_subnet.private",
            "module.base.module.vpc.aws_vpc.this",
            "module.base.module.vpc.aws_vpc_ipv4_cidr_block_association.this",
            "module.config.data.aws_caller_identity.current"
          ]
        }
      ]
    },
    {
      "module": "module.config",
      "mode": "managed",
      "type": "time_sleep",
      "name": "wait",
      "provider": "provider[\"registry.terraform.io/hashicorp/time\"]",
      "instances": [
        {
          "schema_version": 0,
          "attributes": {
            "create_duration": "180s",
            "destroy_duration": null,
            "id": "2023-07-03T11:57:24Z",
            "triggers": {
              "cluster_endpoint": "https://8DAF3A8C157CFB6B785FC79B58795859.gr7.us-east-1.eks.amazonaws.com"
            }
          },
          "sensitive_attributes": [],
          "dependencies": [
            "module.base.aws_security_group.alb",
            "module.base.data.aws_availability_zones.available_azs",
            "module.base.module.cluster.aws_cloudwatch_log_group.this",
            "module.base.module.cluster.aws_eks_cluster.this",
            "module.base.module.cluster.aws_iam_policy.cni_ipv6_policy",
            "module.base.module.cluster.aws_iam_role.this",
            "module.base.module.cluster.aws_iam_role_policy_attachment.this",
            "module.base.module.cluster.aws_security_group.cluster",
            "module.base.module.cluster.aws_security_group.node",
            "module.base.module.cluster.aws_security_group_rule.cluster",
            "module.base.module.cluster.aws_security_group_rule.node",
            "module.base.module.cluster.data.aws_iam_policy_document.assume_role_policy",
            "module.base.module.cluster.data.aws_iam_session_context.current",
            "module.base.module.cluster.data.aws_partition.current",
            "module.base.module.cluster.module.kms.aws_kms_external_key.this",
            "module.base.module.cluster.module.kms.aws_kms_key.this",
            "module.base.module.cluster.module.kms.data.aws_caller_identity.current",
            "module.base.module.cluster.module.kms.data.aws_iam_policy_document.this",
            "module.base.module.cluster.module.kms.data.aws_partition.current",
            "module.base.module.vpc.aws_subnet.private",
            "module.base.module.vpc.aws_vpc.this",
            "module.base.module.vpc.aws_vpc_ipv4_cidr_block_association.this"
          ]
        }
      ]
    }
  ],
  "check_results": null
}
